// !$*UTF8*$!
{
	archiveVersion = 1;
	classes = {
	};
	objectVersion = 46;
	objects = {

/* Begin PBXBuildFile section */
		C60B695B1B61C6F200190140 /* Connection.m in Sources */ = {isa = PBXBuildFile; fileRef = C60B695A1B61C6F200190140 /* Connection.m */; };
		C60B695C1B61C6F200190140 /* Connection.m in Sources */ = {isa = PBXBuildFile; fileRef = C60B695A1B61C6F200190140 /* Connection.m */; };
		C60B695D1B61C6F200190140 /* Connection.m in Sources */ = {isa = PBXBuildFile; fileRef = C60B695A1B61C6F200190140 /* Connection.m */; };
		C61EEFC91B6AF6D30012DA3D /* MSHomePageViewTest.swift in Sources */ = {isa = PBXBuildFile; fileRef = C61EEFC81B6AF6D30012DA3D /* MSHomePageViewTest.swift */; };
		C61EEFCE1B6AF9F00012DA3D /* MSTwitterTabTests.m in Sources */ = {isa = PBXBuildFile; fileRef = C61EEFCD1B6AF9F00012DA3D /* MSTwitterTabTests.m */; };
		C62B04161B7FA85C00613EA9 /* MansbrideSummitpresents.jpg in Resources */ = {isa = PBXBuildFile; fileRef = C62B04151B7FA85C00613EA9 /* MansbrideSummitpresents.jpg */; };
		C62B04171B7FA85C00613EA9 /* MansbrideSummitpresents.jpg in Resources */ = {isa = PBXBuildFile; fileRef = C62B04151B7FA85C00613EA9 /* MansbrideSummitpresents.jpg */; };
		C62B04181B7FA85C00613EA9 /* MansbrideSummitpresents.jpg in Resources */ = {isa = PBXBuildFile; fileRef = C62B04151B7FA85C00613EA9 /* MansbrideSummitpresents.jpg */; };
		C63580E61B7FE8D000BDE559 /* Dots.swift in Sources */ = {isa = PBXBuildFile; fileRef = C63580E51B7FE8D000BDE559 /* Dots.swift */; };
		C63580E71B7FE8D000BDE559 /* Dots.swift in Sources */ = {isa = PBXBuildFile; fileRef = C63580E51B7FE8D000BDE559 /* Dots.swift */; };
		C63580E81B7FE8D000BDE559 /* Dots.swift in Sources */ = {isa = PBXBuildFile; fileRef = C63580E51B7FE8D000BDE559 /* Dots.swift */; };
		C64FD5C71B59A61A00AE8EA6 /* test_schedule2.json in Resources */ = {isa = PBXBuildFile; fileRef = C64FD5C61B59A61A00AE8EA6 /* test_schedule2.json */; };
		C64FD5C81B59A61A00AE8EA6 /* test_schedule2.json in Resources */ = {isa = PBXBuildFile; fileRef = C64FD5C61B59A61A00AE8EA6 /* test_schedule2.json */; };
		C64FD5C91B59A61A00AE8EA6 /* test_schedule2.json in Resources */ = {isa = PBXBuildFile; fileRef = C64FD5C61B59A61A00AE8EA6 /* test_schedule2.json */; };
		C651A8BB1BCDBCBD00B1F72C /* Crashlytics.framework in Frameworks */ = {isa = PBXBuildFile; fileRef = C651A8BA1BCDBCBD00B1F72C /* Crashlytics.framework */; settings = {ASSET_TAGS = (); }; };
		C651A8BD1BCDC0E500B1F72C /* steve.png in Resources */ = {isa = PBXBuildFile; fileRef = C651A8BC1BCDC0E500B1F72C /* steve.png */; settings = {ASSET_TAGS = (); }; };
		C651A8BE1BCDC0E500B1F72C /* steve.png in Resources */ = {isa = PBXBuildFile; fileRef = C651A8BC1BCDC0E500B1F72C /* steve.png */; settings = {ASSET_TAGS = (); }; };
		C651A8BF1BCDC0E500B1F72C /* steve.png in Resources */ = {isa = PBXBuildFile; fileRef = C651A8BC1BCDC0E500B1F72C /* steve.png */; settings = {ASSET_TAGS = (); }; };
		C654C7751BCDCD400060D0B3 /* tmp_twitter_tanks.png in Resources */ = {isa = PBXBuildFile; fileRef = C654C7741BCDCD400060D0B3 /* tmp_twitter_tanks.png */; settings = {ASSET_TAGS = (); }; };
		C654C7761BCDCD400060D0B3 /* tmp_twitter_tanks.png in Resources */ = {isa = PBXBuildFile; fileRef = C654C7741BCDCD400060D0B3 /* tmp_twitter_tanks.png */; settings = {ASSET_TAGS = (); }; };
		C654C7771BCDCD400060D0B3 /* tmp_twitter_tanks.png in Resources */ = {isa = PBXBuildFile; fileRef = C654C7741BCDCD400060D0B3 /* tmp_twitter_tanks.png */; settings = {ASSET_TAGS = (); }; };
		C65BE8E41B631FE4008C064D /* TwitterController.m in Sources */ = {isa = PBXBuildFile; fileRef = C65BE8E31B631FE4008C064D /* TwitterController.m */; };
		C65BE8E51B631FE4008C064D /* TwitterController.m in Sources */ = {isa = PBXBuildFile; fileRef = C65BE8E31B631FE4008C064D /* TwitterController.m */; };
		C65BE8E61B631FE4008C064D /* TwitterController.m in Sources */ = {isa = PBXBuildFile; fileRef = C65BE8E31B631FE4008C064D /* TwitterController.m */; };
		C664DE731B57254800CFB209 /* Reachability.m in Sources */ = {isa = PBXBuildFile; fileRef = C664DE721B57254800CFB209 /* Reachability.m */; };
		C664DE741B57254800CFB209 /* Reachability.m in Sources */ = {isa = PBXBuildFile; fileRef = C664DE721B57254800CFB209 /* Reachability.m */; };
		C664DE751B57254800CFB209 /* Reachability.m in Sources */ = {isa = PBXBuildFile; fileRef = C664DE721B57254800CFB209 /* Reachability.m */; };
		C677E7A31B80FE27001DF097 /* MTALiveLogo.png in Resources */ = {isa = PBXBuildFile; fileRef = C677E7A21B80FE27001DF097 /* MTALiveLogo.png */; };
		C677E7A41B80FE27001DF097 /* MTALiveLogo.png in Resources */ = {isa = PBXBuildFile; fileRef = C677E7A21B80FE27001DF097 /* MTALiveLogo.png */; };
		C677E7A51B80FE27001DF097 /* MTALiveLogo.png in Resources */ = {isa = PBXBuildFile; fileRef = C677E7A21B80FE27001DF097 /* MTALiveLogo.png */; };
		C677E7A71B8102BC001DF097 /* speakers_test.json in Resources */ = {isa = PBXBuildFile; fileRef = C677E7A61B8102BC001DF097 /* speakers_test.json */; };
		C677E7A81B8102BC001DF097 /* speakers_test.json in Resources */ = {isa = PBXBuildFile; fileRef = C677E7A61B8102BC001DF097 /* speakers_test.json */; };
		C677E7A91B8102BC001DF097 /* speakers_test.json in Resources */ = {isa = PBXBuildFile; fileRef = C677E7A61B8102BC001DF097 /* speakers_test.json */; };
		C677E7BF1B811840001DF097 /* rhonda.png in Resources */ = {isa = PBXBuildFile; fileRef = C677E7BB1B811840001DF097 /* rhonda.png */; };
		C677E7C01B811840001DF097 /* rhonda.png in Resources */ = {isa = PBXBuildFile; fileRef = C677E7BB1B811840001DF097 /* rhonda.png */; };
		C677E7C11B811840001DF097 /* rhonda.png in Resources */ = {isa = PBXBuildFile; fileRef = C677E7BB1B811840001DF097 /* rhonda.png */; };
		C67926AB1B4DC91B00EA86B4 /* test_schedule.json in Resources */ = {isa = PBXBuildFile; fileRef = C6E163321B481C5000942749 /* test_schedule.json */; };
		C67926AE1B4DC94100EA86B4 /* LaunchScreen.storyboard in Resources */ = {isa = PBXBuildFile; fileRef = C6CFD05E1B45EDA90067A6AD /* LaunchScreen.storyboard */; };
		C67926AF1B4DC94100EA86B4 /* TabBarIcons.xcassets in Resources */ = {isa = PBXBuildFile; fileRef = C6CFD05C1B45EDA90067A6AD /* TabBarIcons.xcassets */; };
		C67926B21B4DC94B00EA86B4 /* LaunchScreen.storyboard in Resources */ = {isa = PBXBuildFile; fileRef = C6CFD05E1B45EDA90067A6AD /* LaunchScreen.storyboard */; };
		C67926B31B4DC94B00EA86B4 /* TabBarIcons.xcassets in Resources */ = {isa = PBXBuildFile; fileRef = C6CFD05C1B45EDA90067A6AD /* TabBarIcons.xcassets */; };
		C67BD26D1B5F1597006356C2 /* SystemConfiguration.framework in Frameworks */ = {isa = PBXBuildFile; fileRef = C67BD26C1B5F1597006356C2 /* SystemConfiguration.framework */; };
		C67F0DB21B6977C20020B18C /* MSHomeModelController.swift in Sources */ = {isa = PBXBuildFile; fileRef = C67F0DB11B6977C20020B18C /* MSHomeModelController.swift */; };
		C67F0DB31B6977C20020B18C /* MSHomeModelController.swift in Sources */ = {isa = PBXBuildFile; fileRef = C67F0DB11B6977C20020B18C /* MSHomeModelController.swift */; };
		C67F0DB41B6977C20020B18C /* MSHomeModelController.swift in Sources */ = {isa = PBXBuildFile; fileRef = C67F0DB11B6977C20020B18C /* MSHomeModelController.swift */; };
		C67F0DBE1B699D7B0020B18C /* MSSpeakerScrollView.swift in Sources */ = {isa = PBXBuildFile; fileRef = C67F0DBD1B699D7B0020B18C /* MSSpeakerScrollView.swift */; };
		C67F0DBF1B699D7B0020B18C /* MSSpeakerScrollView.swift in Sources */ = {isa = PBXBuildFile; fileRef = C67F0DBD1B699D7B0020B18C /* MSSpeakerScrollView.swift */; };
		C67F0DC01B699D7B0020B18C /* MSSpeakerScrollView.swift in Sources */ = {isa = PBXBuildFile; fileRef = C67F0DBD1B699D7B0020B18C /* MSSpeakerScrollView.swift */; };
		C67F0DC11B69A4640020B18C /* MSHomeController.swift in Sources */ = {isa = PBXBuildFile; fileRef = F7581FB51B63218900406498 /* MSHomeController.swift */; };
		C67F0DC21B69A4640020B18C /* PageViewControllers.swift in Sources */ = {isa = PBXBuildFile; fileRef = F7581FB41B63218900406498 /* PageViewControllers.swift */; };
		C67F0DC31B69A46D0020B18C /* MSHomeController.swift in Sources */ = {isa = PBXBuildFile; fileRef = F7581FB51B63218900406498 /* MSHomeController.swift */; };
		C67F0DC41B69A46D0020B18C /* PageViewControllers.swift in Sources */ = {isa = PBXBuildFile; fileRef = F7581FB41B63218900406498 /* PageViewControllers.swift */; };
		C67F0DCF1B69B6130020B18C /* DataLoader.swift in Sources */ = {isa = PBXBuildFile; fileRef = C67F0DCE1B69B6130020B18C /* DataLoader.swift */; };
		C67F0DD01B69B6130020B18C /* DataLoader.swift in Sources */ = {isa = PBXBuildFile; fileRef = C67F0DCE1B69B6130020B18C /* DataLoader.swift */; };
		C67F0DD11B69B6130020B18C /* DataLoader.swift in Sources */ = {isa = PBXBuildFile; fileRef = C67F0DCE1B69B6130020B18C /* DataLoader.swift */; };
		C67F0DD31B69BC240020B18C /* MSSpeakerModel.swift in Sources */ = {isa = PBXBuildFile; fileRef = C67F0DD21B69BC240020B18C /* MSSpeakerModel.swift */; };
		C67F0DD41B69BC240020B18C /* MSSpeakerModel.swift in Sources */ = {isa = PBXBuildFile; fileRef = C67F0DD21B69BC240020B18C /* MSSpeakerModel.swift */; };
		C67F0DD51B69BC240020B18C /* MSSpeakerModel.swift in Sources */ = {isa = PBXBuildFile; fileRef = C67F0DD21B69BC240020B18C /* MSSpeakerModel.swift */; };
		C687DE881B6C184D0049BD84 /* YouTubePlayer.swift in Sources */ = {isa = PBXBuildFile; fileRef = C687DE871B6C184D0049BD84 /* YouTubePlayer.swift */; };
		C68956361B52AFBB006D188F /* Media.xcassets in Resources */ = {isa = PBXBuildFile; fileRef = C68956351B52AFBB006D188F /* Media.xcassets */; };
		C68956371B52AFBB006D188F /* Media.xcassets in Resources */ = {isa = PBXBuildFile; fileRef = C68956351B52AFBB006D188F /* Media.xcassets */; };
		C68956381B52AFBB006D188F /* Media.xcassets in Resources */ = {isa = PBXBuildFile; fileRef = C68956351B52AFBB006D188F /* Media.xcassets */; };
		C689563B1B52B399006D188F /* MSFrontPageView.swift in Sources */ = {isa = PBXBuildFile; fileRef = C689563A1B52B399006D188F /* MSFrontPageView.swift */; };
		C689563C1B52B399006D188F /* MSFrontPageView.swift in Sources */ = {isa = PBXBuildFile; fileRef = C689563A1B52B399006D188F /* MSFrontPageView.swift */; };
		C689563D1B52B399006D188F /* MSFrontPageView.swift in Sources */ = {isa = PBXBuildFile; fileRef = C689563A1B52B399006D188F /* MSFrontPageView.swift */; };
		C68A13881B5BCE7B003CE324 /* NetworkErrorXIB.xib in Resources */ = {isa = PBXBuildFile; fileRef = C68A13871B5BCE7B003CE324 /* NetworkErrorXIB.xib */; };
		C68A138A1B5BF1A2003CE324 /* MSProtocols.swift in Sources */ = {isa = PBXBuildFile; fileRef = C68A13891B5BF1A2003CE324 /* MSProtocols.swift */; };
		C68A138B1B5BF1A2003CE324 /* MSProtocols.swift in Sources */ = {isa = PBXBuildFile; fileRef = C68A13891B5BF1A2003CE324 /* MSProtocols.swift */; };
		C68A138C1B5BF1A2003CE324 /* MSProtocols.swift in Sources */ = {isa = PBXBuildFile; fileRef = C68A13891B5BF1A2003CE324 /* MSProtocols.swift */; };
		C69808E71B5D05D900164BC6 /* YouTubePlayer.swift in Sources */ = {isa = PBXBuildFile; fileRef = C69808E51B5D05D900164BC6 /* YouTubePlayer.swift */; };
		C69808E81B5D05D900164BC6 /* YouTubePlayer.swift in Sources */ = {isa = PBXBuildFile; fileRef = C69808E51B5D05D900164BC6 /* YouTubePlayer.swift */; };
		C69808EA1B5D05D900164BC6 /* YTPlayer.html in Resources */ = {isa = PBXBuildFile; fileRef = C69808E61B5D05D900164BC6 /* YTPlayer.html */; };
		C69808EB1B5D05D900164BC6 /* YTPlayer.html in Resources */ = {isa = PBXBuildFile; fileRef = C69808E61B5D05D900164BC6 /* YTPlayer.html */; };
		C69808EC1B5D05D900164BC6 /* YTPlayer.html in Resources */ = {isa = PBXBuildFile; fileRef = C69808E61B5D05D900164BC6 /* YTPlayer.html */; };
		C69BCCD01B6AEE0E0027ACE7 /* MSHomePage.swift in Sources */ = {isa = PBXBuildFile; fileRef = C69BCCCF1B6AEE0E0027ACE7 /* MSHomePage.swift */; };
		C69E4A581B4608C500BD981C /* MSRegisterTabController.swift in Sources */ = {isa = PBXBuildFile; fileRef = C69E4A571B4608C500BD981C /* MSRegisterTabController.swift */; };
		C69E4A591B4608C500BD981C /* MSRegisterTabController.swift in Sources */ = {isa = PBXBuildFile; fileRef = C69E4A571B4608C500BD981C /* MSRegisterTabController.swift */; };
		C69E4A5A1B4608C500BD981C /* MSRegisterTabController.swift in Sources */ = {isa = PBXBuildFile; fileRef = C69E4A571B4608C500BD981C /* MSRegisterTabController.swift */; };
		C69E4A5C1B46090E00BD981C /* MSQRCodeTabController.swift in Sources */ = {isa = PBXBuildFile; fileRef = C69E4A5B1B46090E00BD981C /* MSQRCodeTabController.swift */; };
		C69E4A5D1B46090E00BD981C /* MSQRCodeTabController.swift in Sources */ = {isa = PBXBuildFile; fileRef = C69E4A5B1B46090E00BD981C /* MSQRCodeTabController.swift */; };
		C69E4A5E1B46090E00BD981C /* MSQRCodeTabController.swift in Sources */ = {isa = PBXBuildFile; fileRef = C69E4A5B1B46090E00BD981C /* MSQRCodeTabController.swift */; };
		C6A0D97C1B59FD9200C8172D /* AppDelegate.swift in Sources */ = {isa = PBXBuildFile; fileRef = C6CFD0531B45EDA90067A6AD /* AppDelegate.swift */; };
		C6A0D9851B59FD9A00C8172D /* AppDelegate.swift in Sources */ = {isa = PBXBuildFile; fileRef = C6CFD0531B45EDA90067A6AD /* AppDelegate.swift */; };
		C6A0D9871B59FE7C00C8172D /* MScheduleTableViewTests.swift in Sources */ = {isa = PBXBuildFile; fileRef = C67926BB1B4DD2A100EA86B4 /* MScheduleTableViewTests.swift */; };
		C6A0D9891B59FE7C00C8172D /* ExtensionsTests.swift in Sources */ = {isa = PBXBuildFile; fileRef = C6D9E9951B477D6E00249DA4 /* ExtensionsTests.swift */; };
		C6A0D98E1B59FF0400C8172D /* MSScheduleTests.swift in Sources */ = {isa = PBXBuildFile; fileRef = C67926A91B4DC36900EA86B4 /* MSScheduleTests.swift */; };
		C6A0D98F1B59FF0400C8172D /* MansbridgeSummitUITests.swift in Sources */ = {isa = PBXBuildFile; fileRef = C6CFD0751B45EDA90067A6AD /* MansbridgeSummitUITests.swift */; };
		C6B0A6C51B6B00760048518E /* SystemConfiguration.framework in Frameworks */ = {isa = PBXBuildFile; fileRef = C67BD26C1B5F1597006356C2 /* SystemConfiguration.framework */; };
		C6B0A6C81B6B00930048518E /* SystemConfiguration.framework in Frameworks */ = {isa = PBXBuildFile; fileRef = C67BD26C1B5F1597006356C2 /* SystemConfiguration.framework */; };
		C6C00A6C1B45F3B300709992 /* MSTabBarController.swift in Sources */ = {isa = PBXBuildFile; fileRef = C6C00A6A1B45F3B300709992 /* MSTabBarController.swift */; };
		C6C00A6D1B45F3B300709992 /* MSTabBarController.swift in Sources */ = {isa = PBXBuildFile; fileRef = C6C00A6A1B45F3B300709992 /* MSTabBarController.swift */; };
		C6CFD0541B45EDA90067A6AD /* AppDelegate.swift in Sources */ = {isa = PBXBuildFile; fileRef = C6CFD0531B45EDA90067A6AD /* AppDelegate.swift */; };
		C6CFD05B1B45EDA90067A6AD /* Main.storyboard in Resources */ = {isa = PBXBuildFile; fileRef = C6CFD0591B45EDA90067A6AD /* Main.storyboard */; };
		C6CFD05D1B45EDA90067A6AD /* TabBarIcons.xcassets in Resources */ = {isa = PBXBuildFile; fileRef = C6CFD05C1B45EDA90067A6AD /* TabBarIcons.xcassets */; };
		C6CFD0601B45EDA90067A6AD /* LaunchScreen.storyboard in Resources */ = {isa = PBXBuildFile; fileRef = C6CFD05E1B45EDA90067A6AD /* LaunchScreen.storyboard */; };
		C6D9E9611B474F1000249DA4 /* Main.storyboard in Resources */ = {isa = PBXBuildFile; fileRef = C6CFD0591B45EDA90067A6AD /* Main.storyboard */; };
		C6D9E9621B474F1100249DA4 /* Main.storyboard in Resources */ = {isa = PBXBuildFile; fileRef = C6CFD0591B45EDA90067A6AD /* Main.storyboard */; };
		C6D9E9641B475BCD00249DA4 /* Extensions.swift in Sources */ = {isa = PBXBuildFile; fileRef = C6D9E9631B475BCD00249DA4 /* Extensions.swift */; };
		C6D9E9651B475BCD00249DA4 /* Extensions.swift in Sources */ = {isa = PBXBuildFile; fileRef = C6D9E9631B475BCD00249DA4 /* Extensions.swift */; };
		C6D9E9661B475BCD00249DA4 /* Extensions.swift in Sources */ = {isa = PBXBuildFile; fileRef = C6D9E9631B475BCD00249DA4 /* Extensions.swift */; };
		C6D9E9681B475E2D00249DA4 /* Constants.swift in Sources */ = {isa = PBXBuildFile; fileRef = C6D9E9671B475E2D00249DA4 /* Constants.swift */; };
		C6D9E9691B475E2D00249DA4 /* Constants.swift in Sources */ = {isa = PBXBuildFile; fileRef = C6D9E9671B475E2D00249DA4 /* Constants.swift */; };
		C6D9E96A1B475E2D00249DA4 /* Constants.swift in Sources */ = {isa = PBXBuildFile; fileRef = C6D9E9671B475E2D00249DA4 /* Constants.swift */; };
		C6D9E9771B4774CB00249DA4 /* AppleGaramond-Bold.ttf in Resources */ = {isa = PBXBuildFile; fileRef = C6D9E9711B4774CB00249DA4 /* AppleGaramond-Bold.ttf */; };
		C6D9E9781B4774CB00249DA4 /* AppleGaramond-Bold.ttf in Resources */ = {isa = PBXBuildFile; fileRef = C6D9E9711B4774CB00249DA4 /* AppleGaramond-Bold.ttf */; };
		C6D9E9791B4774CB00249DA4 /* AppleGaramond-Bold.ttf in Resources */ = {isa = PBXBuildFile; fileRef = C6D9E9711B4774CB00249DA4 /* AppleGaramond-Bold.ttf */; };
		C6D9E9861B4774CB00249DA4 /* AppleGaramond.ttf in Resources */ = {isa = PBXBuildFile; fileRef = C6D9E9761B4774CB00249DA4 /* AppleGaramond.ttf */; };
		C6D9E9871B4774CB00249DA4 /* AppleGaramond.ttf in Resources */ = {isa = PBXBuildFile; fileRef = C6D9E9761B4774CB00249DA4 /* AppleGaramond.ttf */; };
		C6D9E9881B4774CB00249DA4 /* AppleGaramond.ttf in Resources */ = {isa = PBXBuildFile; fileRef = C6D9E9761B4774CB00249DA4 /* AppleGaramond.ttf */; };
		C6D9E98D1B4778A400249DA4 /* MyriadPro-Bold.otf in Resources */ = {isa = PBXBuildFile; fileRef = C6D9E98B1B4778A400249DA4 /* MyriadPro-Bold.otf */; };
		C6D9E98E1B4778A400249DA4 /* MyriadPro-Bold.otf in Resources */ = {isa = PBXBuildFile; fileRef = C6D9E98B1B4778A400249DA4 /* MyriadPro-Bold.otf */; };
		C6D9E98F1B4778A400249DA4 /* MyriadPro-Bold.otf in Resources */ = {isa = PBXBuildFile; fileRef = C6D9E98B1B4778A400249DA4 /* MyriadPro-Bold.otf */; };
		C6D9E9901B4778A400249DA4 /* MyriadPro-Regular.otf in Resources */ = {isa = PBXBuildFile; fileRef = C6D9E98C1B4778A400249DA4 /* MyriadPro-Regular.otf */; };
		C6D9E9911B4778A400249DA4 /* MyriadPro-Regular.otf in Resources */ = {isa = PBXBuildFile; fileRef = C6D9E98C1B4778A400249DA4 /* MyriadPro-Regular.otf */; };
		C6D9E9921B4778A400249DA4 /* MyriadPro-Regular.otf in Resources */ = {isa = PBXBuildFile; fileRef = C6D9E98C1B4778A400249DA4 /* MyriadPro-Regular.otf */; };
		C6D9E9941B477C3300249DA4 /* ConstantsTests.swift in Sources */ = {isa = PBXBuildFile; fileRef = C6D9E9931B477C3300249DA4 /* ConstantsTests.swift */; };
		C6E1632A1B48137900942749 /* MSScheduleTableControllerTests.swift in Sources */ = {isa = PBXBuildFile; fileRef = C6E163291B48137900942749 /* MSScheduleTableControllerTests.swift */; };
		C6E1632C1B4814EC00942749 /* MSScheduleCellViewTests.swift in Sources */ = {isa = PBXBuildFile; fileRef = C6E1632B1B4814EC00942749 /* MSScheduleCellViewTests.swift */; };
		C6E1632E1B481AE600942749 /* MSScheduleModels.swift in Sources */ = {isa = PBXBuildFile; fileRef = C6E1632D1B481AE600942749 /* MSScheduleModels.swift */; };
		C6E1632F1B481AE600942749 /* MSScheduleModels.swift in Sources */ = {isa = PBXBuildFile; fileRef = C6E1632D1B481AE600942749 /* MSScheduleModels.swift */; };
		C6E163301B481AE600942749 /* MSScheduleModels.swift in Sources */ = {isa = PBXBuildFile; fileRef = C6E1632D1B481AE600942749 /* MSScheduleModels.swift */; };
		C6E163331B481C5000942749 /* test_schedule.json in Resources */ = {isa = PBXBuildFile; fileRef = C6E163321B481C5000942749 /* test_schedule.json */; };
		C6E163341B481C5000942749 /* test_schedule.json in Resources */ = {isa = PBXBuildFile; fileRef = C6E163321B481C5000942749 /* test_schedule.json */; };
		C6E163391B48296600942749 /* SwiftyJSON.swift in Sources */ = {isa = PBXBuildFile; fileRef = C6E163381B48296600942749 /* SwiftyJSON.swift */; };
		C6E1633A1B48296600942749 /* SwiftyJSON.swift in Sources */ = {isa = PBXBuildFile; fileRef = C6E163381B48296600942749 /* SwiftyJSON.swift */; };
		C6E1633B1B48296600942749 /* SwiftyJSON.swift in Sources */ = {isa = PBXBuildFile; fileRef = C6E163381B48296600942749 /* SwiftyJSON.swift */; };
		C6E1633D1B482A7200942749 /* MSScheduleJsonFileTests.swift in Sources */ = {isa = PBXBuildFile; fileRef = C6E1633C1B482A7200942749 /* MSScheduleJsonFileTests.swift */; };
		C6E9E5391B5F06A90037C617 /* RegisterPageGeneralTests.swift in Sources */ = {isa = PBXBuildFile; fileRef = C6E9E5381B5F06A90037C617 /* RegisterPageGeneralTests.swift */; };
		F73870131BA8DAB500A5F241 /* mike_macmillan.png in Resources */ = {isa = PBXBuildFile; fileRef = F73870111BA8DAB500A5F241 /* mike_macmillan.png */; settings = {ASSET_TAGS = (); }; };
		F73870141BA8DAB500A5F241 /* molly_shoichet.png in Resources */ = {isa = PBXBuildFile; fileRef = F73870121BA8DAB500A5F241 /* molly_shoichet.png */; settings = {ASSET_TAGS = (); }; };
		F74C1A221B5967C500F09002 /* Accounts.framework in Frameworks */ = {isa = PBXBuildFile; fileRef = F74C1A211B5967C500F09002 /* Accounts.framework */; };
		F74C1A241B5967CA00F09002 /* Social.framework in Frameworks */ = {isa = PBXBuildFile; fileRef = F74C1A231B5967CA00F09002 /* Social.framework */; };
		F74C1A261B5967CF00F09002 /* Twitter.framework in Frameworks */ = {isa = PBXBuildFile; fileRef = F74C1A251B5967CF00F09002 /* Twitter.framework */; };
		F7581FB61B63218900406498 /* PageViewControllers.swift in Sources */ = {isa = PBXBuildFile; fileRef = F7581FB41B63218900406498 /* PageViewControllers.swift */; };
		F7581FB71B63218900406498 /* MSHomeController.swift in Sources */ = {isa = PBXBuildFile; fileRef = F7581FB51B63218900406498 /* MSHomeController.swift */; };
		F76F3BD51B61E0D90068C41C /* QR Code-25.png in Resources */ = {isa = PBXBuildFile; fileRef = F76F3BD21B61E0D90068C41C /* QR Code-25.png */; };
		F76F3BD61B61E0D90068C41C /* QR Code-25.png in Resources */ = {isa = PBXBuildFile; fileRef = F76F3BD21B61E0D90068C41C /* QR Code-25.png */; };
		F76F3BD71B61E0D90068C41C /* QR Code-25.png in Resources */ = {isa = PBXBuildFile; fileRef = F76F3BD21B61E0D90068C41C /* QR Code-25.png */; };
		F76F3BD81B61E0D90068C41C /* QR Code-50.png in Resources */ = {isa = PBXBuildFile; fileRef = F76F3BD31B61E0D90068C41C /* QR Code-50.png */; };
		F76F3BD91B61E0D90068C41C /* QR Code-50.png in Resources */ = {isa = PBXBuildFile; fileRef = F76F3BD31B61E0D90068C41C /* QR Code-50.png */; };
		F76F3BDA1B61E0D90068C41C /* QR Code-50.png in Resources */ = {isa = PBXBuildFile; fileRef = F76F3BD31B61E0D90068C41C /* QR Code-50.png */; };
		F76F3BDB1B61E0D90068C41C /* QR Code-75.png in Resources */ = {isa = PBXBuildFile; fileRef = F76F3BD41B61E0D90068C41C /* QR Code-75.png */; };
		F76F3BDC1B61E0D90068C41C /* QR Code-75.png in Resources */ = {isa = PBXBuildFile; fileRef = F76F3BD41B61E0D90068C41C /* QR Code-75.png */; };
		F76F3BDD1B61E0D90068C41C /* QR Code-75.png in Resources */ = {isa = PBXBuildFile; fileRef = F76F3BD41B61E0D90068C41C /* QR Code-75.png */; };
		F79184C61B5A7DF300EFF287 /* Twitter.framework in Frameworks */ = {isa = PBXBuildFile; fileRef = F74C1A251B5967CF00F09002 /* Twitter.framework */; };
		F79184C71B5A7DF300EFF287 /* Twitter.framework in Frameworks */ = {isa = PBXBuildFile; fileRef = F74C1A251B5967CF00F09002 /* Twitter.framework */; };
		F79184C81B5A7DF600EFF287 /* Social.framework in Frameworks */ = {isa = PBXBuildFile; fileRef = F74C1A231B5967CA00F09002 /* Social.framework */; };
		F79184C91B5A7DF600EFF287 /* Social.framework in Frameworks */ = {isa = PBXBuildFile; fileRef = F74C1A231B5967CA00F09002 /* Social.framework */; };
		F79184CA1B5A7DF900EFF287 /* Accounts.framework in Frameworks */ = {isa = PBXBuildFile; fileRef = F74C1A211B5967C500F09002 /* Accounts.framework */; };
		F79184CB1B5A7DF900EFF287 /* Accounts.framework in Frameworks */ = {isa = PBXBuildFile; fileRef = F74C1A211B5967C500F09002 /* Accounts.framework */; };
		F79184FB1B5A839600EFF287 /* Fabric.framework in Frameworks */ = {isa = PBXBuildFile; fileRef = F79184F71B5A839600EFF287 /* Fabric.framework */; };
		F79184FC1B5A839600EFF287 /* Fabric.framework in Frameworks */ = {isa = PBXBuildFile; fileRef = F79184F71B5A839600EFF287 /* Fabric.framework */; };
		F79184FD1B5A839600EFF287 /* Fabric.framework in Frameworks */ = {isa = PBXBuildFile; fileRef = F79184F71B5A839600EFF287 /* Fabric.framework */; };
		F79184FE1B5A839600EFF287 /* TwitterKit.framework in Frameworks */ = {isa = PBXBuildFile; fileRef = F79184F81B5A839600EFF287 /* TwitterKit.framework */; };
		F79184FF1B5A839600EFF287 /* TwitterKit.framework in Frameworks */ = {isa = PBXBuildFile; fileRef = F79184F81B5A839600EFF287 /* TwitterKit.framework */; };
		F79185001B5A839600EFF287 /* TwitterKit.framework in Frameworks */ = {isa = PBXBuildFile; fileRef = F79184F81B5A839600EFF287 /* TwitterKit.framework */; };
		F79185011B5A839600EFF287 /* TwitterKitResources.bundle in Resources */ = {isa = PBXBuildFile; fileRef = F79184F91B5A839600EFF287 /* TwitterKitResources.bundle */; };
		F79185021B5A839600EFF287 /* TwitterKitResources.bundle in Resources */ = {isa = PBXBuildFile; fileRef = F79184F91B5A839600EFF287 /* TwitterKitResources.bundle */; };
		F79185031B5A839600EFF287 /* TwitterKitResources.bundle in Resources */ = {isa = PBXBuildFile; fileRef = F79184F91B5A839600EFF287 /* TwitterKitResources.bundle */; };
		F79185041B5A839600EFF287 /* TwitterCore.framework in Frameworks */ = {isa = PBXBuildFile; fileRef = F79184FA1B5A839600EFF287 /* TwitterCore.framework */; };
		F79185051B5A839600EFF287 /* TwitterCore.framework in Frameworks */ = {isa = PBXBuildFile; fileRef = F79184FA1B5A839600EFF287 /* TwitterCore.framework */; };
		F79185061B5A839600EFF287 /* TwitterCore.framework in Frameworks */ = {isa = PBXBuildFile; fileRef = F79184FA1B5A839600EFF287 /* TwitterCore.framework */; };
		F7B36B891BCDD6DD00E41141 /* steveCropped.png in Resources */ = {isa = PBXBuildFile; fileRef = F7B36B881BCDD6DD00E41141 /* steveCropped.png */; settings = {ASSET_TAGS = (); }; };
		F7B9F4F41B890E0400D5FBE4 /* mountains.png in Resources */ = {isa = PBXBuildFile; fileRef = F7B9F4F31B890E0400D5FBE4 /* mountains.png */; };
		F7B9F4F61B89124900D5FBE4 /* Mount_Allison_Logo2.jpg in Resources */ = {isa = PBXBuildFile; fileRef = F7B9F4F51B89124900D5FBE4 /* Mount_Allison_Logo2.jpg */; };
		F7CF77D71B5B2F5900013CF0 /* Calendar-25.png in Resources */ = {isa = PBXBuildFile; fileRef = F7CF77C81B5B2F5900013CF0 /* Calendar-25.png */; };
		F7CF77D81B5B2F5900013CF0 /* Calendar-50.png in Resources */ = {isa = PBXBuildFile; fileRef = F7CF77C91B5B2F5900013CF0 /* Calendar-50.png */; };
		F7CF77D91B5B2F5900013CF0 /* Calendar-75.png in Resources */ = {isa = PBXBuildFile; fileRef = F7CF77CA1B5B2F5900013CF0 /* Calendar-75.png */; };
		F7CF77DA1B5B2F5900013CF0 /* Home-25.png in Resources */ = {isa = PBXBuildFile; fileRef = F7CF77CB1B5B2F5900013CF0 /* Home-25.png */; };
		F7CF77DB1B5B2F5900013CF0 /* Home-50.png in Resources */ = {isa = PBXBuildFile; fileRef = F7CF77CC1B5B2F5900013CF0 /* Home-50.png */; };
		F7CF77DC1B5B2F5900013CF0 /* Home-75.png in Resources */ = {isa = PBXBuildFile; fileRef = F7CF77CD1B5B2F5900013CF0 /* Home-75.png */; };
		F7CF77DD1B5B2F5900013CF0 /* Pencil-25.png in Resources */ = {isa = PBXBuildFile; fileRef = F7CF77CE1B5B2F5900013CF0 /* Pencil-25.png */; };
		F7CF77DE1B5B2F5900013CF0 /* Pencil-50.png in Resources */ = {isa = PBXBuildFile; fileRef = F7CF77CF1B5B2F5900013CF0 /* Pencil-50.png */; };
		F7CF77DF1B5B2F5900013CF0 /* Pencil-75.png in Resources */ = {isa = PBXBuildFile; fileRef = F7CF77D01B5B2F5900013CF0 /* Pencil-75.png */; };
		F7CF77E01B5B2F5900013CF0 /* Twitter-25.png in Resources */ = {isa = PBXBuildFile; fileRef = F7CF77D11B5B2F5900013CF0 /* Twitter-25.png */; };
		F7CF77E11B5B2F5900013CF0 /* Twitter-50.png in Resources */ = {isa = PBXBuildFile; fileRef = F7CF77D21B5B2F5900013CF0 /* Twitter-50.png */; };
		F7CF77E21B5B2F5900013CF0 /* Twitter-75.png in Resources */ = {isa = PBXBuildFile; fileRef = F7CF77D31B5B2F5900013CF0 /* Twitter-75.png */; };
		F7D1B8601B5C8E0900D34341 /* RegistrationSuccessXIB.xib in Resources */ = {isa = PBXBuildFile; fileRef = F7D1B85F1B5C8E0900D34341 /* RegistrationSuccessXIB.xib */; };
		F7D1B8611B5C8E1600D34341 /* NetworkErrorXIB.xib in Resources */ = {isa = PBXBuildFile; fileRef = C68A13871B5BCE7B003CE324 /* NetworkErrorXIB.xib */; };
		F7D1B8621B5C8E1600D34341 /* NetworkErrorXIB.xib in Resources */ = {isa = PBXBuildFile; fileRef = C68A13871B5BCE7B003CE324 /* NetworkErrorXIB.xib */; };
		F7D1B8631B5C8E1A00D34341 /* RegistrationSuccessXIB.xib in Resources */ = {isa = PBXBuildFile; fileRef = F7D1B85F1B5C8E0900D34341 /* RegistrationSuccessXIB.xib */; };
		F7D1B8641B5C8E1A00D34341 /* RegistrationSuccessXIB.xib in Resources */ = {isa = PBXBuildFile; fileRef = F7D1B85F1B5C8E0900D34341 /* RegistrationSuccessXIB.xib */; };
		F7D1B8661B5C8ED900D34341 /* checkmark.png in Resources */ = {isa = PBXBuildFile; fileRef = F7D1B8651B5C8ED900D34341 /* checkmark.png */; };
		F7E000481B72EA6000BF0839 /* icon76.png in Resources */ = {isa = PBXBuildFile; fileRef = F7E000441B72EA6000BF0839 /* icon76.png */; };
		F7E000491B72EA6000BF0839 /* icon120.png in Resources */ = {isa = PBXBuildFile; fileRef = F7E000451B72EA6000BF0839 /* icon120.png */; };
		F7E0004A1B72EA6000BF0839 /* icon152.png in Resources */ = {isa = PBXBuildFile; fileRef = F7E000461B72EA6000BF0839 /* icon152.png */; };
		F7E0004B1B72EA6000BF0839 /* icon180.png in Resources */ = {isa = PBXBuildFile; fileRef = F7E000471B72EA6000BF0839 /* icon180.png */; };
		F7E33DBC1B7D6B9000450A22 /* MSTwitterUITests.swift in Sources */ = {isa = PBXBuildFile; fileRef = F7E33DBB1B7D6B9000450A22 /* MSTwitterUITests.swift */; };
		F7E33DBF1B8003CA00450A22 /* MSScheduleUITableViewCell.swift in Sources */ = {isa = PBXBuildFile; fileRef = F7E33DBD1B8003CA00450A22 /* MSScheduleUITableViewCell.swift */; };
		F7E33DC01B8003CA00450A22 /* MSScheduleUITableViewController.swift in Sources */ = {isa = PBXBuildFile; fileRef = F7E33DBE1B8003CA00450A22 /* MSScheduleUITableViewController.swift */; };
		F7E33DC21B80F34D00450A22 /* MSTabBarController.swift in Sources */ = {isa = PBXBuildFile; fileRef = C6C00A6A1B45F3B300709992 /* MSTabBarController.swift */; };
		F7E33DC31B81548400450A22 /* MSScheduleUITableViewCell.swift in Sources */ = {isa = PBXBuildFile; fileRef = F7E33DBD1B8003CA00450A22 /* MSScheduleUITableViewCell.swift */; };
		F7E33DC41B81548400450A22 /* MSScheduleUITableViewCell.swift in Sources */ = {isa = PBXBuildFile; fileRef = F7E33DBD1B8003CA00450A22 /* MSScheduleUITableViewCell.swift */; };
		F7E33DC51B81548700450A22 /* MSScheduleUITableViewController.swift in Sources */ = {isa = PBXBuildFile; fileRef = F7E33DBE1B8003CA00450A22 /* MSScheduleUITableViewController.swift */; };
		F7E33DC61B81548700450A22 /* MSScheduleUITableViewController.swift in Sources */ = {isa = PBXBuildFile; fileRef = F7E33DBE1B8003CA00450A22 /* MSScheduleUITableViewController.swift */; };
/* End PBXBuildFile section */

/* Begin PBXContainerItemProxy section */
		C6CFD0671B45EDA90067A6AD /* PBXContainerItemProxy */ = {
			isa = PBXContainerItemProxy;
			containerPortal = C6CFD0481B45EDA90067A6AD /* Project object */;
			proxyType = 1;
			remoteGlobalIDString = C6CFD04F1B45EDA90067A6AD;
			remoteInfo = MansbridgeSummit;
		};
		C6CFD0721B45EDA90067A6AD /* PBXContainerItemProxy */ = {
			isa = PBXContainerItemProxy;
			containerPortal = C6CFD0481B45EDA90067A6AD /* Project object */;
			proxyType = 1;
			remoteGlobalIDString = C6CFD04F1B45EDA90067A6AD;
			remoteInfo = MansbridgeSummit;
		};
/* End PBXContainerItemProxy section */

/* Begin PBXFileReference section */
		C60B69591B61C6F200190140 /* Connection.h */ = {isa = PBXFileReference; fileEncoding = 4; lastKnownFileType = sourcecode.c.h; path = Connection.h; sourceTree = "<group>"; };
		C60B695A1B61C6F200190140 /* Connection.m */ = {isa = PBXFileReference; fileEncoding = 4; lastKnownFileType = sourcecode.c.objc; path = Connection.m; sourceTree = "<group>"; };
		C61EEFC81B6AF6D30012DA3D /* MSHomePageViewTest.swift */ = {isa = PBXFileReference; fileEncoding = 4; lastKnownFileType = sourcecode.swift; path = MSHomePageViewTest.swift; sourceTree = "<group>"; };
		C61EEFCD1B6AF9F00012DA3D /* MSTwitterTabTests.m */ = {isa = PBXFileReference; fileEncoding = 4; lastKnownFileType = sourcecode.c.objc; path = MSTwitterTabTests.m; sourceTree = "<group>"; };
		C62B04151B7FA85C00613EA9 /* MansbrideSummitpresents.jpg */ = {isa = PBXFileReference; lastKnownFileType = image.jpeg; path = MansbrideSummitpresents.jpg; sourceTree = "<group>"; };
		C63580E51B7FE8D000BDE559 /* Dots.swift */ = {isa = PBXFileReference; fileEncoding = 4; lastKnownFileType = sourcecode.swift; path = Dots.swift; sourceTree = "<group>"; };
		C64FD5C61B59A61A00AE8EA6 /* test_schedule2.json */ = {isa = PBXFileReference; fileEncoding = 4; lastKnownFileType = text.json; path = test_schedule2.json; sourceTree = "<group>"; };
		C651A8BA1BCDBCBD00B1F72C /* Crashlytics.framework */ = {isa = PBXFileReference; lastKnownFileType = wrapper.framework; path = Crashlytics.framework; sourceTree = "<group>"; };
		C651A8BC1BCDC0E500B1F72C /* steve.png */ = {isa = PBXFileReference; lastKnownFileType = image.png; path = steve.png; sourceTree = "<group>"; };
		C654C7741BCDCD400060D0B3 /* tmp_twitter_tanks.png */ = {isa = PBXFileReference; lastKnownFileType = image.png; path = tmp_twitter_tanks.png; sourceTree = "<group>"; };
		C65BE8E21B631FE4008C064D /* TwitterController.h */ = {isa = PBXFileReference; fileEncoding = 4; lastKnownFileType = sourcecode.c.h; path = TwitterController.h; sourceTree = "<group>"; };
		C65BE8E31B631FE4008C064D /* TwitterController.m */ = {isa = PBXFileReference; fileEncoding = 4; lastKnownFileType = sourcecode.c.objc; path = TwitterController.m; sourceTree = "<group>"; };
		C664DE6E1B57254700CFB209 /* MansbridgeSummit-Bridging-Header.h */ = {isa = PBXFileReference; lastKnownFileType = sourcecode.c.h; path = "MansbridgeSummit-Bridging-Header.h"; sourceTree = "<group>"; };
		C664DE6F1B57254700CFB209 /* MansbridgeSummitTests-Bridging-Header.h */ = {isa = PBXFileReference; lastKnownFileType = sourcecode.c.h; path = "MansbridgeSummitTests-Bridging-Header.h"; sourceTree = "<group>"; };
		C664DE701B57254700CFB209 /* MansbridgeSummitUITests-Bridging-Header.h */ = {isa = PBXFileReference; lastKnownFileType = sourcecode.c.h; path = "MansbridgeSummitUITests-Bridging-Header.h"; sourceTree = "<group>"; };
		C664DE711B57254800CFB209 /* Reachability.h */ = {isa = PBXFileReference; fileEncoding = 4; lastKnownFileType = sourcecode.c.h; path = Reachability.h; sourceTree = "<group>"; };
		C664DE721B57254800CFB209 /* Reachability.m */ = {isa = PBXFileReference; fileEncoding = 4; lastKnownFileType = sourcecode.c.objc; path = Reachability.m; sourceTree = "<group>"; };
		C677E7A21B80FE27001DF097 /* MTALiveLogo.png */ = {isa = PBXFileReference; lastKnownFileType = image.png; path = MTALiveLogo.png; sourceTree = "<group>"; };
		C677E7A61B8102BC001DF097 /* speakers_test.json */ = {isa = PBXFileReference; fileEncoding = 4; lastKnownFileType = text.json; path = speakers_test.json; sourceTree = "<group>"; };
		C677E7BB1B811840001DF097 /* rhonda.png */ = {isa = PBXFileReference; lastKnownFileType = image.png; path = rhonda.png; sourceTree = "<group>"; };
		C67926A91B4DC36900EA86B4 /* MSScheduleTests.swift */ = {isa = PBXFileReference; fileEncoding = 4; lastKnownFileType = sourcecode.swift; path = MSScheduleTests.swift; sourceTree = "<group>"; };
		C67926BB1B4DD2A100EA86B4 /* MScheduleTableViewTests.swift */ = {isa = PBXFileReference; fileEncoding = 4; lastKnownFileType = sourcecode.swift; path = MScheduleTableViewTests.swift; sourceTree = "<group>"; };
		C67BD26C1B5F1597006356C2 /* SystemConfiguration.framework */ = {isa = PBXFileReference; lastKnownFileType = wrapper.framework; name = SystemConfiguration.framework; path = System/Library/Frameworks/SystemConfiguration.framework; sourceTree = SDKROOT; };
		C67F0DB11B6977C20020B18C /* MSHomeModelController.swift */ = {isa = PBXFileReference; fileEncoding = 4; lastKnownFileType = sourcecode.swift; path = MSHomeModelController.swift; sourceTree = "<group>"; };
		C67F0DBD1B699D7B0020B18C /* MSSpeakerScrollView.swift */ = {isa = PBXFileReference; fileEncoding = 4; lastKnownFileType = sourcecode.swift; path = MSSpeakerScrollView.swift; sourceTree = "<group>"; };
		C67F0DCE1B69B6130020B18C /* DataLoader.swift */ = {isa = PBXFileReference; fileEncoding = 4; lastKnownFileType = sourcecode.swift; path = DataLoader.swift; sourceTree = "<group>"; };
		C67F0DD21B69BC240020B18C /* MSSpeakerModel.swift */ = {isa = PBXFileReference; fileEncoding = 4; lastKnownFileType = sourcecode.swift; path = MSSpeakerModel.swift; sourceTree = "<group>"; };
		C687DE811B6C17A70049BD84 /* SwiftyJSON.swift */ = {isa = PBXFileReference; fileEncoding = 4; lastKnownFileType = sourcecode.swift; path = SwiftyJSON.swift; sourceTree = "<group>"; };
		C687DE831B6C17B00049BD84 /* SwiftyJSON.swift */ = {isa = PBXFileReference; fileEncoding = 4; lastKnownFileType = sourcecode.swift; path = SwiftyJSON.swift; sourceTree = "<group>"; };
		C687DE871B6C184D0049BD84 /* YouTubePlayer.swift */ = {isa = PBXFileReference; fileEncoding = 4; lastKnownFileType = sourcecode.swift; path = YouTubePlayer.swift; sourceTree = "<group>"; };
		C687DE891B6C18550049BD84 /* YouTubePlayer.swift */ = {isa = PBXFileReference; fileEncoding = 4; lastKnownFileType = sourcecode.swift; path = YouTubePlayer.swift; sourceTree = "<group>"; };
		C68956351B52AFBB006D188F /* Media.xcassets */ = {isa = PBXFileReference; lastKnownFileType = folder.assetcatalog; path = Media.xcassets; sourceTree = "<group>"; };
		C689563A1B52B399006D188F /* MSFrontPageView.swift */ = {isa = PBXFileReference; fileEncoding = 4; lastKnownFileType = sourcecode.swift; path = MSFrontPageView.swift; sourceTree = "<group>"; };
		C68A13871B5BCE7B003CE324 /* NetworkErrorXIB.xib */ = {isa = PBXFileReference; fileEncoding = 4; lastKnownFileType = file.xib; path = NetworkErrorXIB.xib; sourceTree = "<group>"; };
		C68A13891B5BF1A2003CE324 /* MSProtocols.swift */ = {isa = PBXFileReference; fileEncoding = 4; lastKnownFileType = sourcecode.swift; path = MSProtocols.swift; sourceTree = "<group>"; };
		C69808E51B5D05D900164BC6 /* YouTubePlayer.swift */ = {isa = PBXFileReference; fileEncoding = 4; lastKnownFileType = sourcecode.swift; path = YouTubePlayer.swift; sourceTree = "<group>"; };
		C69808E61B5D05D900164BC6 /* YTPlayer.html */ = {isa = PBXFileReference; fileEncoding = 4; lastKnownFileType = text.html; path = YTPlayer.html; sourceTree = "<group>"; };
		C69BCCCF1B6AEE0E0027ACE7 /* MSHomePage.swift */ = {isa = PBXFileReference; fileEncoding = 4; lastKnownFileType = sourcecode.swift; path = MSHomePage.swift; sourceTree = "<group>"; };
		C69E4A571B4608C500BD981C /* MSRegisterTabController.swift */ = {isa = PBXFileReference; fileEncoding = 4; lastKnownFileType = sourcecode.swift; path = MSRegisterTabController.swift; sourceTree = "<group>"; };
		C69E4A5B1B46090E00BD981C /* MSQRCodeTabController.swift */ = {isa = PBXFileReference; fileEncoding = 4; lastKnownFileType = sourcecode.swift; path = MSQRCodeTabController.swift; sourceTree = "<group>"; };
		C6C00A6A1B45F3B300709992 /* MSTabBarController.swift */ = {isa = PBXFileReference; fileEncoding = 4; lastKnownFileType = sourcecode.swift; path = MSTabBarController.swift; sourceTree = "<group>"; };
		C6CFD0501B45EDA90067A6AD /* MTA Summit.app */ = {isa = PBXFileReference; explicitFileType = wrapper.application; includeInIndex = 0; path = "MTA Summit.app"; sourceTree = BUILT_PRODUCTS_DIR; };
		C6CFD0531B45EDA90067A6AD /* AppDelegate.swift */ = {isa = PBXFileReference; lastKnownFileType = sourcecode.swift; path = AppDelegate.swift; sourceTree = "<group>"; };
		C6CFD05A1B45EDA90067A6AD /* Base */ = {isa = PBXFileReference; lastKnownFileType = file.storyboard; name = Base; path = Base.lproj/Main.storyboard; sourceTree = "<group>"; };
		C6CFD05C1B45EDA90067A6AD /* TabBarIcons.xcassets */ = {isa = PBXFileReference; lastKnownFileType = folder.assetcatalog; path = TabBarIcons.xcassets; sourceTree = "<group>"; };
		C6CFD05F1B45EDA90067A6AD /* Base */ = {isa = PBXFileReference; lastKnownFileType = file.storyboard; name = Base; path = Base.lproj/LaunchScreen.storyboard; sourceTree = "<group>"; };
		C6CFD0611B45EDA90067A6AD /* Info.plist */ = {isa = PBXFileReference; lastKnownFileType = text.plist.xml; path = Info.plist; sourceTree = "<group>"; };
		C6CFD0661B45EDA90067A6AD /* MansbridgeSummitTests.xctest */ = {isa = PBXFileReference; explicitFileType = wrapper.cfbundle; includeInIndex = 0; path = MansbridgeSummitTests.xctest; sourceTree = BUILT_PRODUCTS_DIR; };
		C6CFD06C1B45EDA90067A6AD /* Info.plist */ = {isa = PBXFileReference; lastKnownFileType = text.plist.xml; path = Info.plist; sourceTree = "<group>"; };
		C6CFD0711B45EDA90067A6AD /* MansbridgeSummitUITests.xctest */ = {isa = PBXFileReference; explicitFileType = wrapper.cfbundle; includeInIndex = 0; path = MansbridgeSummitUITests.xctest; sourceTree = BUILT_PRODUCTS_DIR; };
		C6CFD0751B45EDA90067A6AD /* MansbridgeSummitUITests.swift */ = {isa = PBXFileReference; lastKnownFileType = sourcecode.swift; path = MansbridgeSummitUITests.swift; sourceTree = "<group>"; };
		C6CFD0771B45EDA90067A6AD /* Info.plist */ = {isa = PBXFileReference; lastKnownFileType = text.plist.xml; path = Info.plist; sourceTree = "<group>"; };
		C6D9E9631B475BCD00249DA4 /* Extensions.swift */ = {isa = PBXFileReference; fileEncoding = 4; lastKnownFileType = sourcecode.swift; path = Extensions.swift; sourceTree = "<group>"; };
		C6D9E9671B475E2D00249DA4 /* Constants.swift */ = {isa = PBXFileReference; fileEncoding = 4; lastKnownFileType = sourcecode.swift; path = Constants.swift; sourceTree = "<group>"; };
		C6D9E9711B4774CB00249DA4 /* AppleGaramond-Bold.ttf */ = {isa = PBXFileReference; lastKnownFileType = file; path = "AppleGaramond-Bold.ttf"; sourceTree = "<group>"; };
		C6D9E9761B4774CB00249DA4 /* AppleGaramond.ttf */ = {isa = PBXFileReference; lastKnownFileType = file; path = AppleGaramond.ttf; sourceTree = "<group>"; };
		C6D9E98B1B4778A400249DA4 /* MyriadPro-Bold.otf */ = {isa = PBXFileReference; lastKnownFileType = file; path = "MyriadPro-Bold.otf"; sourceTree = "<group>"; };
		C6D9E98C1B4778A400249DA4 /* MyriadPro-Regular.otf */ = {isa = PBXFileReference; lastKnownFileType = file; path = "MyriadPro-Regular.otf"; sourceTree = "<group>"; };
		C6D9E9931B477C3300249DA4 /* ConstantsTests.swift */ = {isa = PBXFileReference; fileEncoding = 4; lastKnownFileType = sourcecode.swift; path = ConstantsTests.swift; sourceTree = "<group>"; };
		C6D9E9951B477D6E00249DA4 /* ExtensionsTests.swift */ = {isa = PBXFileReference; fileEncoding = 4; lastKnownFileType = sourcecode.swift; path = ExtensionsTests.swift; sourceTree = "<group>"; };
		C6E163291B48137900942749 /* MSScheduleTableControllerTests.swift */ = {isa = PBXFileReference; fileEncoding = 4; lastKnownFileType = sourcecode.swift; path = MSScheduleTableControllerTests.swift; sourceTree = "<group>"; };
		C6E1632B1B4814EC00942749 /* MSScheduleCellViewTests.swift */ = {isa = PBXFileReference; fileEncoding = 4; lastKnownFileType = sourcecode.swift; path = MSScheduleCellViewTests.swift; sourceTree = "<group>"; };
		C6E1632D1B481AE600942749 /* MSScheduleModels.swift */ = {isa = PBXFileReference; fileEncoding = 4; lastKnownFileType = sourcecode.swift; path = MSScheduleModels.swift; sourceTree = "<group>"; };
		C6E163321B481C5000942749 /* test_schedule.json */ = {isa = PBXFileReference; fileEncoding = 4; lastKnownFileType = text.json; path = test_schedule.json; sourceTree = "<group>"; };
		C6E163381B48296600942749 /* SwiftyJSON.swift */ = {isa = PBXFileReference; fileEncoding = 4; lastKnownFileType = sourcecode.swift; path = SwiftyJSON.swift; sourceTree = "<group>"; };
		C6E1633C1B482A7200942749 /* MSScheduleJsonFileTests.swift */ = {isa = PBXFileReference; fileEncoding = 4; lastKnownFileType = sourcecode.swift; path = MSScheduleJsonFileTests.swift; sourceTree = "<group>"; };
		C6E1633E1B483E7E00942749 /* wills_playground.playground */ = {isa = PBXFileReference; lastKnownFileType = file.playground; path = wills_playground.playground; sourceTree = "<group>"; };
		C6E9E5381B5F06A90037C617 /* RegisterPageGeneralTests.swift */ = {isa = PBXFileReference; fileEncoding = 4; lastKnownFileType = sourcecode.swift; path = RegisterPageGeneralTests.swift; sourceTree = "<group>"; };
		F73870111BA8DAB500A5F241 /* mike_macmillan.png */ = {isa = PBXFileReference; lastKnownFileType = image.png; path = mike_macmillan.png; sourceTree = "<group>"; };
		F73870121BA8DAB500A5F241 /* molly_shoichet.png */ = {isa = PBXFileReference; lastKnownFileType = image.png; path = molly_shoichet.png; sourceTree = "<group>"; };
		F74C1A211B5967C500F09002 /* Accounts.framework */ = {isa = PBXFileReference; lastKnownFileType = wrapper.framework; name = Accounts.framework; path = System/Library/Frameworks/Accounts.framework; sourceTree = SDKROOT; };
		F74C1A231B5967CA00F09002 /* Social.framework */ = {isa = PBXFileReference; lastKnownFileType = wrapper.framework; name = Social.framework; path = System/Library/Frameworks/Social.framework; sourceTree = SDKROOT; };
		F74C1A251B5967CF00F09002 /* Twitter.framework */ = {isa = PBXFileReference; lastKnownFileType = wrapper.framework; name = Twitter.framework; path = System/Library/Frameworks/Twitter.framework; sourceTree = SDKROOT; };
		F7581FB41B63218900406498 /* PageViewControllers.swift */ = {isa = PBXFileReference; fileEncoding = 4; lastKnownFileType = sourcecode.swift; path = PageViewControllers.swift; sourceTree = "<group>"; };
		F7581FB51B63218900406498 /* MSHomeController.swift */ = {isa = PBXFileReference; fileEncoding = 4; lastKnownFileType = sourcecode.swift; path = MSHomeController.swift; sourceTree = "<group>"; };
		F76F3BD21B61E0D90068C41C /* QR Code-25.png */ = {isa = PBXFileReference; lastKnownFileType = image.png; path = "QR Code-25.png"; sourceTree = "<group>"; };
		F76F3BD31B61E0D90068C41C /* QR Code-50.png */ = {isa = PBXFileReference; lastKnownFileType = image.png; path = "QR Code-50.png"; sourceTree = "<group>"; };
		F76F3BD41B61E0D90068C41C /* QR Code-75.png */ = {isa = PBXFileReference; lastKnownFileType = image.png; path = "QR Code-75.png"; sourceTree = "<group>"; };
		F79184F71B5A839600EFF287 /* Fabric.framework */ = {isa = PBXFileReference; lastKnownFileType = wrapper.framework; path = Fabric.framework; sourceTree = "<group>"; };
		F79184F81B5A839600EFF287 /* TwitterKit.framework */ = {isa = PBXFileReference; lastKnownFileType = wrapper.framework; path = TwitterKit.framework; sourceTree = "<group>"; };
		F79184F91B5A839600EFF287 /* TwitterKitResources.bundle */ = {isa = PBXFileReference; lastKnownFileType = "wrapper.plug-in"; name = TwitterKitResources.bundle; path = TwitterKit.framework/Versions/A/Resources/TwitterKitResources.bundle; sourceTree = "<group>"; };
		F79184FA1B5A839600EFF287 /* TwitterCore.framework */ = {isa = PBXFileReference; lastKnownFileType = wrapper.framework; path = TwitterCore.framework; sourceTree = "<group>"; };
		F7B36B881BCDD6DD00E41141 /* steveCropped.png */ = {isa = PBXFileReference; lastKnownFileType = image.png; path = steveCropped.png; sourceTree = "<group>"; };
		F7B9F4F31B890E0400D5FBE4 /* mountains.png */ = {isa = PBXFileReference; lastKnownFileType = image.png; path = mountains.png; sourceTree = "<group>"; };
		F7B9F4F51B89124900D5FBE4 /* Mount_Allison_Logo2.jpg */ = {isa = PBXFileReference; lastKnownFileType = image.jpeg; path = Mount_Allison_Logo2.jpg; sourceTree = "<group>"; };
		F7CF77C81B5B2F5900013CF0 /* Calendar-25.png */ = {isa = PBXFileReference; lastKnownFileType = image.png; path = "Calendar-25.png"; sourceTree = "<group>"; };
		F7CF77C91B5B2F5900013CF0 /* Calendar-50.png */ = {isa = PBXFileReference; lastKnownFileType = image.png; path = "Calendar-50.png"; sourceTree = "<group>"; };
		F7CF77CA1B5B2F5900013CF0 /* Calendar-75.png */ = {isa = PBXFileReference; lastKnownFileType = image.png; path = "Calendar-75.png"; sourceTree = "<group>"; };
		F7CF77CB1B5B2F5900013CF0 /* Home-25.png */ = {isa = PBXFileReference; lastKnownFileType = image.png; path = "Home-25.png"; sourceTree = "<group>"; };
		F7CF77CC1B5B2F5900013CF0 /* Home-50.png */ = {isa = PBXFileReference; lastKnownFileType = image.png; path = "Home-50.png"; sourceTree = "<group>"; };
		F7CF77CD1B5B2F5900013CF0 /* Home-75.png */ = {isa = PBXFileReference; lastKnownFileType = image.png; path = "Home-75.png"; sourceTree = "<group>"; };
		F7CF77CE1B5B2F5900013CF0 /* Pencil-25.png */ = {isa = PBXFileReference; lastKnownFileType = image.png; path = "Pencil-25.png"; sourceTree = "<group>"; };
		F7CF77CF1B5B2F5900013CF0 /* Pencil-50.png */ = {isa = PBXFileReference; lastKnownFileType = image.png; path = "Pencil-50.png"; sourceTree = "<group>"; };
		F7CF77D01B5B2F5900013CF0 /* Pencil-75.png */ = {isa = PBXFileReference; lastKnownFileType = image.png; path = "Pencil-75.png"; sourceTree = "<group>"; };
		F7CF77D11B5B2F5900013CF0 /* Twitter-25.png */ = {isa = PBXFileReference; lastKnownFileType = image.png; path = "Twitter-25.png"; sourceTree = "<group>"; };
		F7CF77D21B5B2F5900013CF0 /* Twitter-50.png */ = {isa = PBXFileReference; lastKnownFileType = image.png; path = "Twitter-50.png"; sourceTree = "<group>"; };
		F7CF77D31B5B2F5900013CF0 /* Twitter-75.png */ = {isa = PBXFileReference; lastKnownFileType = image.png; path = "Twitter-75.png"; sourceTree = "<group>"; };
		F7D1B85F1B5C8E0900D34341 /* RegistrationSuccessXIB.xib */ = {isa = PBXFileReference; fileEncoding = 4; lastKnownFileType = file.xib; path = RegistrationSuccessXIB.xib; sourceTree = "<group>"; };
		F7D1B8651B5C8ED900D34341 /* checkmark.png */ = {isa = PBXFileReference; lastKnownFileType = image.png; path = checkmark.png; sourceTree = "<group>"; };
		F7E000441B72EA6000BF0839 /* icon76.png */ = {isa = PBXFileReference; lastKnownFileType = image.png; path = icon76.png; sourceTree = "<group>"; };
		F7E000451B72EA6000BF0839 /* icon120.png */ = {isa = PBXFileReference; lastKnownFileType = image.png; path = icon120.png; sourceTree = "<group>"; };
		F7E000461B72EA6000BF0839 /* icon152.png */ = {isa = PBXFileReference; lastKnownFileType = image.png; path = icon152.png; sourceTree = "<group>"; };
		F7E000471B72EA6000BF0839 /* icon180.png */ = {isa = PBXFileReference; lastKnownFileType = image.png; path = icon180.png; sourceTree = "<group>"; };
		F7E33DBB1B7D6B9000450A22 /* MSTwitterUITests.swift */ = {isa = PBXFileReference; fileEncoding = 4; lastKnownFileType = sourcecode.swift; path = MSTwitterUITests.swift; sourceTree = "<group>"; };
		F7E33DBD1B8003CA00450A22 /* MSScheduleUITableViewCell.swift */ = {isa = PBXFileReference; fileEncoding = 4; lastKnownFileType = sourcecode.swift; path = MSScheduleUITableViewCell.swift; sourceTree = "<group>"; };
		F7E33DBE1B8003CA00450A22 /* MSScheduleUITableViewController.swift */ = {isa = PBXFileReference; fileEncoding = 4; lastKnownFileType = sourcecode.swift; path = MSScheduleUITableViewController.swift; sourceTree = "<group>"; };
/* End PBXFileReference section */

/* Begin PBXFrameworksBuildPhase section */
		C6CFD04D1B45EDA90067A6AD /* Frameworks */ = {
			isa = PBXFrameworksBuildPhase;
			buildActionMask = 2147483647;
			files = (
				C67BD26D1B5F1597006356C2 /* SystemConfiguration.framework in Frameworks */,
				F74C1A261B5967CF00F09002 /* Twitter.framework in Frameworks */,
				C651A8BB1BCDBCBD00B1F72C /* Crashlytics.framework in Frameworks */,
				F79185041B5A839600EFF287 /* TwitterCore.framework in Frameworks */,
				F79184FE1B5A839600EFF287 /* TwitterKit.framework in Frameworks */,
				F74C1A241B5967CA00F09002 /* Social.framework in Frameworks */,
				F74C1A221B5967C500F09002 /* Accounts.framework in Frameworks */,
				F79184FB1B5A839600EFF287 /* Fabric.framework in Frameworks */,
			);
			runOnlyForDeploymentPostprocessing = 0;
		};
		C6CFD0631B45EDA90067A6AD /* Frameworks */ = {
			isa = PBXFrameworksBuildPhase;
			buildActionMask = 2147483647;
			files = (
				C6B0A6C51B6B00760048518E /* SystemConfiguration.framework in Frameworks */,
				F79184C61B5A7DF300EFF287 /* Twitter.framework in Frameworks */,
				F79185051B5A839600EFF287 /* TwitterCore.framework in Frameworks */,
				F79184FF1B5A839600EFF287 /* TwitterKit.framework in Frameworks */,
				F79184C81B5A7DF600EFF287 /* Social.framework in Frameworks */,
				F79184CA1B5A7DF900EFF287 /* Accounts.framework in Frameworks */,
				F79184FC1B5A839600EFF287 /* Fabric.framework in Frameworks */,
			);
			runOnlyForDeploymentPostprocessing = 0;
		};
		C6CFD06E1B45EDA90067A6AD /* Frameworks */ = {
			isa = PBXFrameworksBuildPhase;
			buildActionMask = 2147483647;
			files = (
				C6B0A6C81B6B00930048518E /* SystemConfiguration.framework in Frameworks */,
				F79184C71B5A7DF300EFF287 /* Twitter.framework in Frameworks */,
				F79185061B5A839600EFF287 /* TwitterCore.framework in Frameworks */,
				F79185001B5A839600EFF287 /* TwitterKit.framework in Frameworks */,
				F79184C91B5A7DF600EFF287 /* Social.framework in Frameworks */,
				F79184CB1B5A7DF900EFF287 /* Accounts.framework in Frameworks */,
				F79184FD1B5A839600EFF287 /* Fabric.framework in Frameworks */,
			);
			runOnlyForDeploymentPostprocessing = 0;
		};
/* End PBXFrameworksBuildPhase section */

/* Begin PBXGroup section */
		C61EEFCA1B6AF94E0012DA3D /* MSTwitterTests */ = {
			isa = PBXGroup;
			children = (
				C61EEFCD1B6AF9F00012DA3D /* MSTwitterTabTests.m */,
			);
			name = MSTwitterTests;
			sourceTree = "<group>";
		};
		C62B04141B7FA84A00613EA9 /* HomePageImgs */ = {
			isa = PBXGroup;
			children = (
				C654C7741BCDCD400060D0B3 /* tmp_twitter_tanks.png */,
				C62B04151B7FA85C00613EA9 /* MansbrideSummitpresents.jpg */,
				C677E7A21B80FE27001DF097 /* MTALiveLogo.png */,
			);
			name = HomePageImgs;
			sourceTree = "<group>";
		};
		C63FA1CD1B5889EB00B3D238 /* MSRegisterTests */ = {
			isa = PBXGroup;
			children = (
				C6E9E5381B5F06A90037C617 /* RegisterPageGeneralTests.swift */,
			);
			name = MSRegisterTests;
			sourceTree = "<group>";
		};
		C64FD5CA1B59C28A00AE8EA6 /* TwitterTab */ = {
			isa = PBXGroup;
			children = (
				C65BE8E21B631FE4008C064D /* TwitterController.h */,
				C65BE8E31B631FE4008C064D /* TwitterController.m */,
			);
			name = TwitterTab;
			sourceTree = "<group>";
		};
		C64FD5CB1B59C29200AE8EA6 /* QRCodesTab */ = {
			isa = PBXGroup;
			children = (
				C69E4A5B1B46090E00BD981C /* MSQRCodeTabController.swift */,
			);
			name = QRCodesTab;
			sourceTree = "<group>";
		};
		C664DE691B5723F700CFB209 /* Reachability */ = {
			isa = PBXGroup;
			children = (
				C664DE711B57254800CFB209 /* Reachability.h */,
				C664DE721B57254800CFB209 /* Reachability.m */,
			);
			name = Reachability;
			sourceTree = "<group>";
		};
		C677E7AA1B8109A5001DF097 /* images */ = {
			isa = PBXGroup;
			children = (
				C651A8BC1BCDC0E500B1F72C /* steve.png */,
				F7B36B881BCDD6DD00E41141 /* steveCropped.png */,
				C677E7BB1B811840001DF097 /* rhonda.png */,
				F73870111BA8DAB500A5F241 /* mike_macmillan.png */,
				F73870121BA8DAB500A5F241 /* molly_shoichet.png */,
			);
			name = images;
			sourceTree = "<group>";
		};
		C67926A81B4DC34200EA86B4 /* MSScheduleUITests */ = {
			isa = PBXGroup;
			children = (
				C67926A91B4DC36900EA86B4 /* MSScheduleTests.swift */,
			);
			name = MSScheduleUITests;
			sourceTree = "<group>";
		};
		C679E2101B55FCFE004AEBE9 /* RegisterTab */ = {
			isa = PBXGroup;
			children = (
				C69E4A571B4608C500BD981C /* MSRegisterTabController.swift */,
			);
			name = RegisterTab;
			sourceTree = "<group>";
		};
		C67F0DC51B69A64E0020B18C /* Speakers */ = {
			isa = PBXGroup;
			children = (
				C677E7AA1B8109A5001DF097 /* images */,
				C677E7A61B8102BC001DF097 /* speakers_test.json */,
			);
			name = Speakers;
			sourceTree = "<group>";
		};
		C687DE851B6C17F30049BD84 /* ThirdParty */ = {
			isa = PBXGroup;
			children = (
				C687DE891B6C18550049BD84 /* YouTubePlayer.swift */,
				C687DE831B6C17B00049BD84 /* SwiftyJSON.swift */,
			);
			name = ThirdParty;
			sourceTree = "<group>";
		};
		C687DE861B6C18020049BD84 /* ThirdParty */ = {
			isa = PBXGroup;
			children = (
				C687DE871B6C184D0049BD84 /* YouTubePlayer.swift */,
				C687DE811B6C17A70049BD84 /* SwiftyJSON.swift */,
			);
			name = ThirdParty;
			sourceTree = "<group>";
		};
		C68956391B52B2EF006D188F /* HomeTab */ = {
			isa = PBXGroup;
			children = (
				F7581FB51B63218900406498 /* MSHomeController.swift */,
				C67F0DB11B6977C20020B18C /* MSHomeModelController.swift */,
				F7581FB41B63218900406498 /* PageViewControllers.swift */,
				C67F0DD21B69BC240020B18C /* MSSpeakerModel.swift */,
				C689563A1B52B399006D188F /* MSFrontPageView.swift */,
				C67F0DBD1B699D7B0020B18C /* MSSpeakerScrollView.swift */,
				C69808E51B5D05D900164BC6 /* YouTubePlayer.swift */,
				C63580E51B7FE8D000BDE559 /* Dots.swift */,
				F7B9F4F31B890E0400D5FBE4 /* mountains.png */,
				C69808E61B5D05D900164BC6 /* YTPlayer.html */,
			);
			name = HomeTab;
			sourceTree = "<group>";
		};
		C69BCCCE1B6AEDF40027ACE7 /* MSHomePageTests */ = {
			isa = PBXGroup;
			children = (
				C69BCCCF1B6AEE0E0027ACE7 /* MSHomePage.swift */,
				C61EEFC81B6AF6D30012DA3D /* MSHomePageViewTest.swift */,
			);
			name = MSHomePageTests;
			sourceTree = "<group>";
		};
		C69E4A671B460A5000BD981C /* Tabs */ = {
			isa = PBXGroup;
			children = (
				C68956391B52B2EF006D188F /* HomeTab */,
				C679E2101B55FCFE004AEBE9 /* RegisterTab */,
				C64FD5CA1B59C28A00AE8EA6 /* TwitterTab */,
				C69E4A6C1B46128900BD981C /* ScheduleTab */,
				C64FD5CB1B59C29200AE8EA6 /* QRCodesTab */,
			);
			name = Tabs;
			sourceTree = "<group>";
		};
		C69E4A6C1B46128900BD981C /* ScheduleTab */ = {
			isa = PBXGroup;
			children = (
				F7E33DBE1B8003CA00450A22 /* MSScheduleUITableViewController.swift */,
				F7E33DBD1B8003CA00450A22 /* MSScheduleUITableViewCell.swift */,
				C6E1632D1B481AE600942749 /* MSScheduleModels.swift */,
			);
			name = ScheduleTab;
			sourceTree = "<group>";
		};
		C6CFD0471B45EDA90067A6AD = {
			isa = PBXGroup;
			children = (
				C67BD26C1B5F1597006356C2 /* SystemConfiguration.framework */,
				F79184F71B5A839600EFF287 /* Fabric.framework */,
				F79184F81B5A839600EFF287 /* TwitterKit.framework */,
				F79184F91B5A839600EFF287 /* TwitterKitResources.bundle */,
				F79184FA1B5A839600EFF287 /* TwitterCore.framework */,
				F74C1A251B5967CF00F09002 /* Twitter.framework */,
				F74C1A231B5967CA00F09002 /* Social.framework */,
				F74C1A211B5967C500F09002 /* Accounts.framework */,
				C6CFD0521B45EDA90067A6AD /* MansbridgeSummit */,
				C6CFD0691B45EDA90067A6AD /* MansbridgeSummitTests */,
				C6CFD0741B45EDA90067A6AD /* MansbridgeSummitUITests */,
				C6CFD0511B45EDA90067A6AD /* Products */,
			);
			sourceTree = "<group>";
		};
		C6CFD0511B45EDA90067A6AD /* Products */ = {
			isa = PBXGroup;
			children = (
				C6CFD0501B45EDA90067A6AD /* MTA Summit.app */,
				C6CFD0661B45EDA90067A6AD /* MansbridgeSummitTests.xctest */,
				C6CFD0711B45EDA90067A6AD /* MansbridgeSummitUITests.xctest */,
			);
			name = Products;
			sourceTree = "<group>";
		};
		C6CFD0521B45EDA90067A6AD /* MansbridgeSummit */ = {
			isa = PBXGroup;
			children = (
				C651A8BA1BCDBCBD00B1F72C /* Crashlytics.framework */,
				C6F477631B6AE459001E79DA /* Miscellaneous */,
				C6E163361B48292800942749 /* ThirdPartyFramework */,
				C6CFD0591B45EDA90067A6AD /* Main.storyboard */,
				C6CFD0531B45EDA90067A6AD /* AppDelegate.swift */,
				C6D9E9671B475E2D00249DA4 /* Constants.swift */,
				C6D9E9631B475BCD00249DA4 /* Extensions.swift */,
				C68A13891B5BF1A2003CE324 /* MSProtocols.swift */,
				C60B69591B61C6F200190140 /* Connection.h */,
				C60B695A1B61C6F200190140 /* Connection.m */,
				C67F0DCE1B69B6130020B18C /* DataLoader.swift */,
				C6C00A6A1B45F3B300709992 /* MSTabBarController.swift */,
				C69E4A671B460A5000BD981C /* Tabs */,
				C6D9E96B1B47747700249DA4 /* Resources */,
				C6E1633E1B483E7E00942749 /* wills_playground.playground */,
			);
			path = MansbridgeSummit;
			sourceTree = "<group>";
		};
		C6CFD0691B45EDA90067A6AD /* MansbridgeSummitTests */ = {
			isa = PBXGroup;
			children = (
				C687DE851B6C17F30049BD84 /* ThirdParty */,
				C69BCCCE1B6AEDF40027ACE7 /* MSHomePageTests */,
				C61EEFCA1B6AF94E0012DA3D /* MSTwitterTests */,
				C63FA1CD1B5889EB00B3D238 /* MSRegisterTests */,
				C6E163281B48135100942749 /* MSScheduleTests */,
				C6D9E9931B477C3300249DA4 /* ConstantsTests.swift */,
				C6D9E9951B477D6E00249DA4 /* ExtensionsTests.swift */,
				C6CFD06C1B45EDA90067A6AD /* Info.plist */,
			);
			path = MansbridgeSummitTests;
			sourceTree = "<group>";
		};
		C6CFD0741B45EDA90067A6AD /* MansbridgeSummitUITests */ = {
			isa = PBXGroup;
			children = (
				C687DE861B6C18020049BD84 /* ThirdParty */,
				C67926A81B4DC34200EA86B4 /* MSScheduleUITests */,
				C6CFD0751B45EDA90067A6AD /* MansbridgeSummitUITests.swift */,
				C6CFD0771B45EDA90067A6AD /* Info.plist */,
				F7E33DBB1B7D6B9000450A22 /* MSTwitterUITests.swift */,
			);
			path = MansbridgeSummitUITests;
			sourceTree = "<group>";
		};
		C6D9E96B1B47747700249DA4 /* Resources */ = {
			isa = PBXGroup;
			children = (
				F7B9F4F51B89124900D5FBE4 /* Mount_Allison_Logo2.jpg */,
				C68A13871B5BCE7B003CE324 /* NetworkErrorXIB.xib */,
				F7D1B85F1B5C8E0900D34341 /* RegistrationSuccessXIB.xib */,
				F7D1B8651B5C8ED900D34341 /* checkmark.png */,
				C62B04141B7FA84A00613EA9 /* HomePageImgs */,
				F7E000431B72EA4B00BF0839 /* App Icons */,
				C67F0DC51B69A64E0020B18C /* Speakers */,
				F7CF77C41B5B2F2400013CF0 /* Tab Icons */,
				C6E163311B481BFF00942749 /* Schedule */,
				C6D9E9891B47785000249DA4 /* Fonts */,
				C6CFD05C1B45EDA90067A6AD /* TabBarIcons.xcassets */,
				C68956351B52AFBB006D188F /* Media.xcassets */,
			);
			name = Resources;
			sourceTree = "<group>";
		};
		C6D9E9701B4774B100249DA4 /* Garamond_fonts */ = {
			isa = PBXGroup;
			children = (
				C6D9E9711B4774CB00249DA4 /* AppleGaramond-Bold.ttf */,
				C6D9E9761B4774CB00249DA4 /* AppleGaramond.ttf */,
			);
			name = Garamond_fonts;
			sourceTree = "<group>";
		};
		C6D9E9891B47785000249DA4 /* Fonts */ = {
			isa = PBXGroup;
			children = (
				C6D9E98A1B47785900249DA4 /* Myraid_pro */,
				C6D9E9701B4774B100249DA4 /* Garamond_fonts */,
			);
			name = Fonts;
			sourceTree = "<group>";
		};
		C6D9E98A1B47785900249DA4 /* Myraid_pro */ = {
			isa = PBXGroup;
			children = (
				C6D9E98B1B4778A400249DA4 /* MyriadPro-Bold.otf */,
				C6D9E98C1B4778A400249DA4 /* MyriadPro-Regular.otf */,
			);
			name = Myraid_pro;
			sourceTree = "<group>";
		};
		C6E163281B48135100942749 /* MSScheduleTests */ = {
			isa = PBXGroup;
			children = (
				C6E163291B48137900942749 /* MSScheduleTableControllerTests.swift */,
				C6E1632B1B4814EC00942749 /* MSScheduleCellViewTests.swift */,
				C6E1633C1B482A7200942749 /* MSScheduleJsonFileTests.swift */,
				C67926BB1B4DD2A100EA86B4 /* MScheduleTableViewTests.swift */,
			);
			name = MSScheduleTests;
			sourceTree = "<group>";
		};
		C6E163311B481BFF00942749 /* Schedule */ = {
			isa = PBXGroup;
			children = (
				C6E163321B481C5000942749 /* test_schedule.json */,
				C64FD5C61B59A61A00AE8EA6 /* test_schedule2.json */,
			);
			name = Schedule;
			sourceTree = "<group>";
		};
		C6E163361B48292800942749 /* ThirdPartyFramework */ = {
			isa = PBXGroup;
			children = (
				C664DE691B5723F700CFB209 /* Reachability */,
				C6E163371B48295100942749 /* SwiftyJSON */,
			);
			name = ThirdPartyFramework;
			sourceTree = "<group>";
		};
		C6E163371B48295100942749 /* SwiftyJSON */ = {
			isa = PBXGroup;
			children = (
				C6E163381B48296600942749 /* SwiftyJSON.swift */,
			);
			name = SwiftyJSON;
			sourceTree = "<group>";
		};
		C6F477631B6AE459001E79DA /* Miscellaneous */ = {
			isa = PBXGroup;
			children = (
				C6CFD05E1B45EDA90067A6AD /* LaunchScreen.storyboard */,
				C6CFD0611B45EDA90067A6AD /* Info.plist */,
				C664DE6E1B57254700CFB209 /* MansbridgeSummit-Bridging-Header.h */,
				C664DE6F1B57254700CFB209 /* MansbridgeSummitTests-Bridging-Header.h */,
				C664DE701B57254700CFB209 /* MansbridgeSummitUITests-Bridging-Header.h */,
			);
			name = Miscellaneous;
			sourceTree = "<group>";
		};
		F7CF77C41B5B2F2400013CF0 /* Tab Icons */ = {
			isa = PBXGroup;
			children = (
				F76F3BD21B61E0D90068C41C /* QR Code-25.png */,
				F76F3BD31B61E0D90068C41C /* QR Code-50.png */,
				F76F3BD41B61E0D90068C41C /* QR Code-75.png */,
				F7CF77C81B5B2F5900013CF0 /* Calendar-25.png */,
				F7CF77C91B5B2F5900013CF0 /* Calendar-50.png */,
				F7CF77CA1B5B2F5900013CF0 /* Calendar-75.png */,
				F7CF77CB1B5B2F5900013CF0 /* Home-25.png */,
				F7CF77CC1B5B2F5900013CF0 /* Home-50.png */,
				F7CF77CD1B5B2F5900013CF0 /* Home-75.png */,
				F7CF77CE1B5B2F5900013CF0 /* Pencil-25.png */,
				F7CF77CF1B5B2F5900013CF0 /* Pencil-50.png */,
				F7CF77D01B5B2F5900013CF0 /* Pencil-75.png */,
				F7CF77D11B5B2F5900013CF0 /* Twitter-25.png */,
				F7CF77D21B5B2F5900013CF0 /* Twitter-50.png */,
				F7CF77D31B5B2F5900013CF0 /* Twitter-75.png */,
			);
			name = "Tab Icons";
			sourceTree = "<group>";
		};
		F7E000431B72EA4B00BF0839 /* App Icons */ = {
			isa = PBXGroup;
			children = (
				F7E000441B72EA6000BF0839 /* icon76.png */,
				F7E000451B72EA6000BF0839 /* icon120.png */,
				F7E000461B72EA6000BF0839 /* icon152.png */,
				F7E000471B72EA6000BF0839 /* icon180.png */,
			);
			name = "App Icons";
			sourceTree = "<group>";
		};
/* End PBXGroup section */

/* Begin PBXNativeTarget section */
		C6CFD04F1B45EDA90067A6AD /* MTA Summit */ = {
			isa = PBXNativeTarget;
			buildConfigurationList = C6CFD07A1B45EDA90067A6AD /* Build configuration list for PBXNativeTarget "MTA Summit" */;
			buildPhases = (
				C6CFD04C1B45EDA90067A6AD /* Sources */,
				C6CFD04D1B45EDA90067A6AD /* Frameworks */,
				C6CFD04E1B45EDA90067A6AD /* Resources */,
				F79184B31B5A79CE00EFF287 /* ShellScript */,
			);
			buildRules = (
			);
			dependencies = (
			);
			name = "MTA Summit";
			productName = MansbridgeSummit;
			productReference = C6CFD0501B45EDA90067A6AD /* MTA Summit.app */;
			productType = "com.apple.product-type.application";
		};
		C6CFD0651B45EDA90067A6AD /* MansbridgeSummitTests */ = {
			isa = PBXNativeTarget;
			buildConfigurationList = C6CFD07D1B45EDA90067A6AD /* Build configuration list for PBXNativeTarget "MansbridgeSummitTests" */;
			buildPhases = (
				C6CFD0621B45EDA90067A6AD /* Sources */,
				C6CFD0631B45EDA90067A6AD /* Frameworks */,
				C6CFD0641B45EDA90067A6AD /* Resources */,
			);
			buildRules = (
			);
			dependencies = (
				C6CFD0681B45EDA90067A6AD /* PBXTargetDependency */,
			);
			name = MansbridgeSummitTests;
			productName = MansbridgeSummitTests;
			productReference = C6CFD0661B45EDA90067A6AD /* MansbridgeSummitTests.xctest */;
			productType = "com.apple.product-type.bundle.unit-test";
		};
		C6CFD0701B45EDA90067A6AD /* MansbridgeSummitUITests */ = {
			isa = PBXNativeTarget;
			buildConfigurationList = C6CFD0801B45EDA90067A6AD /* Build configuration list for PBXNativeTarget "MansbridgeSummitUITests" */;
			buildPhases = (
				C6CFD06D1B45EDA90067A6AD /* Sources */,
				C6CFD06E1B45EDA90067A6AD /* Frameworks */,
				C6CFD06F1B45EDA90067A6AD /* Resources */,
			);
			buildRules = (
			);
			dependencies = (
				C6CFD0731B45EDA90067A6AD /* PBXTargetDependency */,
			);
			name = MansbridgeSummitUITests;
			productName = MansbridgeSummitUITests;
			productReference = C6CFD0711B45EDA90067A6AD /* MansbridgeSummitUITests.xctest */;
			productType = "com.apple.product-type.bundle.ui-testing";
		};
/* End PBXNativeTarget section */

/* Begin PBXProject section */
		C6CFD0481B45EDA90067A6AD /* Project object */ = {
			isa = PBXProject;
			attributes = {
				LastSwiftUpdateCheck = 0700;
				LastUpgradeCheck = 0700;
				ORGANIZATIONNAME = "Mansbridge Summit Dev Team";
				TargetAttributes = {
					C6CFD04F1B45EDA90067A6AD = {
						CreatedOnToolsVersion = 7.0;
						DevelopmentTeam = R76RY48R76;
						SystemCapabilities = {
							com.apple.Keychain = {
								enabled = 0;
							};
							com.apple.iCloud = {
								enabled = 0;
							};
						};
					};
					C6CFD0651B45EDA90067A6AD = {
						CreatedOnToolsVersion = 7.0;
						TestTargetID = C6CFD04F1B45EDA90067A6AD;
					};
					C6CFD0701B45EDA90067A6AD = {
						CreatedOnToolsVersion = 7.0;
						TestTargetID = C6CFD04F1B45EDA90067A6AD;
					};
				};
			};
			buildConfigurationList = C6CFD04B1B45EDA90067A6AD /* Build configuration list for PBXProject "MansbridgeSummit" */;
			compatibilityVersion = "Xcode 3.2";
			developmentRegion = English;
			hasScannedForEncodings = 0;
			knownRegions = (
				en,
				Base,
			);
			mainGroup = C6CFD0471B45EDA90067A6AD;
			productRefGroup = C6CFD0511B45EDA90067A6AD /* Products */;
			projectDirPath = "";
			projectRoot = "";
			targets = (
				C6CFD04F1B45EDA90067A6AD /* MTA Summit */,
				C6CFD0651B45EDA90067A6AD /* MansbridgeSummitTests */,
				C6CFD0701B45EDA90067A6AD /* MansbridgeSummitUITests */,
			);
		};
/* End PBXProject section */

/* Begin PBXResourcesBuildPhase section */
		C6CFD04E1B45EDA90067A6AD /* Resources */ = {
			isa = PBXResourcesBuildPhase;
			buildActionMask = 2147483647;
			files = (
				F7CF77DC1B5B2F5900013CF0 /* Home-75.png in Resources */,
				C677E7BF1B811840001DF097 /* rhonda.png in Resources */,
				F7CF77DF1B5B2F5900013CF0 /* Pencil-75.png in Resources */,
				C62B04161B7FA85C00613EA9 /* MansbrideSummitpresents.jpg in Resources */,
				F73870141BA8DAB500A5F241 /* molly_shoichet.png in Resources */,
				F7B9F4F41B890E0400D5FBE4 /* mountains.png in Resources */,
				C69808EA1B5D05D900164BC6 /* YTPlayer.html in Resources */,
				F7D1B8601B5C8E0900D34341 /* RegistrationSuccessXIB.xib in Resources */,
				C654C7751BCDCD400060D0B3 /* tmp_twitter_tanks.png in Resources */,
				C651A8BD1BCDC0E500B1F72C /* steve.png in Resources */,
				F7B36B891BCDD6DD00E41141 /* steveCropped.png in Resources */,
				C6CFD0601B45EDA90067A6AD /* LaunchScreen.storyboard in Resources */,
				F73870131BA8DAB500A5F241 /* mike_macmillan.png in Resources */,
				F7CF77DB1B5B2F5900013CF0 /* Home-50.png in Resources */,
				C6CFD05D1B45EDA90067A6AD /* TabBarIcons.xcassets in Resources */,
				C6E163331B481C5000942749 /* test_schedule.json in Resources */,
				F7E0004B1B72EA6000BF0839 /* icon180.png in Resources */,
				F7CF77DA1B5B2F5900013CF0 /* Home-25.png in Resources */,
				F76F3BDB1B61E0D90068C41C /* QR Code-75.png in Resources */,
				F7D1B8661B5C8ED900D34341 /* checkmark.png in Resources */,
				C6D9E9861B4774CB00249DA4 /* AppleGaramond.ttf in Resources */,
				F7CF77DE1B5B2F5900013CF0 /* Pencil-50.png in Resources */,
				C6D9E9901B4778A400249DA4 /* MyriadPro-Regular.otf in Resources */,
				C68A13881B5BCE7B003CE324 /* NetworkErrorXIB.xib in Resources */,
				C64FD5C71B59A61A00AE8EA6 /* test_schedule2.json in Resources */,
				F76F3BD81B61E0D90068C41C /* QR Code-50.png in Resources */,
				F7CF77DD1B5B2F5900013CF0 /* Pencil-25.png in Resources */,
				F7E000481B72EA6000BF0839 /* icon76.png in Resources */,
				C6CFD05B1B45EDA90067A6AD /* Main.storyboard in Resources */,
				C6D9E98D1B4778A400249DA4 /* MyriadPro-Bold.otf in Resources */,
				F7CF77E01B5B2F5900013CF0 /* Twitter-25.png in Resources */,
				F7CF77E21B5B2F5900013CF0 /* Twitter-75.png in Resources */,
				F76F3BD51B61E0D90068C41C /* QR Code-25.png in Resources */,
				F7CF77D91B5B2F5900013CF0 /* Calendar-75.png in Resources */,
				F79185011B5A839600EFF287 /* TwitterKitResources.bundle in Resources */,
				C68956361B52AFBB006D188F /* Media.xcassets in Resources */,
				F7B9F4F61B89124900D5FBE4 /* Mount_Allison_Logo2.jpg in Resources */,
				F7CF77E11B5B2F5900013CF0 /* Twitter-50.png in Resources */,
				C677E7A71B8102BC001DF097 /* speakers_test.json in Resources */,
				C677E7A31B80FE27001DF097 /* MTALiveLogo.png in Resources */,
				F7E000491B72EA6000BF0839 /* icon120.png in Resources */,
				C6D9E9771B4774CB00249DA4 /* AppleGaramond-Bold.ttf in Resources */,
				F7E0004A1B72EA6000BF0839 /* icon152.png in Resources */,
				F7CF77D71B5B2F5900013CF0 /* Calendar-25.png in Resources */,
				F7CF77D81B5B2F5900013CF0 /* Calendar-50.png in Resources */,
			);
			runOnlyForDeploymentPostprocessing = 0;
		};
		C6CFD0641B45EDA90067A6AD /* Resources */ = {
			isa = PBXResourcesBuildPhase;
			buildActionMask = 2147483647;
			files = (
				C677E7C01B811840001DF097 /* rhonda.png in Resources */,
				C67926AE1B4DC94100EA86B4 /* LaunchScreen.storyboard in Resources */,
				F76F3BD91B61E0D90068C41C /* QR Code-50.png in Resources */,
				C67926AF1B4DC94100EA86B4 /* TabBarIcons.xcassets in Resources */,
				C62B04171B7FA85C00613EA9 /* MansbrideSummitpresents.jpg in Resources */,
				C6D9E9611B474F1000249DA4 /* Main.storyboard in Resources */,
				F7D1B8611B5C8E1600D34341 /* NetworkErrorXIB.xib in Resources */,
				C677E7A81B8102BC001DF097 /* speakers_test.json in Resources */,
				F76F3BD61B61E0D90068C41C /* QR Code-25.png in Resources */,
				C69808EB1B5D05D900164BC6 /* YTPlayer.html in Resources */,
				F7D1B8631B5C8E1A00D34341 /* RegistrationSuccessXIB.xib in Resources */,
				C6D9E9781B4774CB00249DA4 /* AppleGaramond-Bold.ttf in Resources */,
				C6E163341B481C5000942749 /* test_schedule.json in Resources */,
				C64FD5C81B59A61A00AE8EA6 /* test_schedule2.json in Resources */,
				C677E7A41B80FE27001DF097 /* MTALiveLogo.png in Resources */,
				C6D9E98E1B4778A400249DA4 /* MyriadPro-Bold.otf in Resources */,
				C6D9E9871B4774CB00249DA4 /* AppleGaramond.ttf in Resources */,
				F79185021B5A839600EFF287 /* TwitterKitResources.bundle in Resources */,
				F76F3BDC1B61E0D90068C41C /* QR Code-75.png in Resources */,
				C654C7761BCDCD400060D0B3 /* tmp_twitter_tanks.png in Resources */,
				C68956371B52AFBB006D188F /* Media.xcassets in Resources */,
				C6D9E9911B4778A400249DA4 /* MyriadPro-Regular.otf in Resources */,
				C651A8BE1BCDC0E500B1F72C /* steve.png in Resources */,
			);
			runOnlyForDeploymentPostprocessing = 0;
		};
		C6CFD06F1B45EDA90067A6AD /* Resources */ = {
			isa = PBXResourcesBuildPhase;
			buildActionMask = 2147483647;
			files = (
				C677E7C11B811840001DF097 /* rhonda.png in Resources */,
				C67926B21B4DC94B00EA86B4 /* LaunchScreen.storyboard in Resources */,
				F76F3BDA1B61E0D90068C41C /* QR Code-50.png in Resources */,
				C67926B31B4DC94B00EA86B4 /* TabBarIcons.xcassets in Resources */,
				C62B04181B7FA85C00613EA9 /* MansbrideSummitpresents.jpg in Resources */,
				C67926AB1B4DC91B00EA86B4 /* test_schedule.json in Resources */,
				F7D1B8621B5C8E1600D34341 /* NetworkErrorXIB.xib in Resources */,
				C677E7A91B8102BC001DF097 /* speakers_test.json in Resources */,
				F76F3BD71B61E0D90068C41C /* QR Code-25.png in Resources */,
				C69808EC1B5D05D900164BC6 /* YTPlayer.html in Resources */,
				F7D1B8641B5C8E1A00D34341 /* RegistrationSuccessXIB.xib in Resources */,
				C6D9E9621B474F1100249DA4 /* Main.storyboard in Resources */,
				C6D9E9791B4774CB00249DA4 /* AppleGaramond-Bold.ttf in Resources */,
				C64FD5C91B59A61A00AE8EA6 /* test_schedule2.json in Resources */,
				C677E7A51B80FE27001DF097 /* MTALiveLogo.png in Resources */,
				C6D9E98F1B4778A400249DA4 /* MyriadPro-Bold.otf in Resources */,
				C6D9E9881B4774CB00249DA4 /* AppleGaramond.ttf in Resources */,
				F79185031B5A839600EFF287 /* TwitterKitResources.bundle in Resources */,
				F76F3BDD1B61E0D90068C41C /* QR Code-75.png in Resources */,
				C654C7771BCDCD400060D0B3 /* tmp_twitter_tanks.png in Resources */,
				C68956381B52AFBB006D188F /* Media.xcassets in Resources */,
				C6D9E9921B4778A400249DA4 /* MyriadPro-Regular.otf in Resources */,
				C651A8BF1BCDC0E500B1F72C /* steve.png in Resources */,
			);
			runOnlyForDeploymentPostprocessing = 0;
		};
/* End PBXResourcesBuildPhase section */

/* Begin PBXShellScriptBuildPhase section */
		F79184B31B5A79CE00EFF287 /* ShellScript */ = {
			isa = PBXShellScriptBuildPhase;
			buildActionMask = 2147483647;
			files = (
			);
			inputPaths = (
			);
			outputPaths = (
			);
			runOnlyForDeploymentPostprocessing = 0;
			shellPath = /bin/sh;
			shellScript = "./Fabric.framework/run d2d8bc8db6ee86555a8bd3e55263b2e030493e6d a31b9158587061d8d7884ca8028c6f4f779c7f7e671c3eaf7883c6235987e5ac";
		};
/* End PBXShellScriptBuildPhase section */

/* Begin PBXSourcesBuildPhase section */
		C6CFD04C1B45EDA90067A6AD /* Sources */ = {
			isa = PBXSourcesBuildPhase;
			buildActionMask = 2147483647;
			files = (
				C6D9E9681B475E2D00249DA4 /* Constants.swift in Sources */,
				C63580E61B7FE8D000BDE559 /* Dots.swift in Sources */,
				C6CFD0541B45EDA90067A6AD /* AppDelegate.swift in Sources */,
				C69808E71B5D05D900164BC6 /* YouTubePlayer.swift in Sources */,
				C65BE8E41B631FE4008C064D /* TwitterController.m in Sources */,
				C68A138A1B5BF1A2003CE324 /* MSProtocols.swift in Sources */,
				C6D9E9641B475BCD00249DA4 /* Extensions.swift in Sources */,
				C67F0DB21B6977C20020B18C /* MSHomeModelController.swift in Sources */,
				C69E4A5C1B46090E00BD981C /* MSQRCodeTabController.swift in Sources */,
				C664DE731B57254800CFB209 /* Reachability.m in Sources */,
				F7E33DBF1B8003CA00450A22 /* MSScheduleUITableViewCell.swift in Sources */,
				C60B695B1B61C6F200190140 /* Connection.m in Sources */,
				C689563B1B52B399006D188F /* MSFrontPageView.swift in Sources */,
				C67F0DCF1B69B6130020B18C /* DataLoader.swift in Sources */,
				F7581FB71B63218900406498 /* MSHomeController.swift in Sources */,
				C67F0DBE1B699D7B0020B18C /* MSSpeakerScrollView.swift in Sources */,
				F7581FB61B63218900406498 /* PageViewControllers.swift in Sources */,
				F7E33DC01B8003CA00450A22 /* MSScheduleUITableViewController.swift in Sources */,
				C6E1632E1B481AE600942749 /* MSScheduleModels.swift in Sources */,
				F7E33DC21B80F34D00450A22 /* MSTabBarController.swift in Sources */,
				C67F0DD31B69BC240020B18C /* MSSpeakerModel.swift in Sources */,
				C6E163391B48296600942749 /* SwiftyJSON.swift in Sources */,
				C69E4A581B4608C500BD981C /* MSRegisterTabController.swift in Sources */,
			);
			runOnlyForDeploymentPostprocessing = 0;
		};
		C6CFD0621B45EDA90067A6AD /* Sources */ = {
			isa = PBXSourcesBuildPhase;
			buildActionMask = 2147483647;
			files = (
				C61EEFC91B6AF6D30012DA3D /* MSHomePageViewTest.swift in Sources */,
				C67F0DC11B69A4640020B18C /* MSHomeController.swift in Sources */,
				C67F0DC21B69A4640020B18C /* PageViewControllers.swift in Sources */,
				C6A0D9871B59FE7C00C8172D /* MScheduleTableViewTests.swift in Sources */,
				F7E33DC51B81548700450A22 /* MSScheduleUITableViewController.swift in Sources */,
				C6A0D9891B59FE7C00C8172D /* ExtensionsTests.swift in Sources */,
				C6A0D9851B59FD9A00C8172D /* AppDelegate.swift in Sources */,
				C69BCCD01B6AEE0E0027ACE7 /* MSHomePage.swift in Sources */,
				C67F0DBF1B699D7B0020B18C /* MSSpeakerScrollView.swift in Sources */,
				C67F0DB31B6977C20020B18C /* MSHomeModelController.swift in Sources */,
				C6E1632F1B481AE600942749 /* MSScheduleModels.swift in Sources */,
				C69808E81B5D05D900164BC6 /* YouTubePlayer.swift in Sources */,
				F7E33DC31B81548400450A22 /* MSScheduleUITableViewCell.swift in Sources */,
				C67F0DD01B69B6130020B18C /* DataLoader.swift in Sources */,
				C65BE8E51B631FE4008C064D /* TwitterController.m in Sources */,
				C63580E71B7FE8D000BDE559 /* Dots.swift in Sources */,
				C6E1632A1B48137900942749 /* MSScheduleTableControllerTests.swift in Sources */,
				C61EEFCE1B6AF9F00012DA3D /* MSTwitterTabTests.m in Sources */,
				C664DE741B57254800CFB209 /* Reachability.m in Sources */,
				C6E1633D1B482A7200942749 /* MSScheduleJsonFileTests.swift in Sources */,
				C6D9E9691B475E2D00249DA4 /* Constants.swift in Sources */,
				C6D9E9651B475BCD00249DA4 /* Extensions.swift in Sources */,
				C67F0DD41B69BC240020B18C /* MSSpeakerModel.swift in Sources */,
				C69E4A5D1B46090E00BD981C /* MSQRCodeTabController.swift in Sources */,
				C689563C1B52B399006D188F /* MSFrontPageView.swift in Sources */,
				C6E1633A1B48296600942749 /* SwiftyJSON.swift in Sources */,
				C6C00A6C1B45F3B300709992 /* MSTabBarController.swift in Sources */,
				C68A138B1B5BF1A2003CE324 /* MSProtocols.swift in Sources */,
				C6E1632C1B4814EC00942749 /* MSScheduleCellViewTests.swift in Sources */,
				C6E9E5391B5F06A90037C617 /* RegisterPageGeneralTests.swift in Sources */,
				C69E4A591B4608C500BD981C /* MSRegisterTabController.swift in Sources */,
				C6D9E9941B477C3300249DA4 /* ConstantsTests.swift in Sources */,
				C60B695C1B61C6F200190140 /* Connection.m in Sources */,
			);
			runOnlyForDeploymentPostprocessing = 0;
		};
		C6CFD06D1B45EDA90067A6AD /* Sources */ = {
			isa = PBXSourcesBuildPhase;
			buildActionMask = 2147483647;
			files = (
				F7E33DC61B81548700450A22 /* MSScheduleUITableViewController.swift in Sources */,
				C67F0DC31B69A46D0020B18C /* MSHomeController.swift in Sources */,
				C67F0DC41B69A46D0020B18C /* PageViewControllers.swift in Sources */,
				C6A0D98E1B59FF0400C8172D /* MSScheduleTests.swift in Sources */,
				C6A0D98F1B59FF0400C8172D /* MansbridgeSummitUITests.swift in Sources */,
				C65BE8E61B631FE4008C064D /* TwitterController.m in Sources */,
				F7E33DC41B81548400450A22 /* MSScheduleUITableViewCell.swift in Sources */,
				C6A0D97C1B59FD9200C8172D /* AppDelegate.swift in Sources */,
				C67F0DD11B69B6130020B18C /* DataLoader.swift in Sources */,
				C67F0DD51B69BC240020B18C /* MSSpeakerModel.swift in Sources */,
				C67F0DB41B6977C20020B18C /* MSHomeModelController.swift in Sources */,
				C6D9E96A1B475E2D00249DA4 /* Constants.swift in Sources */,
				F7E33DBC1B7D6B9000450A22 /* MSTwitterUITests.swift in Sources */,
				C63580E81B7FE8D000BDE559 /* Dots.swift in Sources */,
				C6D9E9661B475BCD00249DA4 /* Extensions.swift in Sources */,
				C69E4A5E1B46090E00BD981C /* MSQRCodeTabController.swift in Sources */,
				C687DE881B6C184D0049BD84 /* YouTubePlayer.swift in Sources */,
				C664DE751B57254800CFB209 /* Reachability.m in Sources */,
				C6E163301B481AE600942749 /* MSScheduleModels.swift in Sources */,
				C67F0DC01B699D7B0020B18C /* MSSpeakerScrollView.swift in Sources */,
				C6C00A6D1B45F3B300709992 /* MSTabBarController.swift in Sources */,
				C6E1633B1B48296600942749 /* SwiftyJSON.swift in Sources */,
				C69E4A5A1B4608C500BD981C /* MSRegisterTabController.swift in Sources */,
				C60B695D1B61C6F200190140 /* Connection.m in Sources */,
				C68A138C1B5BF1A2003CE324 /* MSProtocols.swift in Sources */,
				C689563D1B52B399006D188F /* MSFrontPageView.swift in Sources */,
			);
			runOnlyForDeploymentPostprocessing = 0;
		};
/* End PBXSourcesBuildPhase section */

/* Begin PBXTargetDependency section */
		C6CFD0681B45EDA90067A6AD /* PBXTargetDependency */ = {
			isa = PBXTargetDependency;
			target = C6CFD04F1B45EDA90067A6AD /* MTA Summit */;
			targetProxy = C6CFD0671B45EDA90067A6AD /* PBXContainerItemProxy */;
		};
		C6CFD0731B45EDA90067A6AD /* PBXTargetDependency */ = {
			isa = PBXTargetDependency;
			target = C6CFD04F1B45EDA90067A6AD /* MTA Summit */;
			targetProxy = C6CFD0721B45EDA90067A6AD /* PBXContainerItemProxy */;
		};
/* End PBXTargetDependency section */

/* Begin PBXVariantGroup section */
		C6CFD0591B45EDA90067A6AD /* Main.storyboard */ = {
			isa = PBXVariantGroup;
			children = (
				C6CFD05A1B45EDA90067A6AD /* Base */,
			);
			name = Main.storyboard;
			sourceTree = "<group>";
		};
		C6CFD05E1B45EDA90067A6AD /* LaunchScreen.storyboard */ = {
			isa = PBXVariantGroup;
			children = (
				C6CFD05F1B45EDA90067A6AD /* Base */,
			);
			name = LaunchScreen.storyboard;
			sourceTree = "<group>";
		};
/* End PBXVariantGroup section */

/* Begin XCBuildConfiguration section */
		C6CFD0781B45EDA90067A6AD /* Debug */ = {
			isa = XCBuildConfiguration;
			buildSettings = {
				ALWAYS_SEARCH_USER_PATHS = YES;
				CLANG_CXX_LANGUAGE_STANDARD = "gnu++0x";
				CLANG_CXX_LIBRARY = "libc++";
				CLANG_ENABLE_MODULES = YES;
				CLANG_ENABLE_OBJC_ARC = YES;
				CLANG_WARN_BOOL_CONVERSION = YES;
				CLANG_WARN_CONSTANT_CONVERSION = YES;
				CLANG_WARN_DIRECT_OBJC_ISA_USAGE = YES_ERROR;
				CLANG_WARN_EMPTY_BODY = YES;
				CLANG_WARN_ENUM_CONVERSION = YES;
				CLANG_WARN_INT_CONVERSION = YES;
				CLANG_WARN_OBJC_ROOT_CLASS = YES_ERROR;
				CLANG_WARN_UNREACHABLE_CODE = YES;
				CLANG_WARN__DUPLICATE_METHOD_MATCH = YES;
				"CODE_SIGN_IDENTITY[sdk=iphoneos*]" = "iPhone Developer";
				COPY_PHASE_STRIP = NO;
				DEBUG_INFORMATION_FORMAT = "dwarf-with-dsym";
				DEFINES_MODULE = YES;
				ENABLE_STRICT_OBJC_MSGSEND = YES;
				ENABLE_TESTABILITY = YES;
				FRAMEWORK_SEARCH_PATHS = "${SRCROOT}";
				GCC_C_LANGUAGE_STANDARD = gnu99;
				GCC_DYNAMIC_NO_PIC = NO;
				GCC_NO_COMMON_BLOCKS = YES;
				GCC_OPTIMIZATION_LEVEL = 0;
				GCC_PREPROCESSOR_DEFINITIONS = (
					"DEBUG=1",
					"$(inherited)",
				);
				GCC_WARN_64_TO_32_BIT_CONVERSION = YES;
				GCC_WARN_ABOUT_RETURN_TYPE = YES_ERROR;
				GCC_WARN_UNDECLARED_SELECTOR = YES;
				GCC_WARN_UNINITIALIZED_AUTOS = YES_AGGRESSIVE;
				GCC_WARN_UNUSED_FUNCTION = YES;
				GCC_WARN_UNUSED_VARIABLE = YES;
				"HEADER_SEARCH_PATHS[arch=*]" = "${SRCROOT}";
				IPHONEOS_DEPLOYMENT_TARGET = 8.0;
				MTL_ENABLE_DEBUG_INFO = YES;
				ONLY_ACTIVE_ARCH = YES;
				PRODUCT_MODULE_NAME = MansbridgeSummit;
				SDKROOT = iphoneos;
				SWIFT_OPTIMIZATION_LEVEL = "-Onone";
				TARGETED_DEVICE_FAMILY = "1,2";
				"USER_HEADER_SEARCH_PATHS[arch=*]" = "${SRCROOT}";
			};
			name = Debug;
		};
		C6CFD0791B45EDA90067A6AD /* Release */ = {
			isa = XCBuildConfiguration;
			buildSettings = {
				ALWAYS_SEARCH_USER_PATHS = YES;
				CLANG_CXX_LANGUAGE_STANDARD = "gnu++0x";
				CLANG_CXX_LIBRARY = "libc++";
				CLANG_ENABLE_MODULES = YES;
				CLANG_ENABLE_OBJC_ARC = YES;
				CLANG_WARN_BOOL_CONVERSION = YES;
				CLANG_WARN_CONSTANT_CONVERSION = YES;
				CLANG_WARN_DIRECT_OBJC_ISA_USAGE = YES_ERROR;
				CLANG_WARN_EMPTY_BODY = YES;
				CLANG_WARN_ENUM_CONVERSION = YES;
				CLANG_WARN_INT_CONVERSION = YES;
				CLANG_WARN_OBJC_ROOT_CLASS = YES_ERROR;
				CLANG_WARN_UNREACHABLE_CODE = YES;
				CLANG_WARN__DUPLICATE_METHOD_MATCH = YES;
				"CODE_SIGN_IDENTITY[sdk=iphoneos*]" = "iPhone Developer";
				COPY_PHASE_STRIP = NO;
				DEBUG_INFORMATION_FORMAT = "dwarf-with-dsym";
				DEFINES_MODULE = YES;
				ENABLE_NS_ASSERTIONS = NO;
				ENABLE_STRICT_OBJC_MSGSEND = YES;
				FRAMEWORK_SEARCH_PATHS = "${SRCROOT}";
				GCC_C_LANGUAGE_STANDARD = gnu99;
				GCC_NO_COMMON_BLOCKS = YES;
				GCC_WARN_64_TO_32_BIT_CONVERSION = YES;
				GCC_WARN_ABOUT_RETURN_TYPE = YES_ERROR;
				GCC_WARN_UNDECLARED_SELECTOR = YES;
				GCC_WARN_UNINITIALIZED_AUTOS = YES_AGGRESSIVE;
				GCC_WARN_UNUSED_FUNCTION = YES;
				GCC_WARN_UNUSED_VARIABLE = YES;
				"HEADER_SEARCH_PATHS[arch=*]" = "${SRCROOT}";
				IPHONEOS_DEPLOYMENT_TARGET = 8.0;
				MTL_ENABLE_DEBUG_INFO = NO;
				PRODUCT_MODULE_NAME = MansbridgeSummit;
				SDKROOT = iphoneos;
				TARGETED_DEVICE_FAMILY = "1,2";
				"USER_HEADER_SEARCH_PATHS[arch=*]" = "${SRCROOT}";
				VALIDATE_PRODUCT = YES;
			};
			name = Release;
		};
		C6CFD07B1B45EDA90067A6AD /* Debug */ = {
			isa = XCBuildConfiguration;
			buildSettings = {
				ALWAYS_SEARCH_USER_PATHS = YES;
				ASSETCATALOG_COMPILER_APPICON_NAME = AppIcon;
				CLANG_ENABLE_MODULES = YES;
				CODE_SIGN_IDENTITY = "iPhone Developer";
				"CODE_SIGN_IDENTITY[sdk=iphoneos*]" = "iPhone Developer";
				ENABLE_BITCODE = NO;
				FRAMEWORK_SEARCH_PATHS = (
					"$(inherited)",
					"$(PROJECT_DIR)/MansbridgeSummit",
				);
				"HEADER_SEARCH_PATHS[arch=*]" = "$(SRCROOT)/**";
				INFOPLIST_FILE = MansbridgeSummit/Info.plist;
				IPHONEOS_DEPLOYMENT_TARGET = 8.0;
				LD_RUNPATH_SEARCH_PATHS = "$(inherited) @executable_path/Frameworks";
				PRODUCT_BUNDLE_IDENTIFIER = com.mta.MansbridgeSummit;
				PRODUCT_NAME = "$(TARGET_NAME)";
				PROVISIONING_PROFILE = "";
				SWIFT_OBJC_BRIDGING_HEADER = "MansbridgeSummit/MansbridgeSummit-Bridging-Header.h";
				SWIFT_OPTIMIZATION_LEVEL = "-Onone";
				"USER_HEADER_SEARCH_PATHS[arch=*]" = "$(SRCROOT)/**";
			};
			name = Debug;
		};
		C6CFD07C1B45EDA90067A6AD /* Release */ = {
			isa = XCBuildConfiguration;
			buildSettings = {
				ALWAYS_SEARCH_USER_PATHS = YES;
				ASSETCATALOG_COMPILER_APPICON_NAME = AppIcon;
				CLANG_ENABLE_MODULES = YES;
				CODE_SIGN_IDENTITY = "iPhone Developer";
				"CODE_SIGN_IDENTITY[sdk=iphoneos*]" = "iPhone Developer";
				ENABLE_BITCODE = NO;
				FRAMEWORK_SEARCH_PATHS = (
					"$(inherited)",
					"$(PROJECT_DIR)/MansbridgeSummit",
				);
				"HEADER_SEARCH_PATHS[arch=*]" = "$(SRCROOT)/**";
				INFOPLIST_FILE = MansbridgeSummit/Info.plist;
				IPHONEOS_DEPLOYMENT_TARGET = 8.0;
				LD_RUNPATH_SEARCH_PATHS = "$(inherited) @executable_path/Frameworks";
				PRODUCT_BUNDLE_IDENTIFIER = com.mta.MansbridgeSummit;
				PRODUCT_NAME = "$(TARGET_NAME)";
				PROVISIONING_PROFILE = "";
				SWIFT_OBJC_BRIDGING_HEADER = "MansbridgeSummit/MansbridgeSummit-Bridging-Header.h";
				"USER_HEADER_SEARCH_PATHS[arch=*]" = "$(SRCROOT)/**";
			};
			name = Release;
		};
		C6CFD07E1B45EDA90067A6AD /* Debug */ = {
			isa = XCBuildConfiguration;
			buildSettings = {
				BUNDLE_LOADER = "$(TEST_HOST)";
				CLANG_ENABLE_MODULES = YES;
				INFOPLIST_FILE = MansbridgeSummitTests/Info.plist;
				LD_RUNPATH_SEARCH_PATHS = "$(inherited) @executable_path/Frameworks @loader_path/Frameworks";
				PRODUCT_BUNDLE_IDENTIFIER = com.mta.MansbridgeSummitTests;
				PRODUCT_NAME = "$(TARGET_NAME)";
				SWIFT_OBJC_BRIDGING_HEADER = "MansbridgeSummit/MansbridgeSummitTests-Bridging-Header.h";
				SWIFT_OPTIMIZATION_LEVEL = "-Onone";
				TEST_HOST = "$(BUILT_PRODUCTS_DIR)/MansbridgeSummit.app/MansbridgeSummit";
			};
			name = Debug;
		};
		C6CFD07F1B45EDA90067A6AD /* Release */ = {
			isa = XCBuildConfiguration;
			buildSettings = {
				BUNDLE_LOADER = "$(TEST_HOST)";
				CLANG_ENABLE_MODULES = YES;
				INFOPLIST_FILE = MansbridgeSummitTests/Info.plist;
				LD_RUNPATH_SEARCH_PATHS = "$(inherited) @executable_path/Frameworks @loader_path/Frameworks";
				PRODUCT_BUNDLE_IDENTIFIER = com.mta.MansbridgeSummitTests;
				PRODUCT_NAME = "$(TARGET_NAME)";
				SWIFT_OBJC_BRIDGING_HEADER = "MansbridgeSummit/MansbridgeSummitTests-Bridging-Header.h";
				TEST_HOST = "$(BUILT_PRODUCTS_DIR)/MansbridgeSummit.app/MansbridgeSummit";
			};
			name = Release;
		};
		C6CFD0811B45EDA90067A6AD /* Debug */ = {
			isa = XCBuildConfiguration;
			buildSettings = {
				CLANG_ENABLE_MODULES = YES;
				FRAMEWORK_SEARCH_PATHS = "$(SRCROOT)/";
				INFOPLIST_FILE = MansbridgeSummitUITests/Info.plist;
				LD_RUNPATH_SEARCH_PATHS = "$(inherited) @executable_path/Frameworks @loader_path/Frameworks";
				PRODUCT_BUNDLE_IDENTIFIER = com.mta.MansbridgeSummitUITests;
				PRODUCT_NAME = "$(TARGET_NAME)";
				SWIFT_OBJC_BRIDGING_HEADER = "MansbridgeSummit/MansbridgeSummitUITests-Bridging-Header.h";
				SWIFT_OPTIMIZATION_LEVEL = "-Onone";
				TEST_TARGET_NAME = MansbridgeSummit;
				USES_XCTRUNNER = YES;
			};
			name = Debug;
		};
		C6CFD0821B45EDA90067A6AD /* Release */ = {
			isa = XCBuildConfiguration;
			buildSettings = {
				CLANG_ENABLE_MODULES = YES;
				FRAMEWORK_SEARCH_PATHS = "$(SRCROOT)/";
				INFOPLIST_FILE = MansbridgeSummitUITests/Info.plist;
				LD_RUNPATH_SEARCH_PATHS = "$(inherited) @executable_path/Frameworks @loader_path/Frameworks";
				PRODUCT_BUNDLE_IDENTIFIER = com.mta.MansbridgeSummitUITests;
				PRODUCT_NAME = "$(TARGET_NAME)";
				SWIFT_OBJC_BRIDGING_HEADER = "MansbridgeSummit/MansbridgeSummitUITests-Bridging-Header.h";
				TEST_TARGET_NAME = MansbridgeSummit;
				USES_XCTRUNNER = YES;
			};
			name = Release;
		};
/* End XCBuildConfiguration section */

/* Begin XCConfigurationList section */
		C6CFD04B1B45EDA90067A6AD /* Build configuration list for PBXProject "MansbridgeSummit" */ = {
			isa = XCConfigurationList;
			buildConfigurations = (
				C6CFD0781B45EDA90067A6AD /* Debug */,
				C6CFD0791B45EDA90067A6AD /* Release */,
			);
			defaultConfigurationIsVisible = 0;
			defaultConfigurationName = Release;
		};
		C6CFD07A1B45EDA90067A6AD /* Build configuration list for PBXNativeTarget "MTA Summit" */ = {
			isa = XCConfigurationList;
			buildConfigurations = (
				C6CFD07B1B45EDA90067A6AD /* Debug */,
				C6CFD07C1B45EDA90067A6AD /* Release */,
			);
			defaultConfigurationIsVisible = 0;
			defaultConfigurationName = Release;
		};
		C6CFD07D1B45EDA90067A6AD /* Build configuration list for PBXNativeTarget "MansbridgeSummitTests" */ = {
			isa = XCConfigurationList;
			buildConfigurations = (
				C6CFD07E1B45EDA90067A6AD /* Debug */,
				C6CFD07F1B45EDA90067A6AD /* Release */,
			);
			defaultConfigurationIsVisible = 0;
			defaultConfigurationName = Release;
		};
		C6CFD0801B45EDA90067A6AD /* Build configuration list for PBXNativeTarget "MansbridgeSummitUITests" */ = {
			isa = XCConfigurationList;
			buildConfigurations = (
				C6CFD0811B45EDA90067A6AD /* Debug */,
				C6CFD0821B45EDA90067A6AD /* Release */,
			);
			defaultConfigurationIsVisible = 0;
			defaultConfigurationName = Release;
		};
/* End XCConfigurationList section */
	};
	rootObject = C6CFD0481B45EDA90067A6AD /* Project object */;
}
