// !$*UTF8*$!
{
	archiveVersion = 1;
	classes = {
	};
	objectVersion = 46;
	objects = {

/* Begin PBXBuildFile section */
		C69E4A541B46088800BD981C /* MSTwitterTabController.swift in Sources */ = {isa = PBXBuildFile; fileRef = C69E4A531B46088800BD981C /* MSTwitterTabController.swift */; };
		C69E4A551B46088800BD981C /* MSTwitterTabController.swift in Sources */ = {isa = PBXBuildFile; fileRef = C69E4A531B46088800BD981C /* MSTwitterTabController.swift */; };
		C69E4A561B46088800BD981C /* MSTwitterTabController.swift in Sources */ = {isa = PBXBuildFile; fileRef = C69E4A531B46088800BD981C /* MSTwitterTabController.swift */; };
		C69E4A581B4608C500BD981C /* MSRegisterTabController.swift in Sources */ = {isa = PBXBuildFile; fileRef = C69E4A571B4608C500BD981C /* MSRegisterTabController.swift */; };
		C69E4A591B4608C500BD981C /* MSRegisterTabController.swift in Sources */ = {isa = PBXBuildFile; fileRef = C69E4A571B4608C500BD981C /* MSRegisterTabController.swift */; };
		C69E4A5A1B4608C500BD981C /* MSRegisterTabController.swift in Sources */ = {isa = PBXBuildFile; fileRef = C69E4A571B4608C500BD981C /* MSRegisterTabController.swift */; };
		C69E4A5C1B46090E00BD981C /* MSAboutTabController.swift in Sources */ = {isa = PBXBuildFile; fileRef = C69E4A5B1B46090E00BD981C /* MSAboutTabController.swift */; };
		C69E4A5D1B46090E00BD981C /* MSAboutTabController.swift in Sources */ = {isa = PBXBuildFile; fileRef = C69E4A5B1B46090E00BD981C /* MSAboutTabController.swift */; };
		C69E4A5E1B46090E00BD981C /* MSAboutTabController.swift in Sources */ = {isa = PBXBuildFile; fileRef = C69E4A5B1B46090E00BD981C /* MSAboutTabController.swift */; };
		C69E4A601B4609D700BD981C /* MSPrimaryTabController.swift in Sources */ = {isa = PBXBuildFile; fileRef = C69E4A5F1B4609D700BD981C /* MSPrimaryTabController.swift */; };
		C69E4A611B4609D700BD981C /* MSPrimaryTabController.swift in Sources */ = {isa = PBXBuildFile; fileRef = C69E4A5F1B4609D700BD981C /* MSPrimaryTabController.swift */; };
		C69E4A621B4609D700BD981C /* MSPrimaryTabController.swift in Sources */ = {isa = PBXBuildFile; fileRef = C69E4A5F1B4609D700BD981C /* MSPrimaryTabController.swift */; };
		C69E4A641B460A3F00BD981C /* MSScheduleTableController.swift in Sources */ = {isa = PBXBuildFile; fileRef = C69E4A631B460A3F00BD981C /* MSScheduleTableController.swift */; };
		C69E4A651B460A3F00BD981C /* MSScheduleTableController.swift in Sources */ = {isa = PBXBuildFile; fileRef = C69E4A631B460A3F00BD981C /* MSScheduleTableController.swift */; };
		C69E4A661B460A3F00BD981C /* MSScheduleTableController.swift in Sources */ = {isa = PBXBuildFile; fileRef = C69E4A631B460A3F00BD981C /* MSScheduleTableController.swift */; };
		C69E4A6E1B4612A600BD981C /* MSScheduleCellView.swift in Sources */ = {isa = PBXBuildFile; fileRef = C69E4A6D1B4612A600BD981C /* MSScheduleCellView.swift */; };
		C69E4A6F1B4612A600BD981C /* MSScheduleCellView.swift in Sources */ = {isa = PBXBuildFile; fileRef = C69E4A6D1B4612A600BD981C /* MSScheduleCellView.swift */; };
		C69E4A701B4612A600BD981C /* MSScheduleCellView.swift in Sources */ = {isa = PBXBuildFile; fileRef = C69E4A6D1B4612A600BD981C /* MSScheduleCellView.swift */; };
		C69E4A721B4620AC00BD981C /* MSScheduleTableView.swift in Sources */ = {isa = PBXBuildFile; fileRef = C69E4A711B4620AC00BD981C /* MSScheduleTableView.swift */; };
		C69E4A731B4620AC00BD981C /* MSScheduleTableView.swift in Sources */ = {isa = PBXBuildFile; fileRef = C69E4A711B4620AC00BD981C /* MSScheduleTableView.swift */; };
		C69E4A741B4620AC00BD981C /* MSScheduleTableView.swift in Sources */ = {isa = PBXBuildFile; fileRef = C69E4A711B4620AC00BD981C /* MSScheduleTableView.swift */; };
		C6C00A6B1B45F3B300709992 /* MSTabBarController.swift in Sources */ = {isa = PBXBuildFile; fileRef = C6C00A6A1B45F3B300709992 /* MSTabBarController.swift */; };
		C6C00A6C1B45F3B300709992 /* MSTabBarController.swift in Sources */ = {isa = PBXBuildFile; fileRef = C6C00A6A1B45F3B300709992 /* MSTabBarController.swift */; };
		C6C00A6D1B45F3B300709992 /* MSTabBarController.swift in Sources */ = {isa = PBXBuildFile; fileRef = C6C00A6A1B45F3B300709992 /* MSTabBarController.swift */; };
		C6CFD0541B45EDA90067A6AD /* AppDelegate.swift in Sources */ = {isa = PBXBuildFile; fileRef = C6CFD0531B45EDA90067A6AD /* AppDelegate.swift */; };
		C6CFD05B1B45EDA90067A6AD /* Main.storyboard in Resources */ = {isa = PBXBuildFile; fileRef = C6CFD0591B45EDA90067A6AD /* Main.storyboard */; };
		C6CFD05D1B45EDA90067A6AD /* Assets.xcassets in Resources */ = {isa = PBXBuildFile; fileRef = C6CFD05C1B45EDA90067A6AD /* Assets.xcassets */; };
		C6CFD0601B45EDA90067A6AD /* LaunchScreen.storyboard in Resources */ = {isa = PBXBuildFile; fileRef = C6CFD05E1B45EDA90067A6AD /* LaunchScreen.storyboard */; };
		C6CFD0761B45EDA90067A6AD /* MansbridgeSummitUITests.swift in Sources */ = {isa = PBXBuildFile; fileRef = C6CFD0751B45EDA90067A6AD /* MansbridgeSummitUITests.swift */; };
		C6D9E9611B474F1000249DA4 /* Main.storyboard in Resources */ = {isa = PBXBuildFile; fileRef = C6CFD0591B45EDA90067A6AD /* Main.storyboard */; };
		C6D9E9621B474F1100249DA4 /* Main.storyboard in Resources */ = {isa = PBXBuildFile; fileRef = C6CFD0591B45EDA90067A6AD /* Main.storyboard */; };
		C6D9E9641B475BCD00249DA4 /* Extensions.swift in Sources */ = {isa = PBXBuildFile; fileRef = C6D9E9631B475BCD00249DA4 /* Extensions.swift */; };
		C6D9E9651B475BCD00249DA4 /* Extensions.swift in Sources */ = {isa = PBXBuildFile; fileRef = C6D9E9631B475BCD00249DA4 /* Extensions.swift */; };
		C6D9E9661B475BCD00249DA4 /* Extensions.swift in Sources */ = {isa = PBXBuildFile; fileRef = C6D9E9631B475BCD00249DA4 /* Extensions.swift */; };
		C6D9E9681B475E2D00249DA4 /* Constants.swift in Sources */ = {isa = PBXBuildFile; fileRef = C6D9E9671B475E2D00249DA4 /* Constants.swift */; };
		C6D9E9691B475E2D00249DA4 /* Constants.swift in Sources */ = {isa = PBXBuildFile; fileRef = C6D9E9671B475E2D00249DA4 /* Constants.swift */; };
		C6D9E96A1B475E2D00249DA4 /* Constants.swift in Sources */ = {isa = PBXBuildFile; fileRef = C6D9E9671B475E2D00249DA4 /* Constants.swift */; };
		C6D9E9771B4774CB00249DA4 /* AppleGaramond-Bold.ttf in Resources */ = {isa = PBXBuildFile; fileRef = C6D9E9711B4774CB00249DA4 /* AppleGaramond-Bold.ttf */; };
		C6D9E9781B4774CB00249DA4 /* AppleGaramond-Bold.ttf in Resources */ = {isa = PBXBuildFile; fileRef = C6D9E9711B4774CB00249DA4 /* AppleGaramond-Bold.ttf */; };
		C6D9E9791B4774CB00249DA4 /* AppleGaramond-Bold.ttf in Resources */ = {isa = PBXBuildFile; fileRef = C6D9E9711B4774CB00249DA4 /* AppleGaramond-Bold.ttf */; };
		C6D9E9861B4774CB00249DA4 /* AppleGaramond.ttf in Resources */ = {isa = PBXBuildFile; fileRef = C6D9E9761B4774CB00249DA4 /* AppleGaramond.ttf */; };
		C6D9E9871B4774CB00249DA4 /* AppleGaramond.ttf in Resources */ = {isa = PBXBuildFile; fileRef = C6D9E9761B4774CB00249DA4 /* AppleGaramond.ttf */; };
		C6D9E9881B4774CB00249DA4 /* AppleGaramond.ttf in Resources */ = {isa = PBXBuildFile; fileRef = C6D9E9761B4774CB00249DA4 /* AppleGaramond.ttf */; };
		C6D9E98D1B4778A400249DA4 /* MyriadPro-Bold.OTF in Resources */ = {isa = PBXBuildFile; fileRef = C6D9E98B1B4778A400249DA4 /* MyriadPro-Bold.OTF */; };
		C6D9E98E1B4778A400249DA4 /* MyriadPro-Bold.OTF in Resources */ = {isa = PBXBuildFile; fileRef = C6D9E98B1B4778A400249DA4 /* MyriadPro-Bold.OTF */; };
		C6D9E98F1B4778A400249DA4 /* MyriadPro-Bold.OTF in Resources */ = {isa = PBXBuildFile; fileRef = C6D9E98B1B4778A400249DA4 /* MyriadPro-Bold.OTF */; };
		C6D9E9901B4778A400249DA4 /* MyriadPro-Regular.OTF in Resources */ = {isa = PBXBuildFile; fileRef = C6D9E98C1B4778A400249DA4 /* MyriadPro-Regular.OTF */; };
		C6D9E9911B4778A400249DA4 /* MyriadPro-Regular.OTF in Resources */ = {isa = PBXBuildFile; fileRef = C6D9E98C1B4778A400249DA4 /* MyriadPro-Regular.OTF */; };
		C6D9E9921B4778A400249DA4 /* MyriadPro-Regular.OTF in Resources */ = {isa = PBXBuildFile; fileRef = C6D9E98C1B4778A400249DA4 /* MyriadPro-Regular.OTF */; };
		C6D9E9941B477C3300249DA4 /* ConstantsTests.swift in Sources */ = {isa = PBXBuildFile; fileRef = C6D9E9931B477C3300249DA4 /* ConstantsTests.swift */; };
		C6D9E9961B477D6E00249DA4 /* ExtensionsTests.swift in Sources */ = {isa = PBXBuildFile; fileRef = C6D9E9951B477D6E00249DA4 /* ExtensionsTests.swift */; };
		C6E1632A1B48137900942749 /* MSScheduleTableControllerTests.swift in Sources */ = {isa = PBXBuildFile; fileRef = C6E163291B48137900942749 /* MSScheduleTableControllerTests.swift */; };
		C6E1632C1B4814EC00942749 /* MSScheduleCellView.Tests.swift in Sources */ = {isa = PBXBuildFile; fileRef = C6E1632B1B4814EC00942749 /* MSScheduleCellView.Tests.swift */; };
/* End PBXBuildFile section */

/* Begin PBXContainerItemProxy section */
		C6CFD0671B45EDA90067A6AD /* PBXContainerItemProxy */ = {
			isa = PBXContainerItemProxy;
			containerPortal = C6CFD0481B45EDA90067A6AD /* Project object */;
			proxyType = 1;
			remoteGlobalIDString = C6CFD04F1B45EDA90067A6AD;
			remoteInfo = MansbridgeSummit;
		};
		C6CFD0721B45EDA90067A6AD /* PBXContainerItemProxy */ = {
			isa = PBXContainerItemProxy;
			containerPortal = C6CFD0481B45EDA90067A6AD /* Project object */;
			proxyType = 1;
			remoteGlobalIDString = C6CFD04F1B45EDA90067A6AD;
			remoteInfo = MansbridgeSummit;
		};
/* End PBXContainerItemProxy section */

/* Begin PBXFileReference section */
		C69E4A531B46088800BD981C /* MSTwitterTabController.swift */ = {isa = PBXFileReference; fileEncoding = 4; lastKnownFileType = sourcecode.swift; path = MSTwitterTabController.swift; sourceTree = "<group>"; };
		C69E4A571B4608C500BD981C /* MSRegisterTabController.swift */ = {isa = PBXFileReference; fileEncoding = 4; lastKnownFileType = sourcecode.swift; path = MSRegisterTabController.swift; sourceTree = "<group>"; };
		C69E4A5B1B46090E00BD981C /* MSAboutTabController.swift */ = {isa = PBXFileReference; fileEncoding = 4; lastKnownFileType = sourcecode.swift; path = MSAboutTabController.swift; sourceTree = "<group>"; };
		C69E4A5F1B4609D700BD981C /* MSPrimaryTabController.swift */ = {isa = PBXFileReference; fileEncoding = 4; lastKnownFileType = sourcecode.swift; path = MSPrimaryTabController.swift; sourceTree = "<group>"; };
		C69E4A631B460A3F00BD981C /* MSScheduleTableController.swift */ = {isa = PBXFileReference; fileEncoding = 4; lastKnownFileType = sourcecode.swift; path = MSScheduleTableController.swift; sourceTree = "<group>"; };
		C69E4A6D1B4612A600BD981C /* MSScheduleCellView.swift */ = {isa = PBXFileReference; fileEncoding = 4; lastKnownFileType = sourcecode.swift; path = MSScheduleCellView.swift; sourceTree = "<group>"; };
		C69E4A711B4620AC00BD981C /* MSScheduleTableView.swift */ = {isa = PBXFileReference; fileEncoding = 4; lastKnownFileType = sourcecode.swift; path = MSScheduleTableView.swift; sourceTree = "<group>"; };
		C6C00A6A1B45F3B300709992 /* MSTabBarController.swift */ = {isa = PBXFileReference; fileEncoding = 4; lastKnownFileType = sourcecode.swift; path = MSTabBarController.swift; sourceTree = "<group>"; };
		C6CFD0501B45EDA90067A6AD /* MansbridgeSummit.app */ = {isa = PBXFileReference; explicitFileType = wrapper.application; includeInIndex = 0; path = MansbridgeSummit.app; sourceTree = BUILT_PRODUCTS_DIR; };
		C6CFD0531B45EDA90067A6AD /* AppDelegate.swift */ = {isa = PBXFileReference; lastKnownFileType = sourcecode.swift; path = AppDelegate.swift; sourceTree = "<group>"; };
		C6CFD05A1B45EDA90067A6AD /* Base */ = {isa = PBXFileReference; lastKnownFileType = file.storyboard; name = Base; path = Base.lproj/Main.storyboard; sourceTree = "<group>"; };
		C6CFD05C1B45EDA90067A6AD /* Assets.xcassets */ = {isa = PBXFileReference; lastKnownFileType = folder.assetcatalog; path = Assets.xcassets; sourceTree = "<group>"; };
		C6CFD05F1B45EDA90067A6AD /* Base */ = {isa = PBXFileReference; lastKnownFileType = file.storyboard; name = Base; path = Base.lproj/LaunchScreen.storyboard; sourceTree = "<group>"; };
		C6CFD0611B45EDA90067A6AD /* Info.plist */ = {isa = PBXFileReference; lastKnownFileType = text.plist.xml; path = Info.plist; sourceTree = "<group>"; };
		C6CFD0661B45EDA90067A6AD /* MansbridgeSummitTests.xctest */ = {isa = PBXFileReference; explicitFileType = wrapper.cfbundle; includeInIndex = 0; path = MansbridgeSummitTests.xctest; sourceTree = BUILT_PRODUCTS_DIR; };
		C6CFD06C1B45EDA90067A6AD /* Info.plist */ = {isa = PBXFileReference; lastKnownFileType = text.plist.xml; path = Info.plist; sourceTree = "<group>"; };
		C6CFD0711B45EDA90067A6AD /* MansbridgeSummitUITests.xctest */ = {isa = PBXFileReference; explicitFileType = wrapper.cfbundle; includeInIndex = 0; path = MansbridgeSummitUITests.xctest; sourceTree = BUILT_PRODUCTS_DIR; };
		C6CFD0751B45EDA90067A6AD /* MansbridgeSummitUITests.swift */ = {isa = PBXFileReference; lastKnownFileType = sourcecode.swift; path = MansbridgeSummitUITests.swift; sourceTree = "<group>"; };
		C6CFD0771B45EDA90067A6AD /* Info.plist */ = {isa = PBXFileReference; lastKnownFileType = text.plist.xml; path = Info.plist; sourceTree = "<group>"; };
		C6D9E9631B475BCD00249DA4 /* Extensions.swift */ = {isa = PBXFileReference; fileEncoding = 4; lastKnownFileType = sourcecode.swift; path = Extensions.swift; sourceTree = "<group>"; };
		C6D9E9671B475E2D00249DA4 /* Constants.swift */ = {isa = PBXFileReference; fileEncoding = 4; lastKnownFileType = sourcecode.swift; path = Constants.swift; sourceTree = "<group>"; };
		C6D9E9711B4774CB00249DA4 /* AppleGaramond-Bold.ttf */ = {isa = PBXFileReference; lastKnownFileType = file; path = "AppleGaramond-Bold.ttf"; sourceTree = "<group>"; };
		C6D9E9761B4774CB00249DA4 /* AppleGaramond.ttf */ = {isa = PBXFileReference; lastKnownFileType = file; path = AppleGaramond.ttf; sourceTree = "<group>"; };
		C6D9E98B1B4778A400249DA4 /* MyriadPro-Bold.OTF */ = {isa = PBXFileReference; lastKnownFileType = file; path = "MyriadPro-Bold.OTF"; sourceTree = "<group>"; };
		C6D9E98C1B4778A400249DA4 /* MyriadPro-Regular.OTF */ = {isa = PBXFileReference; lastKnownFileType = file; path = "MyriadPro-Regular.OTF"; sourceTree = "<group>"; };
		C6D9E9931B477C3300249DA4 /* ConstantsTests.swift */ = {isa = PBXFileReference; fileEncoding = 4; lastKnownFileType = sourcecode.swift; path = ConstantsTests.swift; sourceTree = "<group>"; };
		C6D9E9951B477D6E00249DA4 /* ExtensionsTests.swift */ = {isa = PBXFileReference; fileEncoding = 4; lastKnownFileType = sourcecode.swift; path = ExtensionsTests.swift; sourceTree = "<group>"; };
		C6E163291B48137900942749 /* MSScheduleTableControllerTests.swift */ = {isa = PBXFileReference; fileEncoding = 4; lastKnownFileType = sourcecode.swift; path = MSScheduleTableControllerTests.swift; sourceTree = "<group>"; };
		C6E1632B1B4814EC00942749 /* MSScheduleCellView.Tests.swift */ = {isa = PBXFileReference; fileEncoding = 4; lastKnownFileType = sourcecode.swift; path = MSScheduleCellView.Tests.swift; sourceTree = "<group>"; };
/* End PBXFileReference section */

/* Begin PBXFrameworksBuildPhase section */
		C6CFD04D1B45EDA90067A6AD /* Frameworks */ = {
			isa = PBXFrameworksBuildPhase;
			buildActionMask = 2147483647;
			files = (
			);
			runOnlyForDeploymentPostprocessing = 0;
		};
		C6CFD0631B45EDA90067A6AD /* Frameworks */ = {
			isa = PBXFrameworksBuildPhase;
			buildActionMask = 2147483647;
			files = (
			);
			runOnlyForDeploymentPostprocessing = 0;
		};
		C6CFD06E1B45EDA90067A6AD /* Frameworks */ = {
			isa = PBXFrameworksBuildPhase;
			buildActionMask = 2147483647;
			files = (
			);
			runOnlyForDeploymentPostprocessing = 0;
		};
/* End PBXFrameworksBuildPhase section */

/* Begin PBXGroup section */
		C69E4A671B460A5000BD981C /* Tabs */ = {
			isa = PBXGroup;
			children = (
				C69E4A5F1B4609D700BD981C /* MSPrimaryTabController.swift */,
				C69E4A571B4608C500BD981C /* MSRegisterTabController.swift */,
				C69E4A6C1B46128900BD981C /* ScheduleTab */,
				C69E4A531B46088800BD981C /* MSTwitterTabController.swift */,
				C69E4A5B1B46090E00BD981C /* MSAboutTabController.swift */,
			);
			name = Tabs;
			sourceTree = "<group>";
		};
		C69E4A6C1B46128900BD981C /* ScheduleTab */ = {
			isa = PBXGroup;
			children = (
				C69E4A631B460A3F00BD981C /* MSScheduleTableController.swift */,
				C69E4A711B4620AC00BD981C /* MSScheduleTableView.swift */,
				C69E4A6D1B4612A600BD981C /* MSScheduleCellView.swift */,
			);
			name = ScheduleTab;
			sourceTree = "<group>";
		};
		C6CFD0471B45EDA90067A6AD = {
			isa = PBXGroup;
			children = (
				C6CFD0521B45EDA90067A6AD /* MansbridgeSummit */,
				C6CFD0691B45EDA90067A6AD /* MansbridgeSummitTests */,
				C6CFD0741B45EDA90067A6AD /* MansbridgeSummitUITests */,
				C6CFD0511B45EDA90067A6AD /* Products */,
			);
			sourceTree = "<group>";
		};
		C6CFD0511B45EDA90067A6AD /* Products */ = {
			isa = PBXGroup;
			children = (
				C6CFD0501B45EDA90067A6AD /* MansbridgeSummit.app */,
				C6CFD0661B45EDA90067A6AD /* MansbridgeSummitTests.xctest */,
				C6CFD0711B45EDA90067A6AD /* MansbridgeSummitUITests.xctest */,
			);
			name = Products;
			sourceTree = "<group>";
		};
		C6CFD0521B45EDA90067A6AD /* MansbridgeSummit */ = {
			isa = PBXGroup;
			children = (
				C6CFD0591B45EDA90067A6AD /* Main.storyboard */,
				C6CFD05E1B45EDA90067A6AD /* LaunchScreen.storyboard */,
				C6D9E9631B475BCD00249DA4 /* Extensions.swift */,
				C6D9E9671B475E2D00249DA4 /* Constants.swift */,
				C6CFD0531B45EDA90067A6AD /* AppDelegate.swift */,
				C6C00A6A1B45F3B300709992 /* MSTabBarController.swift */,
				C6CFD0611B45EDA90067A6AD /* Info.plist */,
				C69E4A671B460A5000BD981C /* Tabs */,
				C6D9E96B1B47747700249DA4 /* Resources */,
			);
			path = MansbridgeSummit;
			sourceTree = "<group>";
		};
		C6CFD0691B45EDA90067A6AD /* MansbridgeSummitTests */ = {
			isa = PBXGroup;
			children = (
				C6E163281B48135100942749 /* MSScheduleTests */,
				C6D9E9931B477C3300249DA4 /* ConstantsTests.swift */,
				C6D9E9951B477D6E00249DA4 /* ExtensionsTests.swift */,
				C6CFD06C1B45EDA90067A6AD /* Info.plist */,
			);
			path = MansbridgeSummitTests;
			sourceTree = "<group>";
		};
		C6CFD0741B45EDA90067A6AD /* MansbridgeSummitUITests */ = {
			isa = PBXGroup;
			children = (
				C6CFD0751B45EDA90067A6AD /* MansbridgeSummitUITests.swift */,
				C6CFD0771B45EDA90067A6AD /* Info.plist */,
			);
			path = MansbridgeSummitUITests;
			sourceTree = "<group>";
		};
		C6D9E96B1B47747700249DA4 /* Resources */ = {
			isa = PBXGroup;
			children = (
				C6D9E9891B47785000249DA4 /* Fonts */,
				C6CFD05C1B45EDA90067A6AD /* Assets.xcassets */,
			);
			name = Resources;
			sourceTree = "<group>";
		};
		C6D9E9701B4774B100249DA4 /* Garamond_fonts */ = {
			isa = PBXGroup;
			children = (
				C6D9E9711B4774CB00249DA4 /* AppleGaramond-Bold.ttf */,
				C6D9E9761B4774CB00249DA4 /* AppleGaramond.ttf */,
			);
			name = Garamond_fonts;
			sourceTree = "<group>";
		};
		C6D9E9891B47785000249DA4 /* Fonts */ = {
			isa = PBXGroup;
			children = (
				C6D9E98A1B47785900249DA4 /* Myraid_pro */,
				C6D9E9701B4774B100249DA4 /* Garamond_fonts */,
			);
			name = Fonts;
			sourceTree = "<group>";
		};
		C6D9E98A1B47785900249DA4 /* Myraid_pro */ = {
			isa = PBXGroup;
			children = (
				C6D9E98B1B4778A400249DA4 /* MyriadPro-Bold.OTF */,
				C6D9E98C1B4778A400249DA4 /* MyriadPro-Regular.OTF */,
			);
			name = Myraid_pro;
			sourceTree = "<group>";
		};
		C6E163281B48135100942749 /* MSScheduleTests */ = {
			isa = PBXGroup;
			children = (
				C6E163291B48137900942749 /* MSScheduleTableControllerTests.swift */,
				C6E1632B1B4814EC00942749 /* MSScheduleCellView.Tests.swift */,
			);
			name = MSScheduleTests;
			sourceTree = "<group>";
		};
/* End PBXGroup section */

/* Begin PBXNativeTarget section */
		C6CFD04F1B45EDA90067A6AD /* MansbridgeSummit */ = {
			isa = PBXNativeTarget;
			buildConfigurationList = C6CFD07A1B45EDA90067A6AD /* Build configuration list for PBXNativeTarget "MansbridgeSummit" */;
			buildPhases = (
				C6CFD04C1B45EDA90067A6AD /* Sources */,
				C6CFD04D1B45EDA90067A6AD /* Frameworks */,
				C6CFD04E1B45EDA90067A6AD /* Resources */,
			);
			buildRules = (
			);
			dependencies = (
			);
			name = MansbridgeSummit;
			productName = MansbridgeSummit;
			productReference = C6CFD0501B45EDA90067A6AD /* MansbridgeSummit.app */;
			productType = "com.apple.product-type.application";
		};
		C6CFD0651B45EDA90067A6AD /* MansbridgeSummitTests */ = {
			isa = PBXNativeTarget;
			buildConfigurationList = C6CFD07D1B45EDA90067A6AD /* Build configuration list for PBXNativeTarget "MansbridgeSummitTests" */;
			buildPhases = (
				C6CFD0621B45EDA90067A6AD /* Sources */,
				C6CFD0631B45EDA90067A6AD /* Frameworks */,
				C6CFD0641B45EDA90067A6AD /* Resources */,
			);
			buildRules = (
			);
			dependencies = (
				C6CFD0681B45EDA90067A6AD /* PBXTargetDependency */,
			);
			name = MansbridgeSummitTests;
			productName = MansbridgeSummitTests;
			productReference = C6CFD0661B45EDA90067A6AD /* MansbridgeSummitTests.xctest */;
			productType = "com.apple.product-type.bundle.unit-test";
		};
		C6CFD0701B45EDA90067A6AD /* MansbridgeSummitUITests */ = {
			isa = PBXNativeTarget;
			buildConfigurationList = C6CFD0801B45EDA90067A6AD /* Build configuration list for PBXNativeTarget "MansbridgeSummitUITests" */;
			buildPhases = (
				C6CFD06D1B45EDA90067A6AD /* Sources */,
				C6CFD06E1B45EDA90067A6AD /* Frameworks */,
				C6CFD06F1B45EDA90067A6AD /* Resources */,
			);
			buildRules = (
			);
			dependencies = (
				C6CFD0731B45EDA90067A6AD /* PBXTargetDependency */,
			);
			name = MansbridgeSummitUITests;
			productName = MansbridgeSummitUITests;
			productReference = C6CFD0711B45EDA90067A6AD /* MansbridgeSummitUITests.xctest */;
			productType = "com.apple.product-type.bundle.ui-testing";
		};
/* End PBXNativeTarget section */

/* Begin PBXProject section */
		C6CFD0481B45EDA90067A6AD /* Project object */ = {
			isa = PBXProject;
			attributes = {
				LastUpgradeCheck = 0700;
				ORGANIZATIONNAME = "Mansbridge Summit Dev Team";
				TargetAttributes = {
					C6CFD04F1B45EDA90067A6AD = {
						CreatedOnToolsVersion = 7.0;
					};
					C6CFD0651B45EDA90067A6AD = {
						CreatedOnToolsVersion = 7.0;
						TestTargetID = C6CFD04F1B45EDA90067A6AD;
					};
					C6CFD0701B45EDA90067A6AD = {
						CreatedOnToolsVersion = 7.0;
						TestTargetID = C6CFD04F1B45EDA90067A6AD;
					};
				};
			};
			buildConfigurationList = C6CFD04B1B45EDA90067A6AD /* Build configuration list for PBXProject "MansbridgeSummit" */;
			compatibilityVersion = "Xcode 3.2";
			developmentRegion = English;
			hasScannedForEncodings = 0;
			knownRegions = (
				en,
				Base,
			);
			mainGroup = C6CFD0471B45EDA90067A6AD;
			productRefGroup = C6CFD0511B45EDA90067A6AD /* Products */;
			projectDirPath = "";
			projectRoot = "";
			targets = (
				C6CFD04F1B45EDA90067A6AD /* MansbridgeSummit */,
				C6CFD0651B45EDA90067A6AD /* MansbridgeSummitTests */,
				C6CFD0701B45EDA90067A6AD /* MansbridgeSummitUITests */,
			);
		};
/* End PBXProject section */

/* Begin PBXResourcesBuildPhase section */
		C6CFD04E1B45EDA90067A6AD /* Resources */ = {
			isa = PBXResourcesBuildPhase;
			buildActionMask = 2147483647;
			files = (
				C6CFD0601B45EDA90067A6AD /* LaunchScreen.storyboard in Resources */,
				C6CFD05D1B45EDA90067A6AD /* Assets.xcassets in Resources */,
				C6D9E9861B4774CB00249DA4 /* AppleGaramond.ttf in Resources */,
				C6D9E9901B4778A400249DA4 /* MyriadPro-Regular.OTF in Resources */,
				C6CFD05B1B45EDA90067A6AD /* Main.storyboard in Resources */,
				C6D9E98D1B4778A400249DA4 /* MyriadPro-Bold.OTF in Resources */,
				C6D9E9771B4774CB00249DA4 /* AppleGaramond-Bold.ttf in Resources */,
			);
			runOnlyForDeploymentPostprocessing = 0;
		};
		C6CFD0641B45EDA90067A6AD /* Resources */ = {
			isa = PBXResourcesBuildPhase;
			buildActionMask = 2147483647;
			files = (
				C6D9E9611B474F1000249DA4 /* Main.storyboard in Resources */,
				C6D9E9781B4774CB00249DA4 /* AppleGaramond-Bold.ttf in Resources */,
				C6D9E98E1B4778A400249DA4 /* MyriadPro-Bold.OTF in Resources */,
				C6D9E9871B4774CB00249DA4 /* AppleGaramond.ttf in Resources */,
				C6D9E9911B4778A400249DA4 /* MyriadPro-Regular.OTF in Resources */,
			);
			runOnlyForDeploymentPostprocessing = 0;
		};
		C6CFD06F1B45EDA90067A6AD /* Resources */ = {
			isa = PBXResourcesBuildPhase;
			buildActionMask = 2147483647;
			files = (
				C6D9E9621B474F1100249DA4 /* Main.storyboard in Resources */,
				C6D9E9791B4774CB00249DA4 /* AppleGaramond-Bold.ttf in Resources */,
				C6D9E98F1B4778A400249DA4 /* MyriadPro-Bold.OTF in Resources */,
				C6D9E9881B4774CB00249DA4 /* AppleGaramond.ttf in Resources */,
				C6D9E9921B4778A400249DA4 /* MyriadPro-Regular.OTF in Resources */,
			);
			runOnlyForDeploymentPostprocessing = 0;
		};
/* End PBXResourcesBuildPhase section */

/* Begin PBXSourcesBuildPhase section */
		C6CFD04C1B45EDA90067A6AD /* Sources */ = {
			isa = PBXSourcesBuildPhase;
			buildActionMask = 2147483647;
			files = (
				C69E4A601B4609D700BD981C /* MSPrimaryTabController.swift in Sources */,
				C6D9E9681B475E2D00249DA4 /* Constants.swift in Sources */,
				C6CFD0541B45EDA90067A6AD /* AppDelegate.swift in Sources */,
				C69E4A541B46088800BD981C /* MSTwitterTabController.swift in Sources */,
				C69E4A721B4620AC00BD981C /* MSScheduleTableView.swift in Sources */,
				C69E4A6E1B4612A600BD981C /* MSScheduleCellView.swift in Sources */,
				C6D9E9641B475BCD00249DA4 /* Extensions.swift in Sources */,
				C69E4A5C1B46090E00BD981C /* MSAboutTabController.swift in Sources */,
				C69E4A641B460A3F00BD981C /* MSScheduleTableController.swift in Sources */,
				C6C00A6B1B45F3B300709992 /* MSTabBarController.swift in Sources */,
				C69E4A581B4608C500BD981C /* MSRegisterTabController.swift in Sources */,
			);
			runOnlyForDeploymentPostprocessing = 0;
		};
		C6CFD0621B45EDA90067A6AD /* Sources */ = {
			isa = PBXSourcesBuildPhase;
			buildActionMask = 2147483647;
			files = (
				C6E1632A1B48137900942749 /* MSScheduleTableControllerTests.swift in Sources */,
				C69E4A611B4609D700BD981C /* MSPrimaryTabController.swift in Sources */,
				C6D9E9961B477D6E00249DA4 /* ExtensionsTests.swift in Sources */,
				C6D9E9691B475E2D00249DA4 /* Constants.swift in Sources */,
				C69E4A551B46088800BD981C /* MSTwitterTabController.swift in Sources */,
				C69E4A731B4620AC00BD981C /* MSScheduleTableView.swift in Sources */,
				C69E4A6F1B4612A600BD981C /* MSScheduleCellView.swift in Sources */,
				C6D9E9651B475BCD00249DA4 /* Extensions.swift in Sources */,
				C69E4A5D1B46090E00BD981C /* MSAboutTabController.swift in Sources */,
				C69E4A651B460A3F00BD981C /* MSScheduleTableController.swift in Sources */,
				C6C00A6C1B45F3B300709992 /* MSTabBarController.swift in Sources */,
				C6E1632C1B4814EC00942749 /* MSScheduleCellView.Tests.swift in Sources */,
				C69E4A591B4608C500BD981C /* MSRegisterTabController.swift in Sources */,
				C6D9E9941B477C3300249DA4 /* ConstantsTests.swift in Sources */,
			);
			runOnlyForDeploymentPostprocessing = 0;
		};
		C6CFD06D1B45EDA90067A6AD /* Sources */ = {
			isa = PBXSourcesBuildPhase;
			buildActionMask = 2147483647;
			files = (
				C69E4A621B4609D700BD981C /* MSPrimaryTabController.swift in Sources */,
				C6D9E96A1B475E2D00249DA4 /* Constants.swift in Sources */,
				C6CFD0761B45EDA90067A6AD /* MansbridgeSummitUITests.swift in Sources */,
				C69E4A561B46088800BD981C /* MSTwitterTabController.swift in Sources */,
				C69E4A741B4620AC00BD981C /* MSScheduleTableView.swift in Sources */,
				C69E4A701B4612A600BD981C /* MSScheduleCellView.swift in Sources */,
				C6D9E9661B475BCD00249DA4 /* Extensions.swift in Sources */,
				C69E4A5E1B46090E00BD981C /* MSAboutTabController.swift in Sources */,
				C69E4A661B460A3F00BD981C /* MSScheduleTableController.swift in Sources */,
				C6C00A6D1B45F3B300709992 /* MSTabBarController.swift in Sources */,
				C69E4A5A1B4608C500BD981C /* MSRegisterTabController.swift in Sources */,
			);
			runOnlyForDeploymentPostprocessing = 0;
		};
/* End PBXSourcesBuildPhase section */

/* Begin PBXTargetDependency section */
		C6CFD0681B45EDA90067A6AD /* PBXTargetDependency */ = {
			isa = PBXTargetDependency;
			target = C6CFD04F1B45EDA90067A6AD /* MansbridgeSummit */;
			targetProxy = C6CFD0671B45EDA90067A6AD /* PBXContainerItemProxy */;
		};
		C6CFD0731B45EDA90067A6AD /* PBXTargetDependency */ = {
			isa = PBXTargetDependency;
			target = C6CFD04F1B45EDA90067A6AD /* MansbridgeSummit */;
			targetProxy = C6CFD0721B45EDA90067A6AD /* PBXContainerItemProxy */;
		};
/* End PBXTargetDependency section */

/* Begin PBXVariantGroup section */
		C6CFD0591B45EDA90067A6AD /* Main.storyboard */ = {
			isa = PBXVariantGroup;
			children = (
				C6CFD05A1B45EDA90067A6AD /* Base */,
			);
			name = Main.storyboard;
			sourceTree = "<group>";
		};
		C6CFD05E1B45EDA90067A6AD /* LaunchScreen.storyboard */ = {
			isa = PBXVariantGroup;
			children = (
				C6CFD05F1B45EDA90067A6AD /* Base */,
			);
			name = LaunchScreen.storyboard;
			sourceTree = "<group>";
		};
/* End PBXVariantGroup section */

/* Begin XCBuildConfiguration section */
		C6CFD0781B45EDA90067A6AD /* Debug */ = {
			isa = XCBuildConfiguration;
			buildSettings = {
				ALWAYS_SEARCH_USER_PATHS = NO;
				CLANG_CXX_LANGUAGE_STANDARD = "gnu++0x";
				CLANG_CXX_LIBRARY = "libc++";
				CLANG_ENABLE_MODULES = YES;
				CLANG_ENABLE_OBJC_ARC = YES;
				CLANG_WARN_BOOL_CONVERSION = YES;
				CLANG_WARN_CONSTANT_CONVERSION = YES;
				CLANG_WARN_DIRECT_OBJC_ISA_USAGE = YES_ERROR;
				CLANG_WARN_EMPTY_BODY = YES;
				CLANG_WARN_ENUM_CONVERSION = YES;
				CLANG_WARN_INT_CONVERSION = YES;
				CLANG_WARN_OBJC_ROOT_CLASS = YES_ERROR;
				CLANG_WARN_UNREACHABLE_CODE = YES;
				CLANG_WARN__DUPLICATE_METHOD_MATCH = YES;
				"CODE_SIGN_IDENTITY[sdk=iphoneos*]" = "iPhone Developer";
				COPY_PHASE_STRIP = NO;
				DEBUG_INFORMATION_FORMAT = dwarf;
				ENABLE_STRICT_OBJC_MSGSEND = YES;
				ENABLE_TESTABILITY = YES;
				GCC_C_LANGUAGE_STANDARD = gnu99;
				GCC_DYNAMIC_NO_PIC = NO;
				GCC_NO_COMMON_BLOCKS = YES;
				GCC_OPTIMIZATION_LEVEL = 0;
				GCC_PREPROCESSOR_DEFINITIONS = (
					"DEBUG=1",
					"$(inherited)",
				);
				GCC_WARN_64_TO_32_BIT_CONVERSION = YES;
				GCC_WARN_ABOUT_RETURN_TYPE = YES_ERROR;
				GCC_WARN_UNDECLARED_SELECTOR = YES;
				GCC_WARN_UNINITIALIZED_AUTOS = YES_AGGRESSIVE;
				GCC_WARN_UNUSED_FUNCTION = YES;
				GCC_WARN_UNUSED_VARIABLE = YES;
				IPHONEOS_DEPLOYMENT_TARGET = 9.0;
				MTL_ENABLE_DEBUG_INFO = YES;
				ONLY_ACTIVE_ARCH = YES;
				SDKROOT = iphoneos;
				SWIFT_OPTIMIZATION_LEVEL = "-Onone";
				TARGETED_DEVICE_FAMILY = "1,2";
			};
			name = Debug;
		};
		C6CFD0791B45EDA90067A6AD /* Release */ = {
			isa = XCBuildConfiguration;
			buildSettings = {
				ALWAYS_SEARCH_USER_PATHS = NO;
				CLANG_CXX_LANGUAGE_STANDARD = "gnu++0x";
				CLANG_CXX_LIBRARY = "libc++";
				CLANG_ENABLE_MODULES = YES;
				CLANG_ENABLE_OBJC_ARC = YES;
				CLANG_WARN_BOOL_CONVERSION = YES;
				CLANG_WARN_CONSTANT_CONVERSION = YES;
				CLANG_WARN_DIRECT_OBJC_ISA_USAGE = YES_ERROR;
				CLANG_WARN_EMPTY_BODY = YES;
				CLANG_WARN_ENUM_CONVERSION = YES;
				CLANG_WARN_INT_CONVERSION = YES;
				CLANG_WARN_OBJC_ROOT_CLASS = YES_ERROR;
				CLANG_WARN_UNREACHABLE_CODE = YES;
				CLANG_WARN__DUPLICATE_METHOD_MATCH = YES;
				"CODE_SIGN_IDENTITY[sdk=iphoneos*]" = "iPhone Developer";
				COPY_PHASE_STRIP = NO;
				DEBUG_INFORMATION_FORMAT = "dwarf-with-dsym";
				ENABLE_NS_ASSERTIONS = NO;
				ENABLE_STRICT_OBJC_MSGSEND = YES;
				GCC_C_LANGUAGE_STANDARD = gnu99;
				GCC_NO_COMMON_BLOCKS = YES;
				GCC_WARN_64_TO_32_BIT_CONVERSION = YES;
				GCC_WARN_ABOUT_RETURN_TYPE = YES_ERROR;
				GCC_WARN_UNDECLARED_SELECTOR = YES;
				GCC_WARN_UNINITIALIZED_AUTOS = YES_AGGRESSIVE;
				GCC_WARN_UNUSED_FUNCTION = YES;
				GCC_WARN_UNUSED_VARIABLE = YES;
				IPHONEOS_DEPLOYMENT_TARGET = 9.0;
				MTL_ENABLE_DEBUG_INFO = NO;
				SDKROOT = iphoneos;
				TARGETED_DEVICE_FAMILY = "1,2";
				VALIDATE_PRODUCT = YES;
			};
			name = Release;
		};
		C6CFD07B1B45EDA90067A6AD /* Debug */ = {
			isa = XCBuildConfiguration;
			buildSettings = {
				ASSETCATALOG_COMPILER_APPICON_NAME = AppIcon;
				INFOPLIST_FILE = MansbridgeSummit/Info.plist;
				IPHONEOS_DEPLOYMENT_TARGET = 7.0;
				LD_RUNPATH_SEARCH_PATHS = "$(inherited) @executable_path/Frameworks";
				PRODUCT_BUNDLE_IDENTIFIER = com.mta.MansbridgeSummit;
				PRODUCT_NAME = "$(TARGET_NAME)";
			};
			name = Debug;
		};
		C6CFD07C1B45EDA90067A6AD /* Release */ = {
			isa = XCBuildConfiguration;
			buildSettings = {
				ASSETCATALOG_COMPILER_APPICON_NAME = AppIcon;
				INFOPLIST_FILE = MansbridgeSummit/Info.plist;
				IPHONEOS_DEPLOYMENT_TARGET = 7.0;
				LD_RUNPATH_SEARCH_PATHS = "$(inherited) @executable_path/Frameworks";
				PRODUCT_BUNDLE_IDENTIFIER = com.mta.MansbridgeSummit;
				PRODUCT_NAME = "$(TARGET_NAME)";
			};
			name = Release;
		};
		C6CFD07E1B45EDA90067A6AD /* Debug */ = {
			isa = XCBuildConfiguration;
			buildSettings = {
				BUNDLE_LOADER = "$(TEST_HOST)";
				INFOPLIST_FILE = MansbridgeSummitTests/Info.plist;
				LD_RUNPATH_SEARCH_PATHS = "$(inherited) @executable_path/Frameworks @loader_path/Frameworks";
				PRODUCT_BUNDLE_IDENTIFIER = com.mta.MansbridgeSummitTests;
				PRODUCT_NAME = "$(TARGET_NAME)";
				TEST_HOST = "$(BUILT_PRODUCTS_DIR)/MansbridgeSummit.app/MansbridgeSummit";
			};
			name = Debug;
		};
		C6CFD07F1B45EDA90067A6AD /* Release */ = {
			isa = XCBuildConfiguration;
			buildSettings = {
				BUNDLE_LOADER = "$(TEST_HOST)";
				INFOPLIST_FILE = MansbridgeSummitTests/Info.plist;
				LD_RUNPATH_SEARCH_PATHS = "$(inherited) @executable_path/Frameworks @loader_path/Frameworks";
				PRODUCT_BUNDLE_IDENTIFIER = com.mta.MansbridgeSummitTests;
				PRODUCT_NAME = "$(TARGET_NAME)";
				TEST_HOST = "$(BUILT_PRODUCTS_DIR)/MansbridgeSummit.app/MansbridgeSummit";
			};
			name = Release;
		};
		C6CFD0811B45EDA90067A6AD /* Debug */ = {
			isa = XCBuildConfiguration;
			buildSettings = {
				INFOPLIST_FILE = MansbridgeSummitUITests/Info.plist;
				LD_RUNPATH_SEARCH_PATHS = "$(inherited) @executable_path/Frameworks @loader_path/Frameworks";
				PRODUCT_BUNDLE_IDENTIFIER = com.mta.MansbridgeSummitUITests;
				PRODUCT_NAME = "$(TARGET_NAME)";
				TEST_TARGET_NAME = MansbridgeSummit;
				USES_XCTRUNNER = YES;
			};
			name = Debug;
		};
		C6CFD0821B45EDA90067A6AD /* Release */ = {
			isa = XCBuildConfiguration;
			buildSettings = {
				INFOPLIST_FILE = MansbridgeSummitUITests/Info.plist;
				LD_RUNPATH_SEARCH_PATHS = "$(inherited) @executable_path/Frameworks @loader_path/Frameworks";
				PRODUCT_BUNDLE_IDENTIFIER = com.mta.MansbridgeSummitUITests;
				PRODUCT_NAME = "$(TARGET_NAME)";
				TEST_TARGET_NAME = MansbridgeSummit;
				USES_XCTRUNNER = YES;
			};
			name = Release;
		};
/* End XCBuildConfiguration section */

/* Begin XCConfigurationList section */
		C6CFD04B1B45EDA90067A6AD /* Build configuration list for PBXProject "MansbridgeSummit" */ = {
			isa = XCConfigurationList;
			buildConfigurations = (
				C6CFD0781B45EDA90067A6AD /* Debug */,
				C6CFD0791B45EDA90067A6AD /* Release */,
			);
			defaultConfigurationIsVisible = 0;
			defaultConfigurationName = Release;
		};
		C6CFD07A1B45EDA90067A6AD /* Build configuration list for PBXNativeTarget "MansbridgeSummit" */ = {
			isa = XCConfigurationList;
			buildConfigurations = (
				C6CFD07B1B45EDA90067A6AD /* Debug */,
				C6CFD07C1B45EDA90067A6AD /* Release */,
			);
			defaultConfigurationIsVisible = 0;
			defaultConfigurationName = Release;
		};
		C6CFD07D1B45EDA90067A6AD /* Build configuration list for PBXNativeTarget "MansbridgeSummitTests" */ = {
			isa = XCConfigurationList;
			buildConfigurations = (
				C6CFD07E1B45EDA90067A6AD /* Debug */,
				C6CFD07F1B45EDA90067A6AD /* Release */,
			);
			defaultConfigurationIsVisible = 0;
			defaultConfigurationName = Release;
		};
		C6CFD0801B45EDA90067A6AD /* Build configuration list for PBXNativeTarget "MansbridgeSummitUITests" */ = {
			isa = XCConfigurationList;
			buildConfigurations = (
				C6CFD0811B45EDA90067A6AD /* Debug */,
				C6CFD0821B45EDA90067A6AD /* Release */,
			);
			defaultConfigurationIsVisible = 0;
			defaultConfigurationName = Release;
		};
/* End XCConfigurationList section */
	};
	rootObject = C6CFD0481B45EDA90067A6AD /* Project object */;
}
