// !$*UTF8*$!
{
	archiveVersion = 1;
	classes = {
	};
	objectVersion = 46;
	objects = {

/* Begin PBXBuildFile section */
		C60B695B1B61C6F200190140 /* Connection.m in Sources */ = {isa = PBXBuildFile; fileRef = C60B695A1B61C6F200190140 /* Connection.m */; };
		C60B695C1B61C6F200190140 /* Connection.m in Sources */ = {isa = PBXBuildFile; fileRef = C60B695A1B61C6F200190140 /* Connection.m */; };
		C60B695D1B61C6F200190140 /* Connection.m in Sources */ = {isa = PBXBuildFile; fileRef = C60B695A1B61C6F200190140 /* Connection.m */; };
		C61C00641B4C7F1600AB4D6C /* MSEventPageController.swift in Sources */ = {isa = PBXBuildFile; fileRef = C61C00631B4C7F1600AB4D6C /* MSEventPageController.swift */; };
		C61C00651B4C7F1600AB4D6C /* MSEventPageController.swift in Sources */ = {isa = PBXBuildFile; fileRef = C61C00631B4C7F1600AB4D6C /* MSEventPageController.swift */; };
		C61C00661B4C7F1600AB4D6C /* MSEventPageController.swift in Sources */ = {isa = PBXBuildFile; fileRef = C61C00631B4C7F1600AB4D6C /* MSEventPageController.swift */; };
		C64FD5C71B59A61A00AE8EA6 /* test_schedule2.json in Resources */ = {isa = PBXBuildFile; fileRef = C64FD5C61B59A61A00AE8EA6 /* test_schedule2.json */; };
		C64FD5C81B59A61A00AE8EA6 /* test_schedule2.json in Resources */ = {isa = PBXBuildFile; fileRef = C64FD5C61B59A61A00AE8EA6 /* test_schedule2.json */; };
		C64FD5C91B59A61A00AE8EA6 /* test_schedule2.json in Resources */ = {isa = PBXBuildFile; fileRef = C64FD5C61B59A61A00AE8EA6 /* test_schedule2.json */; };
		C65BE8E11B631DE3008C064D /* CloudKit.framework in Frameworks */ = {isa = PBXBuildFile; fileRef = C65BE8E01B631DE3008C064D /* CloudKit.framework */; };
		C664DE731B57254800CFB209 /* Reachability.m in Sources */ = {isa = PBXBuildFile; fileRef = C664DE721B57254800CFB209 /* Reachability.m */; };
		C664DE741B57254800CFB209 /* Reachability.m in Sources */ = {isa = PBXBuildFile; fileRef = C664DE721B57254800CFB209 /* Reachability.m */; };
		C664DE751B57254800CFB209 /* Reachability.m in Sources */ = {isa = PBXBuildFile; fileRef = C664DE721B57254800CFB209 /* Reachability.m */; };
		C67926AB1B4DC91B00EA86B4 /* test_schedule.json in Resources */ = {isa = PBXBuildFile; fileRef = C6E163321B481C5000942749 /* test_schedule.json */; };
		C67926AE1B4DC94100EA86B4 /* LaunchScreen.storyboard in Resources */ = {isa = PBXBuildFile; fileRef = C6CFD05E1B45EDA90067A6AD /* LaunchScreen.storyboard */; };
		C67926AF1B4DC94100EA86B4 /* TabBarIcons.xcassets in Resources */ = {isa = PBXBuildFile; fileRef = C6CFD05C1B45EDA90067A6AD /* TabBarIcons.xcassets */; };
		C67926B21B4DC94B00EA86B4 /* LaunchScreen.storyboard in Resources */ = {isa = PBXBuildFile; fileRef = C6CFD05E1B45EDA90067A6AD /* LaunchScreen.storyboard */; };
		C67926B31B4DC94B00EA86B4 /* TabBarIcons.xcassets in Resources */ = {isa = PBXBuildFile; fileRef = C6CFD05C1B45EDA90067A6AD /* TabBarIcons.xcassets */; };
		C67BD26D1B5F1597006356C2 /* SystemConfiguration.framework in Frameworks */ = {isa = PBXBuildFile; fileRef = C67BD26C1B5F1597006356C2 /* SystemConfiguration.framework */; };
		C68956361B52AFBB006D188F /* Media.xcassets in Resources */ = {isa = PBXBuildFile; fileRef = C68956351B52AFBB006D188F /* Media.xcassets */; };
		C68956371B52AFBB006D188F /* Media.xcassets in Resources */ = {isa = PBXBuildFile; fileRef = C68956351B52AFBB006D188F /* Media.xcassets */; };
		C68956381B52AFBB006D188F /* Media.xcassets in Resources */ = {isa = PBXBuildFile; fileRef = C68956351B52AFBB006D188F /* Media.xcassets */; };
		C689563B1B52B399006D188F /* MSScrollView.swift in Sources */ = {isa = PBXBuildFile; fileRef = C689563A1B52B399006D188F /* MSScrollView.swift */; };
		C689563C1B52B399006D188F /* MSScrollView.swift in Sources */ = {isa = PBXBuildFile; fileRef = C689563A1B52B399006D188F /* MSScrollView.swift */; };
		C689563D1B52B399006D188F /* MSScrollView.swift in Sources */ = {isa = PBXBuildFile; fileRef = C689563A1B52B399006D188F /* MSScrollView.swift */; };
		C68A13881B5BCE7B003CE324 /* NetworkErrorXIB.xib in Resources */ = {isa = PBXBuildFile; fileRef = C68A13871B5BCE7B003CE324 /* NetworkErrorXIB.xib */; };
		C68A138A1B5BF1A2003CE324 /* MSProtocols.swift in Sources */ = {isa = PBXBuildFile; fileRef = C68A13891B5BF1A2003CE324 /* MSProtocols.swift */; };
		C68A138B1B5BF1A2003CE324 /* MSProtocols.swift in Sources */ = {isa = PBXBuildFile; fileRef = C68A13891B5BF1A2003CE324 /* MSProtocols.swift */; };
		C68A138C1B5BF1A2003CE324 /* MSProtocols.swift in Sources */ = {isa = PBXBuildFile; fileRef = C68A13891B5BF1A2003CE324 /* MSProtocols.swift */; };
		C69808E71B5D05D900164BC6 /* YouTubePlayer.swift in Sources */ = {isa = PBXBuildFile; fileRef = C69808E51B5D05D900164BC6 /* YouTubePlayer.swift */; };
		C69808E81B5D05D900164BC6 /* YouTubePlayer.swift in Sources */ = {isa = PBXBuildFile; fileRef = C69808E51B5D05D900164BC6 /* YouTubePlayer.swift */; };
		C69808E91B5D05D900164BC6 /* YouTubePlayer.swift in Sources */ = {isa = PBXBuildFile; fileRef = C69808E51B5D05D900164BC6 /* YouTubePlayer.swift */; };
		C69808EA1B5D05D900164BC6 /* YTPlayer.html in Resources */ = {isa = PBXBuildFile; fileRef = C69808E61B5D05D900164BC6 /* YTPlayer.html */; };
		C69808EB1B5D05D900164BC6 /* YTPlayer.html in Resources */ = {isa = PBXBuildFile; fileRef = C69808E61B5D05D900164BC6 /* YTPlayer.html */; };
		C69808EC1B5D05D900164BC6 /* YTPlayer.html in Resources */ = {isa = PBXBuildFile; fileRef = C69808E61B5D05D900164BC6 /* YTPlayer.html */; };
		C69E4A541B46088800BD981C /* MSTwitterTabController.swift in Sources */ = {isa = PBXBuildFile; fileRef = C69E4A531B46088800BD981C /* MSTwitterTabController.swift */; };
		C69E4A551B46088800BD981C /* MSTwitterTabController.swift in Sources */ = {isa = PBXBuildFile; fileRef = C69E4A531B46088800BD981C /* MSTwitterTabController.swift */; };
		C69E4A561B46088800BD981C /* MSTwitterTabController.swift in Sources */ = {isa = PBXBuildFile; fileRef = C69E4A531B46088800BD981C /* MSTwitterTabController.swift */; };
		C69E4A581B4608C500BD981C /* MSRegisterTabController.swift in Sources */ = {isa = PBXBuildFile; fileRef = C69E4A571B4608C500BD981C /* MSRegisterTabController.swift */; };
		C69E4A591B4608C500BD981C /* MSRegisterTabController.swift in Sources */ = {isa = PBXBuildFile; fileRef = C69E4A571B4608C500BD981C /* MSRegisterTabController.swift */; };
		C69E4A5A1B4608C500BD981C /* MSRegisterTabController.swift in Sources */ = {isa = PBXBuildFile; fileRef = C69E4A571B4608C500BD981C /* MSRegisterTabController.swift */; };
		C69E4A5C1B46090E00BD981C /* MSQRCodeTabController.swift in Sources */ = {isa = PBXBuildFile; fileRef = C69E4A5B1B46090E00BD981C /* MSQRCodeTabController.swift */; };
		C69E4A5D1B46090E00BD981C /* MSQRCodeTabController.swift in Sources */ = {isa = PBXBuildFile; fileRef = C69E4A5B1B46090E00BD981C /* MSQRCodeTabController.swift */; };
		C69E4A5E1B46090E00BD981C /* MSQRCodeTabController.swift in Sources */ = {isa = PBXBuildFile; fileRef = C69E4A5B1B46090E00BD981C /* MSQRCodeTabController.swift */; };
		C69E4A601B4609D700BD981C /* MSPrimaryTabController.swift in Sources */ = {isa = PBXBuildFile; fileRef = C69E4A5F1B4609D700BD981C /* MSPrimaryTabController.swift */; };
		C69E4A611B4609D700BD981C /* MSPrimaryTabController.swift in Sources */ = {isa = PBXBuildFile; fileRef = C69E4A5F1B4609D700BD981C /* MSPrimaryTabController.swift */; };
		C69E4A621B4609D700BD981C /* MSPrimaryTabController.swift in Sources */ = {isa = PBXBuildFile; fileRef = C69E4A5F1B4609D700BD981C /* MSPrimaryTabController.swift */; };
		C69E4A641B460A3F00BD981C /* MSScheduleTableController.swift in Sources */ = {isa = PBXBuildFile; fileRef = C69E4A631B460A3F00BD981C /* MSScheduleTableController.swift */; };
		C69E4A651B460A3F00BD981C /* MSScheduleTableController.swift in Sources */ = {isa = PBXBuildFile; fileRef = C69E4A631B460A3F00BD981C /* MSScheduleTableController.swift */; };
		C69E4A661B460A3F00BD981C /* MSScheduleTableController.swift in Sources */ = {isa = PBXBuildFile; fileRef = C69E4A631B460A3F00BD981C /* MSScheduleTableController.swift */; };
		C69E4A6E1B4612A600BD981C /* MSScheduleCellView.swift in Sources */ = {isa = PBXBuildFile; fileRef = C69E4A6D1B4612A600BD981C /* MSScheduleCellView.swift */; };
		C69E4A6F1B4612A600BD981C /* MSScheduleCellView.swift in Sources */ = {isa = PBXBuildFile; fileRef = C69E4A6D1B4612A600BD981C /* MSScheduleCellView.swift */; };
		C69E4A701B4612A600BD981C /* MSScheduleCellView.swift in Sources */ = {isa = PBXBuildFile; fileRef = C69E4A6D1B4612A600BD981C /* MSScheduleCellView.swift */; };
		C69E4A721B4620AC00BD981C /* MSScheduleTableView.swift in Sources */ = {isa = PBXBuildFile; fileRef = C69E4A711B4620AC00BD981C /* MSScheduleTableView.swift */; };
		C69E4A731B4620AC00BD981C /* MSScheduleTableView.swift in Sources */ = {isa = PBXBuildFile; fileRef = C69E4A711B4620AC00BD981C /* MSScheduleTableView.swift */; };
		C69E4A741B4620AC00BD981C /* MSScheduleTableView.swift in Sources */ = {isa = PBXBuildFile; fileRef = C69E4A711B4620AC00BD981C /* MSScheduleTableView.swift */; };
		C6A0D9661B59FCCC00C8172D /* NSDateFormatter+STTwitter.m in Sources */ = {isa = PBXBuildFile; fileRef = F74C19FE1B5967B000F09002 /* NSDateFormatter+STTwitter.m */; };
		C6A0D9671B59FCCC00C8172D /* NSString+STTwitter.m in Sources */ = {isa = PBXBuildFile; fileRef = F74C1A001B5967B000F09002 /* NSString+STTwitter.m */; };
		C6A0D9681B59FCCC00C8172D /* STHTTPRequest+STTwitter.m in Sources */ = {isa = PBXBuildFile; fileRef = F74C1A021B5967B000F09002 /* STHTTPRequest+STTwitter.m */; };
		C6A0D9691B59FCCC00C8172D /* STTwitterAPI.m in Sources */ = {isa = PBXBuildFile; fileRef = F74C1A051B5967B000F09002 /* STTwitterAPI.m */; };
		C6A0D96A1B59FCCC00C8172D /* STTwitterAppOnly.m in Sources */ = {isa = PBXBuildFile; fileRef = F74C1A071B5967B000F09002 /* STTwitterAppOnly.m */; };
		C6A0D96B1B59FCCC00C8172D /* STTwitterHTML.m in Sources */ = {isa = PBXBuildFile; fileRef = F74C1A091B5967B000F09002 /* STTwitterHTML.m */; };
		C6A0D96C1B59FCCC00C8172D /* STTwitterOAuth.m in Sources */ = {isa = PBXBuildFile; fileRef = F74C1A0B1B5967B000F09002 /* STTwitterOAuth.m */; };
		C6A0D96D1B59FCCC00C8172D /* STTwitterOS.m in Sources */ = {isa = PBXBuildFile; fileRef = F74C1A0D1B5967B000F09002 /* STTwitterOS.m */; };
		C6A0D96E1B59FCCC00C8172D /* BAVPlistNode.m in Sources */ = {isa = PBXBuildFile; fileRef = F74C1A111B5967B000F09002 /* BAVPlistNode.m */; };
		C6A0D96F1B59FCCC00C8172D /* JSONSyntaxHighlight.m in Sources */ = {isa = PBXBuildFile; fileRef = F74C1A131B5967B000F09002 /* JSONSyntaxHighlight.m */; };
		C6A0D9701B59FCCC00C8172D /* STHTTPRequest.m in Sources */ = {isa = PBXBuildFile; fileRef = F74C1A151B5967B000F09002 /* STHTTPRequest.m */; };
		C6A0D9711B59FCF000C8172D /* NSDateFormatter+STTwitter.m in Sources */ = {isa = PBXBuildFile; fileRef = F74C19FE1B5967B000F09002 /* NSDateFormatter+STTwitter.m */; };
		C6A0D9721B59FCF000C8172D /* NSString+STTwitter.m in Sources */ = {isa = PBXBuildFile; fileRef = F74C1A001B5967B000F09002 /* NSString+STTwitter.m */; };
		C6A0D9731B59FCF000C8172D /* STHTTPRequest+STTwitter.m in Sources */ = {isa = PBXBuildFile; fileRef = F74C1A021B5967B000F09002 /* STHTTPRequest+STTwitter.m */; };
		C6A0D9741B59FCF000C8172D /* STTwitterAPI.m in Sources */ = {isa = PBXBuildFile; fileRef = F74C1A051B5967B000F09002 /* STTwitterAPI.m */; };
		C6A0D9751B59FCF000C8172D /* STTwitterAppOnly.m in Sources */ = {isa = PBXBuildFile; fileRef = F74C1A071B5967B000F09002 /* STTwitterAppOnly.m */; };
		C6A0D9761B59FCF000C8172D /* STTwitterHTML.m in Sources */ = {isa = PBXBuildFile; fileRef = F74C1A091B5967B000F09002 /* STTwitterHTML.m */; };
		C6A0D9771B59FCF000C8172D /* STTwitterOAuth.m in Sources */ = {isa = PBXBuildFile; fileRef = F74C1A0B1B5967B000F09002 /* STTwitterOAuth.m */; };
		C6A0D9781B59FCF000C8172D /* STTwitterOS.m in Sources */ = {isa = PBXBuildFile; fileRef = F74C1A0D1B5967B000F09002 /* STTwitterOS.m */; };
		C6A0D9791B59FCF000C8172D /* BAVPlistNode.m in Sources */ = {isa = PBXBuildFile; fileRef = F74C1A111B5967B000F09002 /* BAVPlistNode.m */; };
		C6A0D97A1B59FCF000C8172D /* JSONSyntaxHighlight.m in Sources */ = {isa = PBXBuildFile; fileRef = F74C1A131B5967B000F09002 /* JSONSyntaxHighlight.m */; };
		C6A0D97B1B59FCF000C8172D /* STHTTPRequest.m in Sources */ = {isa = PBXBuildFile; fileRef = F74C1A151B5967B000F09002 /* STHTTPRequest.m */; };
		C6A0D97C1B59FD9200C8172D /* AppDelegate.swift in Sources */ = {isa = PBXBuildFile; fileRef = C6CFD0531B45EDA90067A6AD /* AppDelegate.swift */; };
		C6A0D9851B59FD9A00C8172D /* AppDelegate.swift in Sources */ = {isa = PBXBuildFile; fileRef = C6CFD0531B45EDA90067A6AD /* AppDelegate.swift */; };
		C6A0D9871B59FE7C00C8172D /* MScheduleTableViewTests.swift in Sources */ = {isa = PBXBuildFile; fileRef = C67926BB1B4DD2A100EA86B4 /* MScheduleTableViewTests.swift */; };
		C6A0D9881B59FE7C00C8172D /* MSEventTests.swift in Sources */ = {isa = PBXBuildFile; fileRef = C67926B51B4DD0F800EA86B4 /* MSEventTests.swift */; };
		C6A0D9891B59FE7C00C8172D /* ExtensionsTests.swift in Sources */ = {isa = PBXBuildFile; fileRef = C6D9E9951B477D6E00249DA4 /* ExtensionsTests.swift */; };
		C6A0D98E1B59FF0400C8172D /* MSScheduleTests.swift in Sources */ = {isa = PBXBuildFile; fileRef = C67926A91B4DC36900EA86B4 /* MSScheduleTests.swift */; };
		C6A0D98F1B59FF0400C8172D /* MansbridgeSummitUITests.swift in Sources */ = {isa = PBXBuildFile; fileRef = C6CFD0751B45EDA90067A6AD /* MansbridgeSummitUITests.swift */; };
		C6C00A6B1B45F3B300709992 /* MSTabBarController.swift in Sources */ = {isa = PBXBuildFile; fileRef = C6C00A6A1B45F3B300709992 /* MSTabBarController.swift */; };
		C6C00A6C1B45F3B300709992 /* MSTabBarController.swift in Sources */ = {isa = PBXBuildFile; fileRef = C6C00A6A1B45F3B300709992 /* MSTabBarController.swift */; };
		C6C00A6D1B45F3B300709992 /* MSTabBarController.swift in Sources */ = {isa = PBXBuildFile; fileRef = C6C00A6A1B45F3B300709992 /* MSTabBarController.swift */; };
		C6CFD0541B45EDA90067A6AD /* AppDelegate.swift in Sources */ = {isa = PBXBuildFile; fileRef = C6CFD0531B45EDA90067A6AD /* AppDelegate.swift */; };
		C6CFD05B1B45EDA90067A6AD /* Main.storyboard in Resources */ = {isa = PBXBuildFile; fileRef = C6CFD0591B45EDA90067A6AD /* Main.storyboard */; };
		C6CFD05D1B45EDA90067A6AD /* TabBarIcons.xcassets in Resources */ = {isa = PBXBuildFile; fileRef = C6CFD05C1B45EDA90067A6AD /* TabBarIcons.xcassets */; };
		C6CFD0601B45EDA90067A6AD /* LaunchScreen.storyboard in Resources */ = {isa = PBXBuildFile; fileRef = C6CFD05E1B45EDA90067A6AD /* LaunchScreen.storyboard */; };
		C6D9E9611B474F1000249DA4 /* Main.storyboard in Resources */ = {isa = PBXBuildFile; fileRef = C6CFD0591B45EDA90067A6AD /* Main.storyboard */; };
		C6D9E9621B474F1100249DA4 /* Main.storyboard in Resources */ = {isa = PBXBuildFile; fileRef = C6CFD0591B45EDA90067A6AD /* Main.storyboard */; };
		C6D9E9641B475BCD00249DA4 /* Extensions.swift in Sources */ = {isa = PBXBuildFile; fileRef = C6D9E9631B475BCD00249DA4 /* Extensions.swift */; };
		C6D9E9651B475BCD00249DA4 /* Extensions.swift in Sources */ = {isa = PBXBuildFile; fileRef = C6D9E9631B475BCD00249DA4 /* Extensions.swift */; };
		C6D9E9661B475BCD00249DA4 /* Extensions.swift in Sources */ = {isa = PBXBuildFile; fileRef = C6D9E9631B475BCD00249DA4 /* Extensions.swift */; };
		C6D9E9681B475E2D00249DA4 /* Constants.swift in Sources */ = {isa = PBXBuildFile; fileRef = C6D9E9671B475E2D00249DA4 /* Constants.swift */; };
		C6D9E9691B475E2D00249DA4 /* Constants.swift in Sources */ = {isa = PBXBuildFile; fileRef = C6D9E9671B475E2D00249DA4 /* Constants.swift */; };
		C6D9E96A1B475E2D00249DA4 /* Constants.swift in Sources */ = {isa = PBXBuildFile; fileRef = C6D9E9671B475E2D00249DA4 /* Constants.swift */; };
		C6D9E9771B4774CB00249DA4 /* AppleGaramond-Bold.ttf in Resources */ = {isa = PBXBuildFile; fileRef = C6D9E9711B4774CB00249DA4 /* AppleGaramond-Bold.ttf */; };
		C6D9E9781B4774CB00249DA4 /* AppleGaramond-Bold.ttf in Resources */ = {isa = PBXBuildFile; fileRef = C6D9E9711B4774CB00249DA4 /* AppleGaramond-Bold.ttf */; };
		C6D9E9791B4774CB00249DA4 /* AppleGaramond-Bold.ttf in Resources */ = {isa = PBXBuildFile; fileRef = C6D9E9711B4774CB00249DA4 /* AppleGaramond-Bold.ttf */; };
		C6D9E9861B4774CB00249DA4 /* AppleGaramond.ttf in Resources */ = {isa = PBXBuildFile; fileRef = C6D9E9761B4774CB00249DA4 /* AppleGaramond.ttf */; };
		C6D9E9871B4774CB00249DA4 /* AppleGaramond.ttf in Resources */ = {isa = PBXBuildFile; fileRef = C6D9E9761B4774CB00249DA4 /* AppleGaramond.ttf */; };
		C6D9E9881B4774CB00249DA4 /* AppleGaramond.ttf in Resources */ = {isa = PBXBuildFile; fileRef = C6D9E9761B4774CB00249DA4 /* AppleGaramond.ttf */; };
		C6D9E98D1B4778A400249DA4 /* MyriadPro-Bold.OTF in Resources */ = {isa = PBXBuildFile; fileRef = C6D9E98B1B4778A400249DA4 /* MyriadPro-Bold.OTF */; };
		C6D9E98E1B4778A400249DA4 /* MyriadPro-Bold.OTF in Resources */ = {isa = PBXBuildFile; fileRef = C6D9E98B1B4778A400249DA4 /* MyriadPro-Bold.OTF */; };
		C6D9E98F1B4778A400249DA4 /* MyriadPro-Bold.OTF in Resources */ = {isa = PBXBuildFile; fileRef = C6D9E98B1B4778A400249DA4 /* MyriadPro-Bold.OTF */; };
		C6D9E9901B4778A400249DA4 /* MyriadPro-Regular.OTF in Resources */ = {isa = PBXBuildFile; fileRef = C6D9E98C1B4778A400249DA4 /* MyriadPro-Regular.OTF */; };
		C6D9E9911B4778A400249DA4 /* MyriadPro-Regular.OTF in Resources */ = {isa = PBXBuildFile; fileRef = C6D9E98C1B4778A400249DA4 /* MyriadPro-Regular.OTF */; };
		C6D9E9921B4778A400249DA4 /* MyriadPro-Regular.OTF in Resources */ = {isa = PBXBuildFile; fileRef = C6D9E98C1B4778A400249DA4 /* MyriadPro-Regular.OTF */; };
		C6D9E9941B477C3300249DA4 /* ConstantsTests.swift in Sources */ = {isa = PBXBuildFile; fileRef = C6D9E9931B477C3300249DA4 /* ConstantsTests.swift */; };
		C6E1632A1B48137900942749 /* MSScheduleTableControllerTests.swift in Sources */ = {isa = PBXBuildFile; fileRef = C6E163291B48137900942749 /* MSScheduleTableControllerTests.swift */; };
		C6E1632C1B4814EC00942749 /* MSScheduleCellView.Tests.swift in Sources */ = {isa = PBXBuildFile; fileRef = C6E1632B1B4814EC00942749 /* MSScheduleCellView.Tests.swift */; };
		C6E1632E1B481AE600942749 /* MSScheduleModels.swift in Sources */ = {isa = PBXBuildFile; fileRef = C6E1632D1B481AE600942749 /* MSScheduleModels.swift */; };
		C6E1632F1B481AE600942749 /* MSScheduleModels.swift in Sources */ = {isa = PBXBuildFile; fileRef = C6E1632D1B481AE600942749 /* MSScheduleModels.swift */; };
		C6E163301B481AE600942749 /* MSScheduleModels.swift in Sources */ = {isa = PBXBuildFile; fileRef = C6E1632D1B481AE600942749 /* MSScheduleModels.swift */; };
		C6E163331B481C5000942749 /* test_schedule.json in Resources */ = {isa = PBXBuildFile; fileRef = C6E163321B481C5000942749 /* test_schedule.json */; };
		C6E163341B481C5000942749 /* test_schedule.json in Resources */ = {isa = PBXBuildFile; fileRef = C6E163321B481C5000942749 /* test_schedule.json */; };
		C6E163391B48296600942749 /* SwiftyJSON.swift in Sources */ = {isa = PBXBuildFile; fileRef = C6E163381B48296600942749 /* SwiftyJSON.swift */; };
		C6E1633A1B48296600942749 /* SwiftyJSON.swift in Sources */ = {isa = PBXBuildFile; fileRef = C6E163381B48296600942749 /* SwiftyJSON.swift */; };
		C6E1633B1B48296600942749 /* SwiftyJSON.swift in Sources */ = {isa = PBXBuildFile; fileRef = C6E163381B48296600942749 /* SwiftyJSON.swift */; };
		C6E1633D1B482A7200942749 /* MSScheduleJsonFileTests.swift in Sources */ = {isa = PBXBuildFile; fileRef = C6E1633C1B482A7200942749 /* MSScheduleJsonFileTests.swift */; };
		C6E9E5391B5F06A90037C617 /* RegisterPageGeneralTests.swift in Sources */ = {isa = PBXBuildFile; fileRef = C6E9E5381B5F06A90037C617 /* RegisterPageGeneralTests.swift */; };
		C6EB798A1B4C903400F5E516 /* MSEventPageView.swift in Sources */ = {isa = PBXBuildFile; fileRef = C6EB79891B4C903400F5E516 /* MSEventPageView.swift */; };
		C6EB798B1B4C903400F5E516 /* MSEventPageView.swift in Sources */ = {isa = PBXBuildFile; fileRef = C6EB79891B4C903400F5E516 /* MSEventPageView.swift */; };
		C6EB798C1B4C903400F5E516 /* MSEventPageView.swift in Sources */ = {isa = PBXBuildFile; fileRef = C6EB79891B4C903400F5E516 /* MSEventPageView.swift */; };
		F74C1A161B5967B000F09002 /* NSDateFormatter+STTwitter.m in Sources */ = {isa = PBXBuildFile; fileRef = F74C19FE1B5967B000F09002 /* NSDateFormatter+STTwitter.m */; };
		F74C1A171B5967B000F09002 /* NSString+STTwitter.m in Sources */ = {isa = PBXBuildFile; fileRef = F74C1A001B5967B000F09002 /* NSString+STTwitter.m */; };
		F74C1A181B5967B000F09002 /* STHTTPRequest+STTwitter.m in Sources */ = {isa = PBXBuildFile; fileRef = F74C1A021B5967B000F09002 /* STHTTPRequest+STTwitter.m */; };
		F74C1A191B5967B000F09002 /* STTwitterAPI.m in Sources */ = {isa = PBXBuildFile; fileRef = F74C1A051B5967B000F09002 /* STTwitterAPI.m */; };
		F74C1A1A1B5967B000F09002 /* STTwitterAppOnly.m in Sources */ = {isa = PBXBuildFile; fileRef = F74C1A071B5967B000F09002 /* STTwitterAppOnly.m */; };
		F74C1A1B1B5967B000F09002 /* STTwitterHTML.m in Sources */ = {isa = PBXBuildFile; fileRef = F74C1A091B5967B000F09002 /* STTwitterHTML.m */; };
		F74C1A1C1B5967B000F09002 /* STTwitterOAuth.m in Sources */ = {isa = PBXBuildFile; fileRef = F74C1A0B1B5967B000F09002 /* STTwitterOAuth.m */; };
		F74C1A1D1B5967B000F09002 /* STTwitterOS.m in Sources */ = {isa = PBXBuildFile; fileRef = F74C1A0D1B5967B000F09002 /* STTwitterOS.m */; };
		F74C1A1E1B5967B000F09002 /* BAVPlistNode.m in Sources */ = {isa = PBXBuildFile; fileRef = F74C1A111B5967B000F09002 /* BAVPlistNode.m */; };
		F74C1A1F1B5967B000F09002 /* JSONSyntaxHighlight.m in Sources */ = {isa = PBXBuildFile; fileRef = F74C1A131B5967B000F09002 /* JSONSyntaxHighlight.m */; };
		F74C1A201B5967B000F09002 /* STHTTPRequest.m in Sources */ = {isa = PBXBuildFile; fileRef = F74C1A151B5967B000F09002 /* STHTTPRequest.m */; };
		F74C1A221B5967C500F09002 /* Accounts.framework in Frameworks */ = {isa = PBXBuildFile; fileRef = F74C1A211B5967C500F09002 /* Accounts.framework */; };
		F74C1A241B5967CA00F09002 /* Social.framework in Frameworks */ = {isa = PBXBuildFile; fileRef = F74C1A231B5967CA00F09002 /* Social.framework */; };
		F74C1A261B5967CF00F09002 /* Twitter.framework in Frameworks */ = {isa = PBXBuildFile; fileRef = F74C1A251B5967CF00F09002 /* Twitter.framework */; };
		F76F3BD51B61E0D90068C41C /* QR Code-25.png in Resources */ = {isa = PBXBuildFile; fileRef = F76F3BD21B61E0D90068C41C /* QR Code-25.png */; };
		F76F3BD61B61E0D90068C41C /* QR Code-25.png in Resources */ = {isa = PBXBuildFile; fileRef = F76F3BD21B61E0D90068C41C /* QR Code-25.png */; };
		F76F3BD71B61E0D90068C41C /* QR Code-25.png in Resources */ = {isa = PBXBuildFile; fileRef = F76F3BD21B61E0D90068C41C /* QR Code-25.png */; };
		F76F3BD81B61E0D90068C41C /* QR Code-50.png in Resources */ = {isa = PBXBuildFile; fileRef = F76F3BD31B61E0D90068C41C /* QR Code-50.png */; };
		F76F3BD91B61E0D90068C41C /* QR Code-50.png in Resources */ = {isa = PBXBuildFile; fileRef = F76F3BD31B61E0D90068C41C /* QR Code-50.png */; };
		F76F3BDA1B61E0D90068C41C /* QR Code-50.png in Resources */ = {isa = PBXBuildFile; fileRef = F76F3BD31B61E0D90068C41C /* QR Code-50.png */; };
		F76F3BDB1B61E0D90068C41C /* QR Code-75.png in Resources */ = {isa = PBXBuildFile; fileRef = F76F3BD41B61E0D90068C41C /* QR Code-75.png */; };
		F76F3BDC1B61E0D90068C41C /* QR Code-75.png in Resources */ = {isa = PBXBuildFile; fileRef = F76F3BD41B61E0D90068C41C /* QR Code-75.png */; };
		F76F3BDD1B61E0D90068C41C /* QR Code-75.png in Resources */ = {isa = PBXBuildFile; fileRef = F76F3BD41B61E0D90068C41C /* QR Code-75.png */; };
		F79184C61B5A7DF300EFF287 /* Twitter.framework in Frameworks */ = {isa = PBXBuildFile; fileRef = F74C1A251B5967CF00F09002 /* Twitter.framework */; };
		F79184C71B5A7DF300EFF287 /* Twitter.framework in Frameworks */ = {isa = PBXBuildFile; fileRef = F74C1A251B5967CF00F09002 /* Twitter.framework */; };
		F79184C81B5A7DF600EFF287 /* Social.framework in Frameworks */ = {isa = PBXBuildFile; fileRef = F74C1A231B5967CA00F09002 /* Social.framework */; };
		F79184C91B5A7DF600EFF287 /* Social.framework in Frameworks */ = {isa = PBXBuildFile; fileRef = F74C1A231B5967CA00F09002 /* Social.framework */; };
		F79184CA1B5A7DF900EFF287 /* Accounts.framework in Frameworks */ = {isa = PBXBuildFile; fileRef = F74C1A211B5967C500F09002 /* Accounts.framework */; };
		F79184CB1B5A7DF900EFF287 /* Accounts.framework in Frameworks */ = {isa = PBXBuildFile; fileRef = F74C1A211B5967C500F09002 /* Accounts.framework */; };
		F79184FB1B5A839600EFF287 /* Fabric.framework in Frameworks */ = {isa = PBXBuildFile; fileRef = F79184F71B5A839600EFF287 /* Fabric.framework */; };
		F79184FC1B5A839600EFF287 /* Fabric.framework in Frameworks */ = {isa = PBXBuildFile; fileRef = F79184F71B5A839600EFF287 /* Fabric.framework */; };
		F79184FD1B5A839600EFF287 /* Fabric.framework in Frameworks */ = {isa = PBXBuildFile; fileRef = F79184F71B5A839600EFF287 /* Fabric.framework */; };
		F79184FE1B5A839600EFF287 /* TwitterKit.framework in Frameworks */ = {isa = PBXBuildFile; fileRef = F79184F81B5A839600EFF287 /* TwitterKit.framework */; };
		F79184FF1B5A839600EFF287 /* TwitterKit.framework in Frameworks */ = {isa = PBXBuildFile; fileRef = F79184F81B5A839600EFF287 /* TwitterKit.framework */; };
		F79185001B5A839600EFF287 /* TwitterKit.framework in Frameworks */ = {isa = PBXBuildFile; fileRef = F79184F81B5A839600EFF287 /* TwitterKit.framework */; };
		F79185011B5A839600EFF287 /* TwitterKitResources.bundle in Resources */ = {isa = PBXBuildFile; fileRef = F79184F91B5A839600EFF287 /* TwitterKitResources.bundle */; };
		F79185021B5A839600EFF287 /* TwitterKitResources.bundle in Resources */ = {isa = PBXBuildFile; fileRef = F79184F91B5A839600EFF287 /* TwitterKitResources.bundle */; };
		F79185031B5A839600EFF287 /* TwitterKitResources.bundle in Resources */ = {isa = PBXBuildFile; fileRef = F79184F91B5A839600EFF287 /* TwitterKitResources.bundle */; };
		F79185041B5A839600EFF287 /* TwitterCore.framework in Frameworks */ = {isa = PBXBuildFile; fileRef = F79184FA1B5A839600EFF287 /* TwitterCore.framework */; };
		F79185051B5A839600EFF287 /* TwitterCore.framework in Frameworks */ = {isa = PBXBuildFile; fileRef = F79184FA1B5A839600EFF287 /* TwitterCore.framework */; };
		F79185061B5A839600EFF287 /* TwitterCore.framework in Frameworks */ = {isa = PBXBuildFile; fileRef = F79184FA1B5A839600EFF287 /* TwitterCore.framework */; };
		F7CF77BD1B5AACAF00013CF0 /* MSTwitterTimelineController.swift in Sources */ = {isa = PBXBuildFile; fileRef = F7CF77BC1B5AACAF00013CF0 /* MSTwitterTimelineController.swift */; };
		F7CF77BE1B5AAD5E00013CF0 /* MSTwitterTimelineController.swift in Sources */ = {isa = PBXBuildFile; fileRef = F7CF77BC1B5AACAF00013CF0 /* MSTwitterTimelineController.swift */; };
		F7CF77BF1B5AAD5F00013CF0 /* MSTwitterTimelineController.swift in Sources */ = {isa = PBXBuildFile; fileRef = F7CF77BC1B5AACAF00013CF0 /* MSTwitterTimelineController.swift */; };
		F7CF77D71B5B2F5900013CF0 /* Calendar-25.png in Resources */ = {isa = PBXBuildFile; fileRef = F7CF77C81B5B2F5900013CF0 /* Calendar-25.png */; };
		F7CF77D81B5B2F5900013CF0 /* Calendar-50.png in Resources */ = {isa = PBXBuildFile; fileRef = F7CF77C91B5B2F5900013CF0 /* Calendar-50.png */; };
		F7CF77D91B5B2F5900013CF0 /* Calendar-75.png in Resources */ = {isa = PBXBuildFile; fileRef = F7CF77CA1B5B2F5900013CF0 /* Calendar-75.png */; };
		F7CF77DA1B5B2F5900013CF0 /* Home-25.png in Resources */ = {isa = PBXBuildFile; fileRef = F7CF77CB1B5B2F5900013CF0 /* Home-25.png */; };
		F7CF77DB1B5B2F5900013CF0 /* Home-50.png in Resources */ = {isa = PBXBuildFile; fileRef = F7CF77CC1B5B2F5900013CF0 /* Home-50.png */; };
		F7CF77DC1B5B2F5900013CF0 /* Home-75.png in Resources */ = {isa = PBXBuildFile; fileRef = F7CF77CD1B5B2F5900013CF0 /* Home-75.png */; };
		F7CF77DD1B5B2F5900013CF0 /* Pencil-25.png in Resources */ = {isa = PBXBuildFile; fileRef = F7CF77CE1B5B2F5900013CF0 /* Pencil-25.png */; };
		F7CF77DE1B5B2F5900013CF0 /* Pencil-50.png in Resources */ = {isa = PBXBuildFile; fileRef = F7CF77CF1B5B2F5900013CF0 /* Pencil-50.png */; };
		F7CF77DF1B5B2F5900013CF0 /* Pencil-75.png in Resources */ = {isa = PBXBuildFile; fileRef = F7CF77D01B5B2F5900013CF0 /* Pencil-75.png */; };
		F7CF77E01B5B2F5900013CF0 /* Twitter-25.png in Resources */ = {isa = PBXBuildFile; fileRef = F7CF77D11B5B2F5900013CF0 /* Twitter-25.png */; };
		F7CF77E11B5B2F5900013CF0 /* Twitter-50.png in Resources */ = {isa = PBXBuildFile; fileRef = F7CF77D21B5B2F5900013CF0 /* Twitter-50.png */; };
		F7CF77E21B5B2F5900013CF0 /* Twitter-75.png in Resources */ = {isa = PBXBuildFile; fileRef = F7CF77D31B5B2F5900013CF0 /* Twitter-75.png */; };
		F7D1B8601B5C8E0900D34341 /* RegistrationSuccessXIB.xib in Resources */ = {isa = PBXBuildFile; fileRef = F7D1B85F1B5C8E0900D34341 /* RegistrationSuccessXIB.xib */; };
		F7D1B8611B5C8E1600D34341 /* NetworkErrorXIB.xib in Resources */ = {isa = PBXBuildFile; fileRef = C68A13871B5BCE7B003CE324 /* NetworkErrorXIB.xib */; };
		F7D1B8621B5C8E1600D34341 /* NetworkErrorXIB.xib in Resources */ = {isa = PBXBuildFile; fileRef = C68A13871B5BCE7B003CE324 /* NetworkErrorXIB.xib */; };
		F7D1B8631B5C8E1A00D34341 /* RegistrationSuccessXIB.xib in Resources */ = {isa = PBXBuildFile; fileRef = F7D1B85F1B5C8E0900D34341 /* RegistrationSuccessXIB.xib */; };
		F7D1B8641B5C8E1A00D34341 /* RegistrationSuccessXIB.xib in Resources */ = {isa = PBXBuildFile; fileRef = F7D1B85F1B5C8E0900D34341 /* RegistrationSuccessXIB.xib */; };
		F7D1B8661B5C8ED900D34341 /* checkmark.png in Resources */ = {isa = PBXBuildFile; fileRef = F7D1B8651B5C8ED900D34341 /* checkmark.png */; };
/* End PBXBuildFile section */

/* Begin PBXContainerItemProxy section */
		C6CFD0671B45EDA90067A6AD /* PBXContainerItemProxy */ = {
			isa = PBXContainerItemProxy;
			containerPortal = C6CFD0481B45EDA90067A6AD /* Project object */;
			proxyType = 1;
			remoteGlobalIDString = C6CFD04F1B45EDA90067A6AD;
			remoteInfo = MansbridgeSummit;
		};
		C6CFD0721B45EDA90067A6AD /* PBXContainerItemProxy */ = {
			isa = PBXContainerItemProxy;
			containerPortal = C6CFD0481B45EDA90067A6AD /* Project object */;
			proxyType = 1;
			remoteGlobalIDString = C6CFD04F1B45EDA90067A6AD;
			remoteInfo = MansbridgeSummit;
		};
/* End PBXContainerItemProxy section */

/* Begin PBXFileReference section */
		C60B69591B61C6F200190140 /* Connection.h */ = {isa = PBXFileReference; fileEncoding = 4; lastKnownFileType = sourcecode.c.h; path = Connection.h; sourceTree = "<group>"; };
		C60B695A1B61C6F200190140 /* Connection.m */ = {isa = PBXFileReference; fileEncoding = 4; lastKnownFileType = sourcecode.c.objc; path = Connection.m; sourceTree = "<group>"; };
		C61C00631B4C7F1600AB4D6C /* MSEventPageController.swift */ = {isa = PBXFileReference; fileEncoding = 4; lastKnownFileType = sourcecode.swift; path = MSEventPageController.swift; sourceTree = "<group>"; };
		C64FD5C61B59A61A00AE8EA6 /* test_schedule2.json */ = {isa = PBXFileReference; fileEncoding = 4; lastKnownFileType = text.json; path = test_schedule2.json; sourceTree = "<group>"; };
		C65BE8E01B631DE3008C064D /* CloudKit.framework */ = {isa = PBXFileReference; lastKnownFileType = wrapper.framework; name = CloudKit.framework; path = System/Library/Frameworks/CloudKit.framework; sourceTree = SDKROOT; };
		C664DE6E1B57254700CFB209 /* MansbridgeSummit-Bridging-Header.h */ = {isa = PBXFileReference; lastKnownFileType = sourcecode.c.h; path = "MansbridgeSummit-Bridging-Header.h"; sourceTree = "<group>"; };
		C664DE6F1B57254700CFB209 /* MansbridgeSummitTests-Bridging-Header.h */ = {isa = PBXFileReference; lastKnownFileType = sourcecode.c.h; path = "MansbridgeSummitTests-Bridging-Header.h"; sourceTree = "<group>"; };
		C664DE701B57254700CFB209 /* MansbridgeSummitUITests-Bridging-Header.h */ = {isa = PBXFileReference; lastKnownFileType = sourcecode.c.h; path = "MansbridgeSummitUITests-Bridging-Header.h"; sourceTree = "<group>"; };
		C664DE711B57254800CFB209 /* Reachability.h */ = {isa = PBXFileReference; fileEncoding = 4; lastKnownFileType = sourcecode.c.h; path = Reachability.h; sourceTree = "<group>"; };
		C664DE721B57254800CFB209 /* Reachability.m */ = {isa = PBXFileReference; fileEncoding = 4; lastKnownFileType = sourcecode.c.objc; path = Reachability.m; sourceTree = "<group>"; };
		C6721A001B49620200E7B050 /* MansbridgeSummit.entitlements */ = {isa = PBXFileReference; lastKnownFileType = text.xml; path = MansbridgeSummit.entitlements; sourceTree = "<group>"; };
		C67926A91B4DC36900EA86B4 /* MSScheduleTests.swift */ = {isa = PBXFileReference; fileEncoding = 4; lastKnownFileType = sourcecode.swift; path = MSScheduleTests.swift; sourceTree = "<group>"; };
		C67926B51B4DD0F800EA86B4 /* MSEventTests.swift */ = {isa = PBXFileReference; fileEncoding = 4; lastKnownFileType = sourcecode.swift; path = MSEventTests.swift; sourceTree = "<group>"; };
		C67926BB1B4DD2A100EA86B4 /* MScheduleTableViewTests.swift */ = {isa = PBXFileReference; fileEncoding = 4; lastKnownFileType = sourcecode.swift; path = MScheduleTableViewTests.swift; sourceTree = "<group>"; };
		C67BD26C1B5F1597006356C2 /* SystemConfiguration.framework */ = {isa = PBXFileReference; lastKnownFileType = wrapper.framework; name = SystemConfiguration.framework; path = System/Library/Frameworks/SystemConfiguration.framework; sourceTree = SDKROOT; };
		C68956351B52AFBB006D188F /* Media.xcassets */ = {isa = PBXFileReference; lastKnownFileType = folder.assetcatalog; path = Media.xcassets; sourceTree = "<group>"; };
		C689563A1B52B399006D188F /* MSScrollView.swift */ = {isa = PBXFileReference; fileEncoding = 4; lastKnownFileType = sourcecode.swift; path = MSScrollView.swift; sourceTree = "<group>"; };
		C68A13871B5BCE7B003CE324 /* NetworkErrorXIB.xib */ = {isa = PBXFileReference; fileEncoding = 4; lastKnownFileType = file.xib; path = NetworkErrorXIB.xib; sourceTree = "<group>"; };
		C68A13891B5BF1A2003CE324 /* MSProtocols.swift */ = {isa = PBXFileReference; fileEncoding = 4; lastKnownFileType = sourcecode.swift; path = MSProtocols.swift; sourceTree = "<group>"; };
		C69808E51B5D05D900164BC6 /* YouTubePlayer.swift */ = {isa = PBXFileReference; fileEncoding = 4; lastKnownFileType = sourcecode.swift; path = YouTubePlayer.swift; sourceTree = "<group>"; };
		C69808E61B5D05D900164BC6 /* YTPlayer.html */ = {isa = PBXFileReference; fileEncoding = 4; lastKnownFileType = text.html; path = YTPlayer.html; sourceTree = "<group>"; };
		C69E4A531B46088800BD981C /* MSTwitterTabController.swift */ = {isa = PBXFileReference; fileEncoding = 4; lastKnownFileType = sourcecode.swift; path = MSTwitterTabController.swift; sourceTree = "<group>"; };
		C69E4A571B4608C500BD981C /* MSRegisterTabController.swift */ = {isa = PBXFileReference; fileEncoding = 4; lastKnownFileType = sourcecode.swift; path = MSRegisterTabController.swift; sourceTree = "<group>"; };
		C69E4A5B1B46090E00BD981C /* MSQRCodeTabController.swift */ = {isa = PBXFileReference; fileEncoding = 4; lastKnownFileType = sourcecode.swift; path = MSQRCodeTabController.swift; sourceTree = "<group>"; };
		C69E4A5F1B4609D700BD981C /* MSPrimaryTabController.swift */ = {isa = PBXFileReference; fileEncoding = 4; lastKnownFileType = sourcecode.swift; path = MSPrimaryTabController.swift; sourceTree = "<group>"; };
		C69E4A631B460A3F00BD981C /* MSScheduleTableController.swift */ = {isa = PBXFileReference; fileEncoding = 4; lastKnownFileType = sourcecode.swift; path = MSScheduleTableController.swift; sourceTree = "<group>"; };
		C69E4A6D1B4612A600BD981C /* MSScheduleCellView.swift */ = {isa = PBXFileReference; fileEncoding = 4; lastKnownFileType = sourcecode.swift; path = MSScheduleCellView.swift; sourceTree = "<group>"; };
		C69E4A711B4620AC00BD981C /* MSScheduleTableView.swift */ = {isa = PBXFileReference; fileEncoding = 4; lastKnownFileType = sourcecode.swift; path = MSScheduleTableView.swift; sourceTree = "<group>"; };
		C6C00A6A1B45F3B300709992 /* MSTabBarController.swift */ = {isa = PBXFileReference; fileEncoding = 4; lastKnownFileType = sourcecode.swift; path = MSTabBarController.swift; sourceTree = "<group>"; };
		C6CFD0501B45EDA90067A6AD /* MansbridgeSummit.app */ = {isa = PBXFileReference; explicitFileType = wrapper.application; includeInIndex = 0; path = MansbridgeSummit.app; sourceTree = BUILT_PRODUCTS_DIR; };
		C6CFD0531B45EDA90067A6AD /* AppDelegate.swift */ = {isa = PBXFileReference; lastKnownFileType = sourcecode.swift; path = AppDelegate.swift; sourceTree = "<group>"; };
		C6CFD05A1B45EDA90067A6AD /* Base */ = {isa = PBXFileReference; lastKnownFileType = file.storyboard; name = Base; path = Base.lproj/Main.storyboard; sourceTree = "<group>"; };
		C6CFD05C1B45EDA90067A6AD /* TabBarIcons.xcassets */ = {isa = PBXFileReference; lastKnownFileType = folder.assetcatalog; path = TabBarIcons.xcassets; sourceTree = "<group>"; };
		C6CFD05F1B45EDA90067A6AD /* Base */ = {isa = PBXFileReference; lastKnownFileType = file.storyboard; name = Base; path = Base.lproj/LaunchScreen.storyboard; sourceTree = "<group>"; };
		C6CFD0611B45EDA90067A6AD /* Info.plist */ = {isa = PBXFileReference; lastKnownFileType = text.plist.xml; path = Info.plist; sourceTree = "<group>"; };
		C6CFD0661B45EDA90067A6AD /* MansbridgeSummitTests.xctest */ = {isa = PBXFileReference; explicitFileType = wrapper.cfbundle; includeInIndex = 0; path = MansbridgeSummitTests.xctest; sourceTree = BUILT_PRODUCTS_DIR; };
		C6CFD06C1B45EDA90067A6AD /* Info.plist */ = {isa = PBXFileReference; lastKnownFileType = text.plist.xml; path = Info.plist; sourceTree = "<group>"; };
		C6CFD0711B45EDA90067A6AD /* MansbridgeSummitUITests.xctest */ = {isa = PBXFileReference; explicitFileType = wrapper.cfbundle; includeInIndex = 0; path = MansbridgeSummitUITests.xctest; sourceTree = BUILT_PRODUCTS_DIR; };
		C6CFD0751B45EDA90067A6AD /* MansbridgeSummitUITests.swift */ = {isa = PBXFileReference; lastKnownFileType = sourcecode.swift; path = MansbridgeSummitUITests.swift; sourceTree = "<group>"; };
		C6CFD0771B45EDA90067A6AD /* Info.plist */ = {isa = PBXFileReference; lastKnownFileType = text.plist.xml; path = Info.plist; sourceTree = "<group>"; };
		C6D9E9631B475BCD00249DA4 /* Extensions.swift */ = {isa = PBXFileReference; fileEncoding = 4; lastKnownFileType = sourcecode.swift; path = Extensions.swift; sourceTree = "<group>"; };
		C6D9E9671B475E2D00249DA4 /* Constants.swift */ = {isa = PBXFileReference; fileEncoding = 4; lastKnownFileType = sourcecode.swift; path = Constants.swift; sourceTree = "<group>"; };
		C6D9E9711B4774CB00249DA4 /* AppleGaramond-Bold.ttf */ = {isa = PBXFileReference; lastKnownFileType = file; path = "AppleGaramond-Bold.ttf"; sourceTree = "<group>"; };
		C6D9E9761B4774CB00249DA4 /* AppleGaramond.ttf */ = {isa = PBXFileReference; lastKnownFileType = file; path = AppleGaramond.ttf; sourceTree = "<group>"; };
		C6D9E98B1B4778A400249DA4 /* MyriadPro-Bold.OTF */ = {isa = PBXFileReference; lastKnownFileType = file; path = "MyriadPro-Bold.OTF"; sourceTree = "<group>"; };
		C6D9E98C1B4778A400249DA4 /* MyriadPro-Regular.OTF */ = {isa = PBXFileReference; lastKnownFileType = file; path = "MyriadPro-Regular.OTF"; sourceTree = "<group>"; };
		C6D9E9931B477C3300249DA4 /* ConstantsTests.swift */ = {isa = PBXFileReference; fileEncoding = 4; lastKnownFileType = sourcecode.swift; path = ConstantsTests.swift; sourceTree = "<group>"; };
		C6D9E9951B477D6E00249DA4 /* ExtensionsTests.swift */ = {isa = PBXFileReference; fileEncoding = 4; lastKnownFileType = sourcecode.swift; path = ExtensionsTests.swift; sourceTree = "<group>"; };
		C6E163291B48137900942749 /* MSScheduleTableControllerTests.swift */ = {isa = PBXFileReference; fileEncoding = 4; lastKnownFileType = sourcecode.swift; path = MSScheduleTableControllerTests.swift; sourceTree = "<group>"; };
		C6E1632B1B4814EC00942749 /* MSScheduleCellView.Tests.swift */ = {isa = PBXFileReference; fileEncoding = 4; lastKnownFileType = sourcecode.swift; path = MSScheduleCellView.Tests.swift; sourceTree = "<group>"; };
		C6E1632D1B481AE600942749 /* MSScheduleModels.swift */ = {isa = PBXFileReference; fileEncoding = 4; lastKnownFileType = sourcecode.swift; path = MSScheduleModels.swift; sourceTree = "<group>"; };
		C6E163321B481C5000942749 /* test_schedule.json */ = {isa = PBXFileReference; fileEncoding = 4; lastKnownFileType = text.json; path = test_schedule.json; sourceTree = "<group>"; };
		C6E163381B48296600942749 /* SwiftyJSON.swift */ = {isa = PBXFileReference; fileEncoding = 4; lastKnownFileType = sourcecode.swift; path = SwiftyJSON.swift; sourceTree = "<group>"; };
		C6E1633C1B482A7200942749 /* MSScheduleJsonFileTests.swift */ = {isa = PBXFileReference; fileEncoding = 4; lastKnownFileType = sourcecode.swift; path = MSScheduleJsonFileTests.swift; sourceTree = "<group>"; };
		C6E1633E1B483E7E00942749 /* wills_playground.playground */ = {isa = PBXFileReference; lastKnownFileType = file.playground; path = wills_playground.playground; sourceTree = "<group>"; };
		C6E9E5381B5F06A90037C617 /* RegisterPageGeneralTests.swift */ = {isa = PBXFileReference; fileEncoding = 4; lastKnownFileType = sourcecode.swift; path = RegisterPageGeneralTests.swift; sourceTree = "<group>"; };
		C6EB79891B4C903400F5E516 /* MSEventPageView.swift */ = {isa = PBXFileReference; fileEncoding = 4; lastKnownFileType = sourcecode.swift; path = MSEventPageView.swift; sourceTree = "<group>"; };
		F74C19FD1B5967B000F09002 /* NSDateFormatter+STTwitter.h */ = {isa = PBXFileReference; fileEncoding = 4; lastKnownFileType = sourcecode.c.h; path = "NSDateFormatter+STTwitter.h"; sourceTree = "<group>"; };
		F74C19FE1B5967B000F09002 /* NSDateFormatter+STTwitter.m */ = {isa = PBXFileReference; fileEncoding = 4; lastKnownFileType = sourcecode.c.objc; path = "NSDateFormatter+STTwitter.m"; sourceTree = "<group>"; };
		F74C19FF1B5967B000F09002 /* NSString+STTwitter.h */ = {isa = PBXFileReference; fileEncoding = 4; lastKnownFileType = sourcecode.c.h; path = "NSString+STTwitter.h"; sourceTree = "<group>"; };
		F74C1A001B5967B000F09002 /* NSString+STTwitter.m */ = {isa = PBXFileReference; fileEncoding = 4; lastKnownFileType = sourcecode.c.objc; path = "NSString+STTwitter.m"; sourceTree = "<group>"; };
		F74C1A011B5967B000F09002 /* STHTTPRequest+STTwitter.h */ = {isa = PBXFileReference; fileEncoding = 4; lastKnownFileType = sourcecode.c.h; path = "STHTTPRequest+STTwitter.h"; sourceTree = "<group>"; };
		F74C1A021B5967B000F09002 /* STHTTPRequest+STTwitter.m */ = {isa = PBXFileReference; fileEncoding = 4; lastKnownFileType = sourcecode.c.objc; path = "STHTTPRequest+STTwitter.m"; sourceTree = "<group>"; };
		F74C1A031B5967B000F09002 /* STTwitter.h */ = {isa = PBXFileReference; fileEncoding = 4; lastKnownFileType = sourcecode.c.h; path = STTwitter.h; sourceTree = "<group>"; };
		F74C1A041B5967B000F09002 /* STTwitterAPI.h */ = {isa = PBXFileReference; fileEncoding = 4; lastKnownFileType = sourcecode.c.h; path = STTwitterAPI.h; sourceTree = "<group>"; };
		F74C1A051B5967B000F09002 /* STTwitterAPI.m */ = {isa = PBXFileReference; fileEncoding = 4; lastKnownFileType = sourcecode.c.objc; path = STTwitterAPI.m; sourceTree = "<group>"; };
		F74C1A061B5967B000F09002 /* STTwitterAppOnly.h */ = {isa = PBXFileReference; fileEncoding = 4; lastKnownFileType = sourcecode.c.h; path = STTwitterAppOnly.h; sourceTree = "<group>"; };
		F74C1A071B5967B000F09002 /* STTwitterAppOnly.m */ = {isa = PBXFileReference; fileEncoding = 4; lastKnownFileType = sourcecode.c.objc; path = STTwitterAppOnly.m; sourceTree = "<group>"; };
		F74C1A081B5967B000F09002 /* STTwitterHTML.h */ = {isa = PBXFileReference; fileEncoding = 4; lastKnownFileType = sourcecode.c.h; path = STTwitterHTML.h; sourceTree = "<group>"; };
		F74C1A091B5967B000F09002 /* STTwitterHTML.m */ = {isa = PBXFileReference; fileEncoding = 4; lastKnownFileType = sourcecode.c.objc; path = STTwitterHTML.m; sourceTree = "<group>"; };
		F74C1A0A1B5967B000F09002 /* STTwitterOAuth.h */ = {isa = PBXFileReference; fileEncoding = 4; lastKnownFileType = sourcecode.c.h; path = STTwitterOAuth.h; sourceTree = "<group>"; };
		F74C1A0B1B5967B000F09002 /* STTwitterOAuth.m */ = {isa = PBXFileReference; fileEncoding = 4; lastKnownFileType = sourcecode.c.objc; path = STTwitterOAuth.m; sourceTree = "<group>"; };
		F74C1A0C1B5967B000F09002 /* STTwitterOS.h */ = {isa = PBXFileReference; fileEncoding = 4; lastKnownFileType = sourcecode.c.h; path = STTwitterOS.h; sourceTree = "<group>"; };
		F74C1A0D1B5967B000F09002 /* STTwitterOS.m */ = {isa = PBXFileReference; fileEncoding = 4; lastKnownFileType = sourcecode.c.objc; path = STTwitterOS.m; sourceTree = "<group>"; };
		F74C1A0E1B5967B000F09002 /* STTwitterProtocol.h */ = {isa = PBXFileReference; fileEncoding = 4; lastKnownFileType = sourcecode.c.h; path = STTwitterProtocol.h; sourceTree = "<group>"; };
		F74C1A101B5967B000F09002 /* BAVPlistNode.h */ = {isa = PBXFileReference; fileEncoding = 4; lastKnownFileType = sourcecode.c.h; path = BAVPlistNode.h; sourceTree = "<group>"; };
		F74C1A111B5967B000F09002 /* BAVPlistNode.m */ = {isa = PBXFileReference; fileEncoding = 4; lastKnownFileType = sourcecode.c.objc; path = BAVPlistNode.m; sourceTree = "<group>"; };
		F74C1A121B5967B000F09002 /* JSONSyntaxHighlight.h */ = {isa = PBXFileReference; fileEncoding = 4; lastKnownFileType = sourcecode.c.h; path = JSONSyntaxHighlight.h; sourceTree = "<group>"; };
		F74C1A131B5967B000F09002 /* JSONSyntaxHighlight.m */ = {isa = PBXFileReference; fileEncoding = 4; lastKnownFileType = sourcecode.c.objc; path = JSONSyntaxHighlight.m; sourceTree = "<group>"; };
		F74C1A141B5967B000F09002 /* STHTTPRequest.h */ = {isa = PBXFileReference; fileEncoding = 4; lastKnownFileType = sourcecode.c.h; path = STHTTPRequest.h; sourceTree = "<group>"; };
		F74C1A151B5967B000F09002 /* STHTTPRequest.m */ = {isa = PBXFileReference; fileEncoding = 4; lastKnownFileType = sourcecode.c.objc; path = STHTTPRequest.m; sourceTree = "<group>"; };
		F74C1A211B5967C500F09002 /* Accounts.framework */ = {isa = PBXFileReference; lastKnownFileType = wrapper.framework; name = Accounts.framework; path = System/Library/Frameworks/Accounts.framework; sourceTree = SDKROOT; };
		F74C1A231B5967CA00F09002 /* Social.framework */ = {isa = PBXFileReference; lastKnownFileType = wrapper.framework; name = Social.framework; path = System/Library/Frameworks/Social.framework; sourceTree = SDKROOT; };
		F74C1A251B5967CF00F09002 /* Twitter.framework */ = {isa = PBXFileReference; lastKnownFileType = wrapper.framework; name = Twitter.framework; path = System/Library/Frameworks/Twitter.framework; sourceTree = SDKROOT; };
		F76F3BD21B61E0D90068C41C /* QR Code-25.png */ = {isa = PBXFileReference; lastKnownFileType = image.png; path = "QR Code-25.png"; sourceTree = "<group>"; };
		F76F3BD31B61E0D90068C41C /* QR Code-50.png */ = {isa = PBXFileReference; lastKnownFileType = image.png; path = "QR Code-50.png"; sourceTree = "<group>"; };
		F76F3BD41B61E0D90068C41C /* QR Code-75.png */ = {isa = PBXFileReference; lastKnownFileType = image.png; path = "QR Code-75.png"; sourceTree = "<group>"; };
		F79184F71B5A839600EFF287 /* Fabric.framework */ = {isa = PBXFileReference; lastKnownFileType = wrapper.framework; path = Fabric.framework; sourceTree = "<group>"; };
		F79184F81B5A839600EFF287 /* TwitterKit.framework */ = {isa = PBXFileReference; lastKnownFileType = wrapper.framework; path = TwitterKit.framework; sourceTree = "<group>"; };
		F79184F91B5A839600EFF287 /* TwitterKitResources.bundle */ = {isa = PBXFileReference; lastKnownFileType = "wrapper.plug-in"; name = TwitterKitResources.bundle; path = TwitterKit.framework/Versions/A/Resources/TwitterKitResources.bundle; sourceTree = "<group>"; };
		F79184FA1B5A839600EFF287 /* TwitterCore.framework */ = {isa = PBXFileReference; lastKnownFileType = wrapper.framework; path = TwitterCore.framework; sourceTree = "<group>"; };
		F7CF77BC1B5AACAF00013CF0 /* MSTwitterTimelineController.swift */ = {isa = PBXFileReference; fileEncoding = 4; lastKnownFileType = sourcecode.swift; path = MSTwitterTimelineController.swift; sourceTree = "<group>"; };
		F7CF77C81B5B2F5900013CF0 /* Calendar-25.png */ = {isa = PBXFileReference; lastKnownFileType = image.png; path = "Calendar-25.png"; sourceTree = "<group>"; };
		F7CF77C91B5B2F5900013CF0 /* Calendar-50.png */ = {isa = PBXFileReference; lastKnownFileType = image.png; path = "Calendar-50.png"; sourceTree = "<group>"; };
		F7CF77CA1B5B2F5900013CF0 /* Calendar-75.png */ = {isa = PBXFileReference; lastKnownFileType = image.png; path = "Calendar-75.png"; sourceTree = "<group>"; };
		F7CF77CB1B5B2F5900013CF0 /* Home-25.png */ = {isa = PBXFileReference; lastKnownFileType = image.png; path = "Home-25.png"; sourceTree = "<group>"; };
		F7CF77CC1B5B2F5900013CF0 /* Home-50.png */ = {isa = PBXFileReference; lastKnownFileType = image.png; path = "Home-50.png"; sourceTree = "<group>"; };
		F7CF77CD1B5B2F5900013CF0 /* Home-75.png */ = {isa = PBXFileReference; lastKnownFileType = image.png; path = "Home-75.png"; sourceTree = "<group>"; };
		F7CF77CE1B5B2F5900013CF0 /* Pencil-25.png */ = {isa = PBXFileReference; lastKnownFileType = image.png; path = "Pencil-25.png"; sourceTree = "<group>"; };
		F7CF77CF1B5B2F5900013CF0 /* Pencil-50.png */ = {isa = PBXFileReference; lastKnownFileType = image.png; path = "Pencil-50.png"; sourceTree = "<group>"; };
		F7CF77D01B5B2F5900013CF0 /* Pencil-75.png */ = {isa = PBXFileReference; lastKnownFileType = image.png; path = "Pencil-75.png"; sourceTree = "<group>"; };
		F7CF77D11B5B2F5900013CF0 /* Twitter-25.png */ = {isa = PBXFileReference; lastKnownFileType = image.png; path = "Twitter-25.png"; sourceTree = "<group>"; };
		F7CF77D21B5B2F5900013CF0 /* Twitter-50.png */ = {isa = PBXFileReference; lastKnownFileType = image.png; path = "Twitter-50.png"; sourceTree = "<group>"; };
		F7CF77D31B5B2F5900013CF0 /* Twitter-75.png */ = {isa = PBXFileReference; lastKnownFileType = image.png; path = "Twitter-75.png"; sourceTree = "<group>"; };
		F7D1B85F1B5C8E0900D34341 /* RegistrationSuccessXIB.xib */ = {isa = PBXFileReference; fileEncoding = 4; lastKnownFileType = file.xib; path = RegistrationSuccessXIB.xib; sourceTree = "<group>"; };
		F7D1B8651B5C8ED900D34341 /* checkmark.png */ = {isa = PBXFileReference; lastKnownFileType = image.png; path = checkmark.png; sourceTree = "<group>"; };
/* End PBXFileReference section */

/* Begin PBXFrameworksBuildPhase section */
		C6CFD04D1B45EDA90067A6AD /* Frameworks */ = {
			isa = PBXFrameworksBuildPhase;
			buildActionMask = 2147483647;
			files = (
				C67BD26D1B5F1597006356C2 /* SystemConfiguration.framework in Frameworks */,
				F74C1A261B5967CF00F09002 /* Twitter.framework in Frameworks */,
				F79185041B5A839600EFF287 /* TwitterCore.framework in Frameworks */,
				F79184FE1B5A839600EFF287 /* TwitterKit.framework in Frameworks */,
				F74C1A241B5967CA00F09002 /* Social.framework in Frameworks */,
				C65BE8E11B631DE3008C064D /* CloudKit.framework in Frameworks */,
				F74C1A221B5967C500F09002 /* Accounts.framework in Frameworks */,
				F79184FB1B5A839600EFF287 /* Fabric.framework in Frameworks */,
			);
			runOnlyForDeploymentPostprocessing = 0;
		};
		C6CFD0631B45EDA90067A6AD /* Frameworks */ = {
			isa = PBXFrameworksBuildPhase;
			buildActionMask = 2147483647;
			files = (
				F79184C61B5A7DF300EFF287 /* Twitter.framework in Frameworks */,
				F79185051B5A839600EFF287 /* TwitterCore.framework in Frameworks */,
				F79184FF1B5A839600EFF287 /* TwitterKit.framework in Frameworks */,
				F79184C81B5A7DF600EFF287 /* Social.framework in Frameworks */,
				F79184CA1B5A7DF900EFF287 /* Accounts.framework in Frameworks */,
				F79184FC1B5A839600EFF287 /* Fabric.framework in Frameworks */,
			);
			runOnlyForDeploymentPostprocessing = 0;
		};
		C6CFD06E1B45EDA90067A6AD /* Frameworks */ = {
			isa = PBXFrameworksBuildPhase;
			buildActionMask = 2147483647;
			files = (
				F79184C71B5A7DF300EFF287 /* Twitter.framework in Frameworks */,
				F79185061B5A839600EFF287 /* TwitterCore.framework in Frameworks */,
				F79185001B5A839600EFF287 /* TwitterKit.framework in Frameworks */,
				F79184C91B5A7DF600EFF287 /* Social.framework in Frameworks */,
				F79184CB1B5A7DF900EFF287 /* Accounts.framework in Frameworks */,
				F79184FD1B5A839600EFF287 /* Fabric.framework in Frameworks */,
			);
			runOnlyForDeploymentPostprocessing = 0;
		};
/* End PBXFrameworksBuildPhase section */

/* Begin PBXGroup section */
		C63FA1CD1B5889EB00B3D238 /* MSRegisterTests */ = {
			isa = PBXGroup;
			children = (
				C6E9E5381B5F06A90037C617 /* RegisterPageGeneralTests.swift */,
			);
			name = MSRegisterTests;
			sourceTree = "<group>";
		};
		C64FD5CA1B59C28A00AE8EA6 /* TwitterTab */ = {
			isa = PBXGroup;
			children = (
				F7CF77BC1B5AACAF00013CF0 /* MSTwitterTimelineController.swift */,
				C69E4A531B46088800BD981C /* MSTwitterTabController.swift */,
			);
			name = TwitterTab;
			sourceTree = "<group>";
		};
		C64FD5CB1B59C29200AE8EA6 /* AboutTab */ = {
			isa = PBXGroup;
			children = (
				C69E4A5B1B46090E00BD981C /* MSQRCodeTabController.swift */,
			);
			name = AboutTab;
			sourceTree = "<group>";
		};
		C664DE691B5723F700CFB209 /* Reachability */ = {
			isa = PBXGroup;
			children = (
				C664DE711B57254800CFB209 /* Reachability.h */,
				C664DE721B57254800CFB209 /* Reachability.m */,
			);
			name = Reachability;
			sourceTree = "<group>";
		};
		C67926A61B4DC2F500EA86B4 /* MSEventPage */ = {
			isa = PBXGroup;
			children = (
				C61C00631B4C7F1600AB4D6C /* MSEventPageController.swift */,
				C6EB79891B4C903400F5E516 /* MSEventPageView.swift */,
			);
			name = MSEventPage;
			sourceTree = "<group>";
		};
		C67926A81B4DC34200EA86B4 /* MSScheduleUITests */ = {
			isa = PBXGroup;
			children = (
				C67926A91B4DC36900EA86B4 /* MSScheduleTests.swift */,
			);
			name = MSScheduleUITests;
			sourceTree = "<group>";
		};
		C67926B41B4DD0E300EA86B4 /* MSEvents */ = {
			isa = PBXGroup;
			children = (
				C67926B51B4DD0F800EA86B4 /* MSEventTests.swift */,
			);
			name = MSEvents;
			sourceTree = "<group>";
		};
		C679E2101B55FCFE004AEBE9 /* RegisterTab */ = {
			isa = PBXGroup;
			children = (
				C69E4A571B4608C500BD981C /* MSRegisterTabController.swift */,
			);
			name = RegisterTab;
			sourceTree = "<group>";
		};
		C68956391B52B2EF006D188F /* FirstTab */ = {
			isa = PBXGroup;
			children = (
				C69E4A5F1B4609D700BD981C /* MSPrimaryTabController.swift */,
				C689563A1B52B399006D188F /* MSScrollView.swift */,
				C69808E51B5D05D900164BC6 /* YouTubePlayer.swift */,
				C69808E61B5D05D900164BC6 /* YTPlayer.html */,
			);
			name = FirstTab;
			sourceTree = "<group>";
		};
		C69E4A671B460A5000BD981C /* Tabs */ = {
			isa = PBXGroup;
			children = (
				C68956391B52B2EF006D188F /* FirstTab */,
				C679E2101B55FCFE004AEBE9 /* RegisterTab */,
				C69E4A6C1B46128900BD981C /* ScheduleTab */,
				C64FD5CA1B59C28A00AE8EA6 /* TwitterTab */,
				C64FD5CB1B59C29200AE8EA6 /* AboutTab */,
			);
			name = Tabs;
			sourceTree = "<group>";
		};
		C69E4A6C1B46128900BD981C /* ScheduleTab */ = {
			isa = PBXGroup;
			children = (
				C67926A61B4DC2F500EA86B4 /* MSEventPage */,
				C69E4A631B460A3F00BD981C /* MSScheduleTableController.swift */,
				C69E4A711B4620AC00BD981C /* MSScheduleTableView.swift */,
				C69E4A6D1B4612A600BD981C /* MSScheduleCellView.swift */,
				C6E1632D1B481AE600942749 /* MSScheduleModels.swift */,
			);
			name = ScheduleTab;
			sourceTree = "<group>";
		};
		C6CFD0471B45EDA90067A6AD = {
			isa = PBXGroup;
			children = (
				C65BE8E01B631DE3008C064D /* CloudKit.framework */,
				C67BD26C1B5F1597006356C2 /* SystemConfiguration.framework */,
				F79184F71B5A839600EFF287 /* Fabric.framework */,
				F79184F81B5A839600EFF287 /* TwitterKit.framework */,
				F79184F91B5A839600EFF287 /* TwitterKitResources.bundle */,
				F79184FA1B5A839600EFF287 /* TwitterCore.framework */,
				F74C1A251B5967CF00F09002 /* Twitter.framework */,
				F74C1A231B5967CA00F09002 /* Social.framework */,
				F74C1A211B5967C500F09002 /* Accounts.framework */,
				C6CFD0521B45EDA90067A6AD /* MansbridgeSummit */,
				C6CFD0691B45EDA90067A6AD /* MansbridgeSummitTests */,
				C6CFD0741B45EDA90067A6AD /* MansbridgeSummitUITests */,
				C6CFD0511B45EDA90067A6AD /* Products */,
			);
			sourceTree = "<group>";
		};
		C6CFD0511B45EDA90067A6AD /* Products */ = {
			isa = PBXGroup;
			children = (
				C6CFD0501B45EDA90067A6AD /* MansbridgeSummit.app */,
				C6CFD0661B45EDA90067A6AD /* MansbridgeSummitTests.xctest */,
				C6CFD0711B45EDA90067A6AD /* MansbridgeSummitUITests.xctest */,
			);
			name = Products;
			sourceTree = "<group>";
		};
		C6CFD0521B45EDA90067A6AD /* MansbridgeSummit */ = {
			isa = PBXGroup;
			children = (
				C6E163361B48292800942749 /* ThirdPartyFramework */,
				C6CFD0611B45EDA90067A6AD /* Info.plist */,
				C6721A001B49620200E7B050 /* MansbridgeSummit.entitlements */,
				C6CFD0591B45EDA90067A6AD /* Main.storyboard */,
				C6CFD05E1B45EDA90067A6AD /* LaunchScreen.storyboard */,
				C6D9E9631B475BCD00249DA4 /* Extensions.swift */,
				C68A13891B5BF1A2003CE324 /* MSProtocols.swift */,
				C6D9E9671B475E2D00249DA4 /* Constants.swift */,
				C6CFD0531B45EDA90067A6AD /* AppDelegate.swift */,
				C6C00A6A1B45F3B300709992 /* MSTabBarController.swift */,
				C60B69591B61C6F200190140 /* Connection.h */,
				C60B695A1B61C6F200190140 /* Connection.m */,
				C69E4A671B460A5000BD981C /* Tabs */,
				C6D9E96B1B47747700249DA4 /* Resources */,
				C6E1633E1B483E7E00942749 /* wills_playground.playground */,
			);
			path = MansbridgeSummit;
			sourceTree = "<group>";
		};
		C6CFD0691B45EDA90067A6AD /* MansbridgeSummitTests */ = {
			isa = PBXGroup;
			children = (
				C63FA1CD1B5889EB00B3D238 /* MSRegisterTests */,
				C6E163281B48135100942749 /* MSScheduleTests */,
				C6D9E9931B477C3300249DA4 /* ConstantsTests.swift */,
				C6D9E9951B477D6E00249DA4 /* ExtensionsTests.swift */,
				C6CFD06C1B45EDA90067A6AD /* Info.plist */,
			);
			path = MansbridgeSummitTests;
			sourceTree = "<group>";
		};
		C6CFD0741B45EDA90067A6AD /* MansbridgeSummitUITests */ = {
			isa = PBXGroup;
			children = (
				C67926A81B4DC34200EA86B4 /* MSScheduleUITests */,
				C6CFD0751B45EDA90067A6AD /* MansbridgeSummitUITests.swift */,
				C6CFD0771B45EDA90067A6AD /* Info.plist */,
			);
			path = MansbridgeSummitUITests;
			sourceTree = "<group>";
		};
		C6D9E96B1B47747700249DA4 /* Resources */ = {
			isa = PBXGroup;
			children = (
				C68A13871B5BCE7B003CE324 /* NetworkErrorXIB.xib */,
				F7D1B85F1B5C8E0900D34341 /* RegistrationSuccessXIB.xib */,
				F7D1B8651B5C8ED900D34341 /* checkmark.png */,
				F7CF77C41B5B2F2400013CF0 /* Tab Icons */,
				C6E163311B481BFF00942749 /* Schedule */,
				C6D9E9891B47785000249DA4 /* Fonts */,
				C6CFD05C1B45EDA90067A6AD /* TabBarIcons.xcassets */,
				C68956351B52AFBB006D188F /* Media.xcassets */,
			);
			name = Resources;
			sourceTree = "<group>";
		};
		C6D9E9701B4774B100249DA4 /* Garamond_fonts */ = {
			isa = PBXGroup;
			children = (
				C6D9E9711B4774CB00249DA4 /* AppleGaramond-Bold.ttf */,
				C6D9E9761B4774CB00249DA4 /* AppleGaramond.ttf */,
			);
			name = Garamond_fonts;
			sourceTree = "<group>";
		};
		C6D9E9891B47785000249DA4 /* Fonts */ = {
			isa = PBXGroup;
			children = (
				C6D9E98A1B47785900249DA4 /* Myraid_pro */,
				C6D9E9701B4774B100249DA4 /* Garamond_fonts */,
			);
			name = Fonts;
			sourceTree = "<group>";
		};
		C6D9E98A1B47785900249DA4 /* Myraid_pro */ = {
			isa = PBXGroup;
			children = (
				C6D9E98B1B4778A400249DA4 /* MyriadPro-Bold.OTF */,
				C6D9E98C1B4778A400249DA4 /* MyriadPro-Regular.OTF */,
			);
			name = Myraid_pro;
			sourceTree = "<group>";
		};
		C6E163281B48135100942749 /* MSScheduleTests */ = {
			isa = PBXGroup;
			children = (
				C6E163291B48137900942749 /* MSScheduleTableControllerTests.swift */,
				C6E1632B1B4814EC00942749 /* MSScheduleCellView.Tests.swift */,
				C6E1633C1B482A7200942749 /* MSScheduleJsonFileTests.swift */,
				C67926BB1B4DD2A100EA86B4 /* MScheduleTableViewTests.swift */,
				C67926B41B4DD0E300EA86B4 /* MSEvents */,
			);
			name = MSScheduleTests;
			sourceTree = "<group>";
		};
		C6E163311B481BFF00942749 /* Schedule */ = {
			isa = PBXGroup;
			children = (
				C6E163321B481C5000942749 /* test_schedule.json */,
				C64FD5C61B59A61A00AE8EA6 /* test_schedule2.json */,
			);
			name = Schedule;
			sourceTree = "<group>";
		};
		C6E163361B48292800942749 /* ThirdPartyFramework */ = {
			isa = PBXGroup;
			children = (
				C664DE6E1B57254700CFB209 /* MansbridgeSummit-Bridging-Header.h */,
				C664DE6F1B57254700CFB209 /* MansbridgeSummitTests-Bridging-Header.h */,
				C664DE701B57254700CFB209 /* MansbridgeSummitUITests-Bridging-Header.h */,
				F74C19FC1B5967B000F09002 /* STTwitter */,
				C664DE691B5723F700CFB209 /* Reachability */,
				C6E163371B48295100942749 /* SwiftyJSON */,
			);
			name = ThirdPartyFramework;
			sourceTree = "<group>";
		};
		C6E163371B48295100942749 /* SwiftyJSON */ = {
			isa = PBXGroup;
			children = (
				C6E163381B48296600942749 /* SwiftyJSON.swift */,
			);
			name = SwiftyJSON;
			sourceTree = "<group>";
		};
		F74C19FC1B5967B000F09002 /* STTwitter */ = {
			isa = PBXGroup;
			children = (
				F74C19FD1B5967B000F09002 /* NSDateFormatter+STTwitter.h */,
				F74C19FE1B5967B000F09002 /* NSDateFormatter+STTwitter.m */,
				F74C19FF1B5967B000F09002 /* NSString+STTwitter.h */,
				F74C1A001B5967B000F09002 /* NSString+STTwitter.m */,
				F74C1A011B5967B000F09002 /* STHTTPRequest+STTwitter.h */,
				F74C1A021B5967B000F09002 /* STHTTPRequest+STTwitter.m */,
				F74C1A031B5967B000F09002 /* STTwitter.h */,
				F74C1A041B5967B000F09002 /* STTwitterAPI.h */,
				F74C1A051B5967B000F09002 /* STTwitterAPI.m */,
				F74C1A061B5967B000F09002 /* STTwitterAppOnly.h */,
				F74C1A071B5967B000F09002 /* STTwitterAppOnly.m */,
				F74C1A081B5967B000F09002 /* STTwitterHTML.h */,
				F74C1A091B5967B000F09002 /* STTwitterHTML.m */,
				F74C1A0A1B5967B000F09002 /* STTwitterOAuth.h */,
				F74C1A0B1B5967B000F09002 /* STTwitterOAuth.m */,
				F74C1A0C1B5967B000F09002 /* STTwitterOS.h */,
				F74C1A0D1B5967B000F09002 /* STTwitterOS.m */,
				F74C1A0E1B5967B000F09002 /* STTwitterProtocol.h */,
				F74C1A0F1B5967B000F09002 /* Vendor */,
			);
			path = STTwitter;
			sourceTree = "<group>";
		};
		F74C1A0F1B5967B000F09002 /* Vendor */ = {
			isa = PBXGroup;
			children = (
				F74C1A101B5967B000F09002 /* BAVPlistNode.h */,
				F74C1A111B5967B000F09002 /* BAVPlistNode.m */,
				F74C1A121B5967B000F09002 /* JSONSyntaxHighlight.h */,
				F74C1A131B5967B000F09002 /* JSONSyntaxHighlight.m */,
				F74C1A141B5967B000F09002 /* STHTTPRequest.h */,
				F74C1A151B5967B000F09002 /* STHTTPRequest.m */,
			);
			path = Vendor;
			sourceTree = "<group>";
		};
		F7CF77C41B5B2F2400013CF0 /* Tab Icons */ = {
			isa = PBXGroup;
			children = (
				F76F3BD21B61E0D90068C41C /* QR Code-25.png */,
				F76F3BD31B61E0D90068C41C /* QR Code-50.png */,
				F76F3BD41B61E0D90068C41C /* QR Code-75.png */,
				F7CF77C81B5B2F5900013CF0 /* Calendar-25.png */,
				F7CF77C91B5B2F5900013CF0 /* Calendar-50.png */,
				F7CF77CA1B5B2F5900013CF0 /* Calendar-75.png */,
				F7CF77CB1B5B2F5900013CF0 /* Home-25.png */,
				F7CF77CC1B5B2F5900013CF0 /* Home-50.png */,
				F7CF77CD1B5B2F5900013CF0 /* Home-75.png */,
				F7CF77CE1B5B2F5900013CF0 /* Pencil-25.png */,
				F7CF77CF1B5B2F5900013CF0 /* Pencil-50.png */,
				F7CF77D01B5B2F5900013CF0 /* Pencil-75.png */,
				F7CF77D11B5B2F5900013CF0 /* Twitter-25.png */,
				F7CF77D21B5B2F5900013CF0 /* Twitter-50.png */,
				F7CF77D31B5B2F5900013CF0 /* Twitter-75.png */,
			);
			name = "Tab Icons";
			sourceTree = "<group>";
		};
/* End PBXGroup section */

/* Begin PBXNativeTarget section */
		C6CFD04F1B45EDA90067A6AD /* MansbridgeSummit */ = {
			isa = PBXNativeTarget;
			buildConfigurationList = C6CFD07A1B45EDA90067A6AD /* Build configuration list for PBXNativeTarget "MansbridgeSummit" */;
			buildPhases = (
				C6CFD04C1B45EDA90067A6AD /* Sources */,
				C6CFD04D1B45EDA90067A6AD /* Frameworks */,
				C6CFD04E1B45EDA90067A6AD /* Resources */,
				F79184B31B5A79CE00EFF287 /* ShellScript */,
			);
			buildRules = (
			);
			dependencies = (
			);
			name = MansbridgeSummit;
			productName = MansbridgeSummit;
			productReference = C6CFD0501B45EDA90067A6AD /* MansbridgeSummit.app */;
			productType = "com.apple.product-type.application";
		};
		C6CFD0651B45EDA90067A6AD /* MansbridgeSummitTests */ = {
			isa = PBXNativeTarget;
			buildConfigurationList = C6CFD07D1B45EDA90067A6AD /* Build configuration list for PBXNativeTarget "MansbridgeSummitTests" */;
			buildPhases = (
				C6CFD0621B45EDA90067A6AD /* Sources */,
				C6CFD0631B45EDA90067A6AD /* Frameworks */,
				C6CFD0641B45EDA90067A6AD /* Resources */,
			);
			buildRules = (
			);
			dependencies = (
				C6CFD0681B45EDA90067A6AD /* PBXTargetDependency */,
			);
			name = MansbridgeSummitTests;
			productName = MansbridgeSummitTests;
			productReference = C6CFD0661B45EDA90067A6AD /* MansbridgeSummitTests.xctest */;
			productType = "com.apple.product-type.bundle.unit-test";
		};
		C6CFD0701B45EDA90067A6AD /* MansbridgeSummitUITests */ = {
			isa = PBXNativeTarget;
			buildConfigurationList = C6CFD0801B45EDA90067A6AD /* Build configuration list for PBXNativeTarget "MansbridgeSummitUITests" */;
			buildPhases = (
				C6CFD06D1B45EDA90067A6AD /* Sources */,
				C6CFD06E1B45EDA90067A6AD /* Frameworks */,
				C6CFD06F1B45EDA90067A6AD /* Resources */,
			);
			buildRules = (
			);
			dependencies = (
				C6CFD0731B45EDA90067A6AD /* PBXTargetDependency */,
			);
			name = MansbridgeSummitUITests;
			productName = MansbridgeSummitUITests;
			productReference = C6CFD0711B45EDA90067A6AD /* MansbridgeSummitUITests.xctest */;
			productType = "com.apple.product-type.bundle.ui-testing";
		};
/* End PBXNativeTarget section */

/* Begin PBXProject section */
		C6CFD0481B45EDA90067A6AD /* Project object */ = {
			isa = PBXProject;
			attributes = {
				LastSwiftUpdateCheck = 0700;
				LastUpgradeCheck = 0700;
				ORGANIZATIONNAME = "Mansbridge Summit Dev Team";
				TargetAttributes = {
					C6CFD04F1B45EDA90067A6AD = {
						CreatedOnToolsVersion = 7.0;
						DevelopmentTeam = V4J8E6789D;
						SystemCapabilities = {
							com.apple.Keychain = {
								enabled = 0;
							};
							com.apple.iCloud = {
								enabled = 1;
							};
						};
					};
					C6CFD0651B45EDA90067A6AD = {
						CreatedOnToolsVersion = 7.0;
						TestTargetID = C6CFD04F1B45EDA90067A6AD;
					};
					C6CFD0701B45EDA90067A6AD = {
						CreatedOnToolsVersion = 7.0;
						TestTargetID = C6CFD04F1B45EDA90067A6AD;
					};
				};
			};
			buildConfigurationList = C6CFD04B1B45EDA90067A6AD /* Build configuration list for PBXProject "MansbridgeSummit" */;
			compatibilityVersion = "Xcode 3.2";
			developmentRegion = English;
			hasScannedForEncodings = 0;
			knownRegions = (
				en,
				Base,
			);
			mainGroup = C6CFD0471B45EDA90067A6AD;
			productRefGroup = C6CFD0511B45EDA90067A6AD /* Products */;
			projectDirPath = "";
			projectRoot = "";
			targets = (
				C6CFD04F1B45EDA90067A6AD /* MansbridgeSummit */,
				C6CFD0651B45EDA90067A6AD /* MansbridgeSummitTests */,
				C6CFD0701B45EDA90067A6AD /* MansbridgeSummitUITests */,
			);
		};
/* End PBXProject section */

/* Begin PBXResourcesBuildPhase section */
		C6CFD04E1B45EDA90067A6AD /* Resources */ = {
			isa = PBXResourcesBuildPhase;
			buildActionMask = 2147483647;
			files = (
				F7CF77DC1B5B2F5900013CF0 /* Home-75.png in Resources */,
				F7CF77DF1B5B2F5900013CF0 /* Pencil-75.png in Resources */,
				C69808EA1B5D05D900164BC6 /* YTPlayer.html in Resources */,
				F7D1B8601B5C8E0900D34341 /* RegistrationSuccessXIB.xib in Resources */,
				C6CFD0601B45EDA90067A6AD /* LaunchScreen.storyboard in Resources */,
				F7CF77DB1B5B2F5900013CF0 /* Home-50.png in Resources */,
				C6CFD05D1B45EDA90067A6AD /* TabBarIcons.xcassets in Resources */,
				C6E163331B481C5000942749 /* test_schedule.json in Resources */,
				F7CF77DA1B5B2F5900013CF0 /* Home-25.png in Resources */,
				F76F3BDB1B61E0D90068C41C /* QR Code-75.png in Resources */,
				F7D1B8661B5C8ED900D34341 /* checkmark.png in Resources */,
				C6D9E9861B4774CB00249DA4 /* AppleGaramond.ttf in Resources */,
				F7CF77DE1B5B2F5900013CF0 /* Pencil-50.png in Resources */,
				C6D9E9901B4778A400249DA4 /* MyriadPro-Regular.OTF in Resources */,
				C68A13881B5BCE7B003CE324 /* NetworkErrorXIB.xib in Resources */,
				C64FD5C71B59A61A00AE8EA6 /* test_schedule2.json in Resources */,
				F76F3BD81B61E0D90068C41C /* QR Code-50.png in Resources */,
				F7CF77DD1B5B2F5900013CF0 /* Pencil-25.png in Resources */,
				C6CFD05B1B45EDA90067A6AD /* Main.storyboard in Resources */,
				C6D9E98D1B4778A400249DA4 /* MyriadPro-Bold.OTF in Resources */,
				F7CF77E01B5B2F5900013CF0 /* Twitter-25.png in Resources */,
				F7CF77E21B5B2F5900013CF0 /* Twitter-75.png in Resources */,
				F76F3BD51B61E0D90068C41C /* QR Code-25.png in Resources */,
				F7CF77D91B5B2F5900013CF0 /* Calendar-75.png in Resources */,
				F79185011B5A839600EFF287 /* TwitterKitResources.bundle in Resources */,
				C68956361B52AFBB006D188F /* Media.xcassets in Resources */,
				F7CF77E11B5B2F5900013CF0 /* Twitter-50.png in Resources */,
				C6D9E9771B4774CB00249DA4 /* AppleGaramond-Bold.ttf in Resources */,
				F7CF77D71B5B2F5900013CF0 /* Calendar-25.png in Resources */,
				F7CF77D81B5B2F5900013CF0 /* Calendar-50.png in Resources */,
			);
			runOnlyForDeploymentPostprocessing = 0;
		};
		C6CFD0641B45EDA90067A6AD /* Resources */ = {
			isa = PBXResourcesBuildPhase;
			buildActionMask = 2147483647;
			files = (
				C67926AE1B4DC94100EA86B4 /* LaunchScreen.storyboard in Resources */,
				F76F3BD91B61E0D90068C41C /* QR Code-50.png in Resources */,
				C67926AF1B4DC94100EA86B4 /* TabBarIcons.xcassets in Resources */,
				C6D9E9611B474F1000249DA4 /* Main.storyboard in Resources */,
				F7D1B8611B5C8E1600D34341 /* NetworkErrorXIB.xib in Resources */,
				F76F3BD61B61E0D90068C41C /* QR Code-25.png in Resources */,
				C69808EB1B5D05D900164BC6 /* YTPlayer.html in Resources */,
				F7D1B8631B5C8E1A00D34341 /* RegistrationSuccessXIB.xib in Resources */,
				C6D9E9781B4774CB00249DA4 /* AppleGaramond-Bold.ttf in Resources */,
				C6E163341B481C5000942749 /* test_schedule.json in Resources */,
				C64FD5C81B59A61A00AE8EA6 /* test_schedule2.json in Resources */,
				C6D9E98E1B4778A400249DA4 /* MyriadPro-Bold.OTF in Resources */,
				C6D9E9871B4774CB00249DA4 /* AppleGaramond.ttf in Resources */,
				F79185021B5A839600EFF287 /* TwitterKitResources.bundle in Resources */,
				F76F3BDC1B61E0D90068C41C /* QR Code-75.png in Resources */,
				C68956371B52AFBB006D188F /* Media.xcassets in Resources */,
				C6D9E9911B4778A400249DA4 /* MyriadPro-Regular.OTF in Resources */,
			);
			runOnlyForDeploymentPostprocessing = 0;
		};
		C6CFD06F1B45EDA90067A6AD /* Resources */ = {
			isa = PBXResourcesBuildPhase;
			buildActionMask = 2147483647;
			files = (
				C67926B21B4DC94B00EA86B4 /* LaunchScreen.storyboard in Resources */,
				F76F3BDA1B61E0D90068C41C /* QR Code-50.png in Resources */,
				C67926B31B4DC94B00EA86B4 /* TabBarIcons.xcassets in Resources */,
				C67926AB1B4DC91B00EA86B4 /* test_schedule.json in Resources */,
				F7D1B8621B5C8E1600D34341 /* NetworkErrorXIB.xib in Resources */,
				F76F3BD71B61E0D90068C41C /* QR Code-25.png in Resources */,
				C69808EC1B5D05D900164BC6 /* YTPlayer.html in Resources */,
				F7D1B8641B5C8E1A00D34341 /* RegistrationSuccessXIB.xib in Resources */,
				C6D9E9621B474F1100249DA4 /* Main.storyboard in Resources */,
				C6D9E9791B4774CB00249DA4 /* AppleGaramond-Bold.ttf in Resources */,
				C64FD5C91B59A61A00AE8EA6 /* test_schedule2.json in Resources */,
				C6D9E98F1B4778A400249DA4 /* MyriadPro-Bold.OTF in Resources */,
				C6D9E9881B4774CB00249DA4 /* AppleGaramond.ttf in Resources */,
				F79185031B5A839600EFF287 /* TwitterKitResources.bundle in Resources */,
				F76F3BDD1B61E0D90068C41C /* QR Code-75.png in Resources */,
				C68956381B52AFBB006D188F /* Media.xcassets in Resources */,
				C6D9E9921B4778A400249DA4 /* MyriadPro-Regular.OTF in Resources */,
			);
			runOnlyForDeploymentPostprocessing = 0;
		};
/* End PBXResourcesBuildPhase section */

/* Begin PBXShellScriptBuildPhase section */
		F79184B31B5A79CE00EFF287 /* ShellScript */ = {
			isa = PBXShellScriptBuildPhase;
			buildActionMask = 2147483647;
			files = (
			);
			inputPaths = (
			);
			outputPaths = (
			);
			runOnlyForDeploymentPostprocessing = 0;
			shellPath = /bin/sh;
			shellScript = "./Fabric.framework/run d2d8bc8db6ee86555a8bd3e55263b2e030493e6d a31b9158587061d8d7884ca8028c6f4f779c7f7e671c3eaf7883c6235987e5ac";
		};
/* End PBXShellScriptBuildPhase section */

/* Begin PBXSourcesBuildPhase section */
		C6CFD04C1B45EDA90067A6AD /* Sources */ = {
			isa = PBXSourcesBuildPhase;
			buildActionMask = 2147483647;
			files = (
				F74C1A171B5967B000F09002 /* NSString+STTwitter.m in Sources */,
				C69E4A601B4609D700BD981C /* MSPrimaryTabController.swift in Sources */,
				C6D9E9681B475E2D00249DA4 /* Constants.swift in Sources */,
				F7CF77BD1B5AACAF00013CF0 /* MSTwitterTimelineController.swift in Sources */,
				C61C00641B4C7F1600AB4D6C /* MSEventPageController.swift in Sources */,
				F74C1A1E1B5967B000F09002 /* BAVPlistNode.m in Sources */,
				C6CFD0541B45EDA90067A6AD /* AppDelegate.swift in Sources */,
				C69808E71B5D05D900164BC6 /* YouTubePlayer.swift in Sources */,
				C69E4A541B46088800BD981C /* MSTwitterTabController.swift in Sources */,
				F74C1A1B1B5967B000F09002 /* STTwitterHTML.m in Sources */,
				C69E4A721B4620AC00BD981C /* MSScheduleTableView.swift in Sources */,
				C68A138A1B5BF1A2003CE324 /* MSProtocols.swift in Sources */,
				F74C1A1F1B5967B000F09002 /* JSONSyntaxHighlight.m in Sources */,
				F74C1A1D1B5967B000F09002 /* STTwitterOS.m in Sources */,
				C69E4A6E1B4612A600BD981C /* MSScheduleCellView.swift in Sources */,
				F74C1A1C1B5967B000F09002 /* STTwitterOAuth.m in Sources */,
				C6D9E9641B475BCD00249DA4 /* Extensions.swift in Sources */,
				F74C1A1A1B5967B000F09002 /* STTwitterAppOnly.m in Sources */,
				C69E4A5C1B46090E00BD981C /* MSQRCodeTabController.swift in Sources */,
				F74C1A181B5967B000F09002 /* STHTTPRequest+STTwitter.m in Sources */,
				F74C1A201B5967B000F09002 /* STHTTPRequest.m in Sources */,
				C664DE731B57254800CFB209 /* Reachability.m in Sources */,
				C6EB798A1B4C903400F5E516 /* MSEventPageView.swift in Sources */,
				C60B695B1B61C6F200190140 /* Connection.m in Sources */,
				C689563B1B52B399006D188F /* MSScrollView.swift in Sources */,
				C69E4A641B460A3F00BD981C /* MSScheduleTableController.swift in Sources */,
				F74C1A191B5967B000F09002 /* STTwitterAPI.m in Sources */,
				C6E1632E1B481AE600942749 /* MSScheduleModels.swift in Sources */,
				C6C00A6B1B45F3B300709992 /* MSTabBarController.swift in Sources */,
				C6E163391B48296600942749 /* SwiftyJSON.swift in Sources */,
				F74C1A161B5967B000F09002 /* NSDateFormatter+STTwitter.m in Sources */,
				C69E4A581B4608C500BD981C /* MSRegisterTabController.swift in Sources */,
			);
			runOnlyForDeploymentPostprocessing = 0;
		};
		C6CFD0621B45EDA90067A6AD /* Sources */ = {
			isa = PBXSourcesBuildPhase;
			buildActionMask = 2147483647;
			files = (
				C6A0D9871B59FE7C00C8172D /* MScheduleTableViewTests.swift in Sources */,
				C6A0D9881B59FE7C00C8172D /* MSEventTests.swift in Sources */,
				C6A0D9891B59FE7C00C8172D /* ExtensionsTests.swift in Sources */,
				C6A0D9851B59FD9A00C8172D /* AppDelegate.swift in Sources */,
				C6A0D9661B59FCCC00C8172D /* NSDateFormatter+STTwitter.m in Sources */,
				C6A0D9671B59FCCC00C8172D /* NSString+STTwitter.m in Sources */,
				C6A0D9681B59FCCC00C8172D /* STHTTPRequest+STTwitter.m in Sources */,
				C6A0D9691B59FCCC00C8172D /* STTwitterAPI.m in Sources */,
				C6A0D96A1B59FCCC00C8172D /* STTwitterAppOnly.m in Sources */,
				C6A0D96B1B59FCCC00C8172D /* STTwitterHTML.m in Sources */,
				C6A0D96C1B59FCCC00C8172D /* STTwitterOAuth.m in Sources */,
				C6A0D96D1B59FCCC00C8172D /* STTwitterOS.m in Sources */,
				C6A0D96E1B59FCCC00C8172D /* BAVPlistNode.m in Sources */,
				C6A0D96F1B59FCCC00C8172D /* JSONSyntaxHighlight.m in Sources */,
				C6A0D9701B59FCCC00C8172D /* STHTTPRequest.m in Sources */,
				C6E1632F1B481AE600942749 /* MSScheduleModels.swift in Sources */,
				C69808E81B5D05D900164BC6 /* YouTubePlayer.swift in Sources */,
				C6E1632A1B48137900942749 /* MSScheduleTableControllerTests.swift in Sources */,
				C69E4A611B4609D700BD981C /* MSPrimaryTabController.swift in Sources */,
				C61C00651B4C7F1600AB4D6C /* MSEventPageController.swift in Sources */,
				C664DE741B57254800CFB209 /* Reachability.m in Sources */,
				C6E1633D1B482A7200942749 /* MSScheduleJsonFileTests.swift in Sources */,
				C6D9E9691B475E2D00249DA4 /* Constants.swift in Sources */,
				C69E4A551B46088800BD981C /* MSTwitterTabController.swift in Sources */,
				C69E4A731B4620AC00BD981C /* MSScheduleTableView.swift in Sources */,
				C69E4A6F1B4612A600BD981C /* MSScheduleCellView.swift in Sources */,
				C6D9E9651B475BCD00249DA4 /* Extensions.swift in Sources */,
				C69E4A5D1B46090E00BD981C /* MSQRCodeTabController.swift in Sources */,
				C689563C1B52B399006D188F /* MSScrollView.swift in Sources */,
				C69E4A651B460A3F00BD981C /* MSScheduleTableController.swift in Sources */,
				C6E1633A1B48296600942749 /* SwiftyJSON.swift in Sources */,
				F7CF77BE1B5AAD5E00013CF0 /* MSTwitterTimelineController.swift in Sources */,
				C6C00A6C1B45F3B300709992 /* MSTabBarController.swift in Sources */,
				C68A138B1B5BF1A2003CE324 /* MSProtocols.swift in Sources */,
				C6E1632C1B4814EC00942749 /* MSScheduleCellView.Tests.swift in Sources */,
				C6E9E5391B5F06A90037C617 /* RegisterPageGeneralTests.swift in Sources */,
				C69E4A591B4608C500BD981C /* MSRegisterTabController.swift in Sources */,
				C6EB798B1B4C903400F5E516 /* MSEventPageView.swift in Sources */,
				C6D9E9941B477C3300249DA4 /* ConstantsTests.swift in Sources */,
				C60B695C1B61C6F200190140 /* Connection.m in Sources */,
			);
			runOnlyForDeploymentPostprocessing = 0;
		};
		C6CFD06D1B45EDA90067A6AD /* Sources */ = {
			isa = PBXSourcesBuildPhase;
			buildActionMask = 2147483647;
			files = (
				C6A0D98E1B59FF0400C8172D /* MSScheduleTests.swift in Sources */,
				C6A0D98F1B59FF0400C8172D /* MansbridgeSummitUITests.swift in Sources */,
				C6A0D97C1B59FD9200C8172D /* AppDelegate.swift in Sources */,
				F7CF77BF1B5AAD5F00013CF0 /* MSTwitterTimelineController.swift in Sources */,
				C6A0D9711B59FCF000C8172D /* NSDateFormatter+STTwitter.m in Sources */,
				C6A0D9721B59FCF000C8172D /* NSString+STTwitter.m in Sources */,
				C6A0D9731B59FCF000C8172D /* STHTTPRequest+STTwitter.m in Sources */,
				C6A0D9741B59FCF000C8172D /* STTwitterAPI.m in Sources */,
				C6A0D9751B59FCF000C8172D /* STTwitterAppOnly.m in Sources */,
				C6A0D9761B59FCF000C8172D /* STTwitterHTML.m in Sources */,
				C6A0D9771B59FCF000C8172D /* STTwitterOAuth.m in Sources */,
				C6A0D9781B59FCF000C8172D /* STTwitterOS.m in Sources */,
				C6A0D9791B59FCF000C8172D /* BAVPlistNode.m in Sources */,
				C6A0D97A1B59FCF000C8172D /* JSONSyntaxHighlight.m in Sources */,
				C6A0D97B1B59FCF000C8172D /* STHTTPRequest.m in Sources */,
				C69E4A621B4609D700BD981C /* MSPrimaryTabController.swift in Sources */,
				C6D9E96A1B475E2D00249DA4 /* Constants.swift in Sources */,
				C61C00661B4C7F1600AB4D6C /* MSEventPageController.swift in Sources */,
				C69E4A561B46088800BD981C /* MSTwitterTabController.swift in Sources */,
				C69E4A741B4620AC00BD981C /* MSScheduleTableView.swift in Sources */,
				C69E4A701B4612A600BD981C /* MSScheduleCellView.swift in Sources */,
				C6D9E9661B475BCD00249DA4 /* Extensions.swift in Sources */,
				C69E4A5E1B46090E00BD981C /* MSQRCodeTabController.swift in Sources */,
				C6EB798C1B4C903400F5E516 /* MSEventPageView.swift in Sources */,
				C69E4A661B460A3F00BD981C /* MSScheduleTableController.swift in Sources */,
				C664DE751B57254800CFB209 /* Reachability.m in Sources */,
				C6E163301B481AE600942749 /* MSScheduleModels.swift in Sources */,
				C6C00A6D1B45F3B300709992 /* MSTabBarController.swift in Sources */,
				C6E1633B1B48296600942749 /* SwiftyJSON.swift in Sources */,
				C69808E91B5D05D900164BC6 /* YouTubePlayer.swift in Sources */,
				C69E4A5A1B4608C500BD981C /* MSRegisterTabController.swift in Sources */,
				C60B695D1B61C6F200190140 /* Connection.m in Sources */,
				C68A138C1B5BF1A2003CE324 /* MSProtocols.swift in Sources */,
				C689563D1B52B399006D188F /* MSScrollView.swift in Sources */,
			);
			runOnlyForDeploymentPostprocessing = 0;
		};
/* End PBXSourcesBuildPhase section */

/* Begin PBXTargetDependency section */
		C6CFD0681B45EDA90067A6AD /* PBXTargetDependency */ = {
			isa = PBXTargetDependency;
			target = C6CFD04F1B45EDA90067A6AD /* MansbridgeSummit */;
			targetProxy = C6CFD0671B45EDA90067A6AD /* PBXContainerItemProxy */;
		};
		C6CFD0731B45EDA90067A6AD /* PBXTargetDependency */ = {
			isa = PBXTargetDependency;
			target = C6CFD04F1B45EDA90067A6AD /* MansbridgeSummit */;
			targetProxy = C6CFD0721B45EDA90067A6AD /* PBXContainerItemProxy */;
		};
/* End PBXTargetDependency section */

/* Begin PBXVariantGroup section */
		C6CFD0591B45EDA90067A6AD /* Main.storyboard */ = {
			isa = PBXVariantGroup;
			children = (
				C6CFD05A1B45EDA90067A6AD /* Base */,
			);
			name = Main.storyboard;
			sourceTree = "<group>";
		};
		C6CFD05E1B45EDA90067A6AD /* LaunchScreen.storyboard */ = {
			isa = PBXVariantGroup;
			children = (
				C6CFD05F1B45EDA90067A6AD /* Base */,
			);
			name = LaunchScreen.storyboard;
			sourceTree = "<group>";
		};
/* End PBXVariantGroup section */

/* Begin XCBuildConfiguration section */
		C6CFD0781B45EDA90067A6AD /* Debug */ = {
			isa = XCBuildConfiguration;
			buildSettings = {
				ALWAYS_SEARCH_USER_PATHS = YES;
				CLANG_CXX_LANGUAGE_STANDARD = "gnu++0x";
				CLANG_CXX_LIBRARY = "libc++";
				CLANG_ENABLE_MODULES = YES;
				CLANG_ENABLE_OBJC_ARC = YES;
				CLANG_WARN_BOOL_CONVERSION = YES;
				CLANG_WARN_CONSTANT_CONVERSION = YES;
				CLANG_WARN_DIRECT_OBJC_ISA_USAGE = YES_ERROR;
				CLANG_WARN_EMPTY_BODY = YES;
				CLANG_WARN_ENUM_CONVERSION = YES;
				CLANG_WARN_INT_CONVERSION = YES;
				CLANG_WARN_OBJC_ROOT_CLASS = YES_ERROR;
				CLANG_WARN_UNREACHABLE_CODE = YES;
				CLANG_WARN__DUPLICATE_METHOD_MATCH = YES;
				"CODE_SIGN_IDENTITY[sdk=iphoneos*]" = "iPhone Developer";
				COPY_PHASE_STRIP = NO;
				DEBUG_INFORMATION_FORMAT = "dwarf-with-dsym";
				ENABLE_STRICT_OBJC_MSGSEND = YES;
				ENABLE_TESTABILITY = YES;
				FRAMEWORK_SEARCH_PATHS = "${SRCROOT}";
				GCC_C_LANGUAGE_STANDARD = gnu99;
				GCC_DYNAMIC_NO_PIC = NO;
				GCC_NO_COMMON_BLOCKS = YES;
				GCC_OPTIMIZATION_LEVEL = 0;
				GCC_PREPROCESSOR_DEFINITIONS = (
					"DEBUG=1",
					"$(inherited)",
				);
				GCC_WARN_64_TO_32_BIT_CONVERSION = YES;
				GCC_WARN_ABOUT_RETURN_TYPE = YES_ERROR;
				GCC_WARN_UNDECLARED_SELECTOR = YES;
				GCC_WARN_UNINITIALIZED_AUTOS = YES_AGGRESSIVE;
				GCC_WARN_UNUSED_FUNCTION = YES;
				GCC_WARN_UNUSED_VARIABLE = YES;
				"HEADER_SEARCH_PATHS[arch=*]" = "${SRCROOT}";
				IPHONEOS_DEPLOYMENT_TARGET = 8.0;
				MTL_ENABLE_DEBUG_INFO = YES;
				ONLY_ACTIVE_ARCH = YES;
				SDKROOT = iphoneos;
				SWIFT_OPTIMIZATION_LEVEL = "-Onone";
				TARGETED_DEVICE_FAMILY = "1,2";
				"USER_HEADER_SEARCH_PATHS[arch=*]" = "${SRCROOT}";
			};
			name = Debug;
		};
		C6CFD0791B45EDA90067A6AD /* Release */ = {
			isa = XCBuildConfiguration;
			buildSettings = {
				ALWAYS_SEARCH_USER_PATHS = YES;
				CLANG_CXX_LANGUAGE_STANDARD = "gnu++0x";
				CLANG_CXX_LIBRARY = "libc++";
				CLANG_ENABLE_MODULES = YES;
				CLANG_ENABLE_OBJC_ARC = YES;
				CLANG_WARN_BOOL_CONVERSION = YES;
				CLANG_WARN_CONSTANT_CONVERSION = YES;
				CLANG_WARN_DIRECT_OBJC_ISA_USAGE = YES_ERROR;
				CLANG_WARN_EMPTY_BODY = YES;
				CLANG_WARN_ENUM_CONVERSION = YES;
				CLANG_WARN_INT_CONVERSION = YES;
				CLANG_WARN_OBJC_ROOT_CLASS = YES_ERROR;
				CLANG_WARN_UNREACHABLE_CODE = YES;
				CLANG_WARN__DUPLICATE_METHOD_MATCH = YES;
				"CODE_SIGN_IDENTITY[sdk=iphoneos*]" = "iPhone Developer";
				COPY_PHASE_STRIP = NO;
				DEBUG_INFORMATION_FORMAT = "dwarf-with-dsym";
				ENABLE_NS_ASSERTIONS = NO;
				ENABLE_STRICT_OBJC_MSGSEND = YES;
				FRAMEWORK_SEARCH_PATHS = "${SRCROOT}";
				GCC_C_LANGUAGE_STANDARD = gnu99;
				GCC_NO_COMMON_BLOCKS = YES;
				GCC_WARN_64_TO_32_BIT_CONVERSION = YES;
				GCC_WARN_ABOUT_RETURN_TYPE = YES_ERROR;
				GCC_WARN_UNDECLARED_SELECTOR = YES;
				GCC_WARN_UNINITIALIZED_AUTOS = YES_AGGRESSIVE;
				GCC_WARN_UNUSED_FUNCTION = YES;
				GCC_WARN_UNUSED_VARIABLE = YES;
				"HEADER_SEARCH_PATHS[arch=*]" = "${SRCROOT}";
				IPHONEOS_DEPLOYMENT_TARGET = 8.0;
				MTL_ENABLE_DEBUG_INFO = NO;
				SDKROOT = iphoneos;
				TARGETED_DEVICE_FAMILY = "1,2";
				"USER_HEADER_SEARCH_PATHS[arch=*]" = "${SRCROOT}";
				VALIDATE_PRODUCT = YES;
			};
			name = Release;
		};
		C6CFD07B1B45EDA90067A6AD /* Debug */ = {
			isa = XCBuildConfiguration;
			buildSettings = {
				ALWAYS_SEARCH_USER_PATHS = YES;
				ASSETCATALOG_COMPILER_APPICON_NAME = AppIcon;
				CLANG_ENABLE_MODULES = YES;
				CODE_SIGN_ENTITLEMENTS = MansbridgeSummit/MansbridgeSummit.entitlements;
				CODE_SIGN_IDENTITY = "iPhone Developer";
				"CODE_SIGN_IDENTITY[sdk=iphoneos*]" = "iPhone Developer";
				ENABLE_BITCODE = NO;
				"HEADER_SEARCH_PATHS[arch=*]" = "$(SRCROOT)/**";
				INFOPLIST_FILE = MansbridgeSummit/Info.plist;
				IPHONEOS_DEPLOYMENT_TARGET = 8.0;
				LD_RUNPATH_SEARCH_PATHS = "$(inherited) @executable_path/Frameworks";
				PRODUCT_BUNDLE_IDENTIFIER = com.mta.MansbridgeSummit;
				PRODUCT_NAME = "$(TARGET_NAME)";
				PROVISIONING_PROFILE = "";
				SWIFT_OBJC_BRIDGING_HEADER = "MansbridgeSummit/MansbridgeSummit-Bridging-Header.h";
				SWIFT_OPTIMIZATION_LEVEL = "-Onone";
				"USER_HEADER_SEARCH_PATHS[arch=*]" = "$(SRCROOT)/**";
			};
			name = Debug;
		};
		C6CFD07C1B45EDA90067A6AD /* Release */ = {
			isa = XCBuildConfiguration;
			buildSettings = {
				ALWAYS_SEARCH_USER_PATHS = YES;
				ASSETCATALOG_COMPILER_APPICON_NAME = AppIcon;
				CLANG_ENABLE_MODULES = YES;
				CODE_SIGN_ENTITLEMENTS = MansbridgeSummit/MansbridgeSummit.entitlements;
				CODE_SIGN_IDENTITY = "iPhone Developer";
				"CODE_SIGN_IDENTITY[sdk=iphoneos*]" = "iPhone Developer";
				ENABLE_BITCODE = NO;
				"HEADER_SEARCH_PATHS[arch=*]" = "$(SRCROOT)/**";
				INFOPLIST_FILE = MansbridgeSummit/Info.plist;
				IPHONEOS_DEPLOYMENT_TARGET = 8.0;
				LD_RUNPATH_SEARCH_PATHS = "$(inherited) @executable_path/Frameworks";
				PRODUCT_BUNDLE_IDENTIFIER = com.mta.MansbridgeSummit;
				PRODUCT_NAME = "$(TARGET_NAME)";
				PROVISIONING_PROFILE = "";
				SWIFT_OBJC_BRIDGING_HEADER = "MansbridgeSummit/MansbridgeSummit-Bridging-Header.h";
				"USER_HEADER_SEARCH_PATHS[arch=*]" = "$(SRCROOT)/**";
			};
			name = Release;
		};
		C6CFD07E1B45EDA90067A6AD /* Debug */ = {
			isa = XCBuildConfiguration;
			buildSettings = {
				BUNDLE_LOADER = "$(TEST_HOST)";
				CLANG_ENABLE_MODULES = YES;
				INFOPLIST_FILE = MansbridgeSummitTests/Info.plist;
				LD_RUNPATH_SEARCH_PATHS = "$(inherited) @executable_path/Frameworks @loader_path/Frameworks";
				PRODUCT_BUNDLE_IDENTIFIER = com.mta.MansbridgeSummitTests;
				PRODUCT_NAME = "$(TARGET_NAME)";
				SWIFT_OBJC_BRIDGING_HEADER = "MansbridgeSummit/MansbridgeSummitTests-Bridging-Header.h";
				SWIFT_OPTIMIZATION_LEVEL = "-Onone";
				TEST_HOST = "$(BUILT_PRODUCTS_DIR)/MansbridgeSummit.app/MansbridgeSummit";
			};
			name = Debug;
		};
		C6CFD07F1B45EDA90067A6AD /* Release */ = {
			isa = XCBuildConfiguration;
			buildSettings = {
				BUNDLE_LOADER = "$(TEST_HOST)";
				CLANG_ENABLE_MODULES = YES;
				INFOPLIST_FILE = MansbridgeSummitTests/Info.plist;
				LD_RUNPATH_SEARCH_PATHS = "$(inherited) @executable_path/Frameworks @loader_path/Frameworks";
				PRODUCT_BUNDLE_IDENTIFIER = com.mta.MansbridgeSummitTests;
				PRODUCT_NAME = "$(TARGET_NAME)";
				SWIFT_OBJC_BRIDGING_HEADER = "MansbridgeSummit/MansbridgeSummitTests-Bridging-Header.h";
				TEST_HOST = "$(BUILT_PRODUCTS_DIR)/MansbridgeSummit.app/MansbridgeSummit";
			};
			name = Release;
		};
		C6CFD0811B45EDA90067A6AD /* Debug */ = {
			isa = XCBuildConfiguration;
			buildSettings = {
				CLANG_ENABLE_MODULES = YES;
				FRAMEWORK_SEARCH_PATHS = "$(SRCROOT)/";
				INFOPLIST_FILE = MansbridgeSummitUITests/Info.plist;
				LD_RUNPATH_SEARCH_PATHS = "$(inherited) @executable_path/Frameworks @loader_path/Frameworks";
				PRODUCT_BUNDLE_IDENTIFIER = com.mta.MansbridgeSummitUITests;
				PRODUCT_NAME = "$(TARGET_NAME)";
				SWIFT_OBJC_BRIDGING_HEADER = "MansbridgeSummit/MansbridgeSummitUITests-Bridging-Header.h";
				SWIFT_OPTIMIZATION_LEVEL = "-Onone";
				TEST_TARGET_NAME = MansbridgeSummit;
				USES_XCTRUNNER = YES;
			};
			name = Debug;
		};
		C6CFD0821B45EDA90067A6AD /* Release */ = {
			isa = XCBuildConfiguration;
			buildSettings = {
				CLANG_ENABLE_MODULES = YES;
				FRAMEWORK_SEARCH_PATHS = "$(SRCROOT)/";
				INFOPLIST_FILE = MansbridgeSummitUITests/Info.plist;
				LD_RUNPATH_SEARCH_PATHS = "$(inherited) @executable_path/Frameworks @loader_path/Frameworks";
				PRODUCT_BUNDLE_IDENTIFIER = com.mta.MansbridgeSummitUITests;
				PRODUCT_NAME = "$(TARGET_NAME)";
				SWIFT_OBJC_BRIDGING_HEADER = "MansbridgeSummit/MansbridgeSummitUITests-Bridging-Header.h";
				TEST_TARGET_NAME = MansbridgeSummit;
				USES_XCTRUNNER = YES;
			};
			name = Release;
		};
/* End XCBuildConfiguration section */

/* Begin XCConfigurationList section */
		C6CFD04B1B45EDA90067A6AD /* Build configuration list for PBXProject "MansbridgeSummit" */ = {
			isa = XCConfigurationList;
			buildConfigurations = (
				C6CFD0781B45EDA90067A6AD /* Debug */,
				C6CFD0791B45EDA90067A6AD /* Release */,
			);
			defaultConfigurationIsVisible = 0;
			defaultConfigurationName = Release;
		};
		C6CFD07A1B45EDA90067A6AD /* Build configuration list for PBXNativeTarget "MansbridgeSummit" */ = {
			isa = XCConfigurationList;
			buildConfigurations = (
				C6CFD07B1B45EDA90067A6AD /* Debug */,
				C6CFD07C1B45EDA90067A6AD /* Release */,
			);
			defaultConfigurationIsVisible = 0;
			defaultConfigurationName = Release;
		};
		C6CFD07D1B45EDA90067A6AD /* Build configuration list for PBXNativeTarget "MansbridgeSummitTests" */ = {
			isa = XCConfigurationList;
			buildConfigurations = (
				C6CFD07E1B45EDA90067A6AD /* Debug */,
				C6CFD07F1B45EDA90067A6AD /* Release */,
			);
			defaultConfigurationIsVisible = 0;
			defaultConfigurationName = Release;
		};
		C6CFD0801B45EDA90067A6AD /* Build configuration list for PBXNativeTarget "MansbridgeSummitUITests" */ = {
			isa = XCConfigurationList;
			buildConfigurations = (
				C6CFD0811B45EDA90067A6AD /* Debug */,
				C6CFD0821B45EDA90067A6AD /* Release */,
			);
			defaultConfigurationIsVisible = 0;
			defaultConfigurationName = Release;
		};
/* End XCConfigurationList section */
	};
	rootObject = C6CFD0481B45EDA90067A6AD /* Project object */;
}
